{
  "version": 4,
  "terraform_version": "1.9.5",
  "serial": 182,
  "lineage": "d261af2c-4349-6c3b-6dfd-d2548ce19382",
  "outputs": {},
  "resources": [
    {
      "mode": "data",
      "type": "aws_availability_zones",
      "name": "available",
      "provider": "provider[\"registry.terraform.io/hashicorp/aws\"]",
      "instances": [
        {
          "schema_version": 0,
          "attributes": {
            "all_availability_zones": null,
            "exclude_names": null,
            "exclude_zone_ids": null,
            "filter": null,
            "group_names": [
              "us-east-1"
            ],
            "id": "us-east-1",
            "names": [
              "us-east-1a",
              "us-east-1b",
              "us-east-1c",
              "us-east-1d",
              "us-east-1e",
              "us-east-1f"
            ],
            "state": "available",
            "timeouts": null,
            "zone_ids": [
              "use1-az2",
              "use1-az4",
              "use1-az6",
              "use1-az1",
              "use1-az3",
              "use1-az5"
            ]
          },
          "sensitive_attributes": []
        }
      ]
    },
    {
      "mode": "managed",
      "type": "aws_key_pair",
      "name": "generated_key",
      "provider": "provider[\"registry.terraform.io/hashicorp/aws\"]",
      "instances": [
        {
          "schema_version": 1,
          "attributes": {
            "arn": "arn:aws:ec2:us-east-1:010575877879:key-pair/ecs-instance-key-047aa25a",
            "fingerprint": "9f:b5:1a:4f:3e:b3:ba:ee:c3:66:f7:0c:63:7e:24:8d",
            "id": "ecs-instance-key-047aa25a",
            "key_name": "ecs-instance-key-047aa25a",
            "key_name_prefix": "",
            "key_pair_id": "key-0803586d39bd5961e",
            "key_type": "rsa",
            "public_key": "ssh-rsa AAAAB3NzaC1yc2EAAAADAQABAAACAQC7X9ud6ruBvid2ALB2dk3aLxbBU5bEvb7fkJ7IruS9++wP9E3HJcfrGRKbPOjgRUTK2B2lqy7e8heKdGO8yKzIXs89Kna5+fFZ7iBmxzgGX99/LAtVlVwzfh/pZHWhBIlY/LfAAtcmUTiTzTZGJjTzzjCMSr61DdArBk6Y/zLeXZNCfVu2TXQCFosspRxcA5HXhry2un8n903un6v8JEOKXDeoHVz/Z/pDhy+vRihbT+gB5n4rWEh7uDG6WkpQamrAdh9F0N5AvDsRbS3PvV+fhwpdHbzTunA+6uEv8w+BJyp0AcyUnuxHC4hkx9Yhgr9z+f/FvODCH0PyJmVKDhceMij2Z85YspDhoh/GB/GLa5fhH8sM+kUH0XrkIgrOBjl5Qz83eJLY+YeOiYZlT4SbIuB+2vUH05z6ab0M+EslI4IEDpZWBTAuK7IsjcPumiwG/T5l3He+ZYsDSrEobEjWWjOxMHUVqJms5at5XVW8pj0tt4hu7l97JX6JS9LZT199hj0u4sgjKAJ/cKbUFfJ5pv2+cWgzqM5ZtzQ+9jQbumhHJm/pwnl902mM8e12O6ctVN3zH+7Q3wivwyvTy+oYAEFP+a5eZ2ufjNYgZPgbEVjYIXA3D0E2hCouExuiO4lqxnf1LQqoaiyrCCJ0reeYxMs+j0Xe8FBDQ43NPfpOUQ==",
            "tags": null,
            "tags_all": {}
          },
          "sensitive_attributes": [],
          "private": "eyJzY2hlbWFfdmVyc2lvbiI6IjEifQ==",
          "dependencies": [
            "random_id.unique",
            "tls_private_key.ssh_key"
          ]
        }
      ]
    },
    {
      "mode": "managed",
      "type": "local_file",
      "name": "private_key",
      "provider": "provider[\"registry.terraform.io/hashicorp/local\"]",
      "instances": [
        {
          "schema_version": 0,
          "attributes": {
            "content": "-----BEGIN RSA PRIVATE KEY-----\nMIIJKAIBAAKCAgEAu1/bneq7gb4ndgCwdnZN2i8WwVOWxL2+35CeyK7kvfvsD/RN\nxyXH6xkSmzzo4EVEytgdpasu3vIXinRjvMisyF7PPSp2ufnxWe4gZsc4Bl/ffywL\nVZVcM34f6WR1oQSJWPy3wALXJlE4k802RiY0884wjEq+tQ3QKwZOmP8y3l2TQn1b\ntk10AhaLLKUcXAOR14a8trp/J/dN7p+r/CRDilw3qB1c/2f6Q4cvr0YoW0/oAeZ+\nK1hIe7gxulpKUGpqwHYfRdDeQLw7EW0tz71fn4cKXR2807pwPurhL/MPgScqdAHM\nlJ7sRwuIZMfWIYK/c/n/xbzgwh9D8iZlSg4XHjIo9mfOWLKQ4aIfxgfxi2uX4R/L\nDPpFB9F65CIKzgY5eUM/N3iS2PmHjomGZU+EmyLgftr1B9Oc+mm9DPhLJSOCBA6W\nVgUwLiuyLI3D7posBv0+Zdx3vmWLA0qxKGxI1lozsTB1FaiZrOWreV1VvKY9LbeI\nbu5feyV+iUvS2U9ffYY9LuLIIygCf3Cm1BXyeab9vnFoM6jOWbc0PvY0G7poRyZv\n6cJ5fdNpjPHtdjunLVTd8x/u0N8Ir8Mr08vqGABBT/muXmdrn4zWIGT4GxFY2CFw\nNw9BNoQqLhMbojuJasZ39S0KqGosqwgidK3nmMTLPo9F3vBQQ0ONzT36TlECAwEA\nAQKCAgBguZgeSfknfajTMoHldSa1Nc+yVtsijqzErdw5zobISA7RIZUw86DjDNtd\nBbFVbIyZhbywM9ELR7+9Ol3uK01+Ver3MT9+u7bKbLGPPNIAAGfYNz1Wnbat4jLJ\nAZHzX+si47pbRVwZLJ5fNfUJe1mkbdED6uXNgubt/uB9/GcfAQEutpWsYwk6trZ7\ngnRET5duweATF+ziDbjOMODQVUwEVZxpjVbfhaZcS6HjAf19PZ+Ps5N3/qfULf6F\nq2xnXLfkyFVWbf79Pe3kDg8zCRgeutAvx1Udm0WsRQWgAgID8trobbFVG0DvX9W1\n6K7yN5NrZCeTxO/lZcxmaUmqU+G8U2pdWowgfYskuM30HKxU8QpfpcFKJiM+xuHj\ntML8N858g0oP5ntDyPdFmC/S+V5X5pMz94x6Tb30GVMhH4+NJmjYZAFzjdkQes/h\nLlnUCM1t7iq4ufC+NKhRVaclieIOIfPUOd5YQJHH1qZheE2zeJ0eDEaKWOTYMmEN\nrsbJaK9BXLsOHLuhOuzQjAPqc9WPoSKSpn6VNc8k9P+VyWYlj5CyiW909dP4ZUlS\n2Eh/uvSUw3pDDOFzNkngdF2XOR5qVdyup5h49rFdo/nJPilofsBLYaFdwhT4FDz6\nvoA2hHkhHi5cMC8s6P5dfyMqzilIjaiTP8r/5hGhBbfWmirdwQKCAQEA0itYaVAK\n+ZWpkSK45e/4PykCyQfibbyDGdKPi2jGT5gYxeilYthaJ/yqNvYeeCxwmIIlvJWI\nVsLmAdGLPX50lXSReP6EEN2gbgXUlNn8ZbjdfqKin7v1AhNzXW3rjMR+MdE8TWvy\na64luSyaFdc2JY7jbGLhlCxk/EH2htt7PoovlZcuIaID77jDSJi1vk6r70WX4iCY\nkvvKJJ9iZi20rtkHtFR1MV5D8NEaGT1/qkuE032bGMk4pV/01GhNi+4r4BJoWXdz\nRbUl2+NVjLoKzWUK/+GCJEcYxxjrFOODeoDdoPgyURBPk+Oe/nIi+fW7Eo7AaMEm\nfYm9GPU/9X0RKQKCAQEA5Dv+b77R3EbVkwmuaWHtwW7XMdX0suM1uWplvtiv2MCY\nle04mceGFrRobJVaXNbli4SYZ07nlelzFRrOCbQRmi64p/eL29iV/WpEuFY4QXBd\nQ31rcIqZk7m+U/lKl4cCAdLFx9fSizsdafAsHgKxWELJvfEKNHgLTusi8+iWb7+7\nAt/PAq5pcrxCIcVheKeZRd1GrHLmI7xO19p+tXt29fYZGkTvTULMyhaJda2E1u1J\nqOviI+HzyceseGKIjXFf0NukEqowt3/iYs7euzH9OcDrbCXDp7FvBZ6fFIEiW7qP\nphjW2tUhtcKbiPvYlxdPTterohA4jrtNLx8+FD4w6QKCAQAC7y390mtEzs0eRKDW\nPQJ3R0hNrDmCFLaz3pe4d48FP3dhE/1zItgnZMSvncIRJXWw+2gxeNj9dR0m+1j5\nU9Gm4IjDarJHVgDOaHBuX5jBhtI42WZx2nryO3lJ3aYDQh8M7QHthstMq5LFQhUo\npuePoK4WLk899Vy3lOgvO9M9rUo6yXCQcaWibC71zYQEEy8dWRhkxNW8f51z43HJ\nQWwbYNZVszQrq0hBjXnSzmQA6asCFOfccbrDvFI7wPUMNhgQudERJrTKTVwo9MSW\nAWbzNSzxI6HghcmXxgZKNV75j+EIRU7WiObDhtMKdGd+m+qvuKSBEelKqWild48c\nC1H5AoIBAQC0Nrr9OUs0B6p0Y9yX0X+OkRrSewKwjb/KHD0iqK6RE+Jn39wlcOpr\n2x/pPTUQwY6Wz6gXSrKKKL96FqRB/TE48VNVLZ39hdNJOjPw6gOZiEPcGphPUOFb\nR/sFC37ejvgCwI7y8XOKBK+BCueK+s1Vx8bMeBt6up8TPY9n0GuY6WedKWOn1lfl\nBMmjKNuCDbR0+ffoCwG1jecjgZ8zZb3VEPFZUL0z4F8b4xe/F7ggjVTwUPFLLAr3\ndPa2R/dS2Aa0P/oZ0tCM1CnJo1czsJEmnTJHPrpzGyNy6IDsC9s5WuI6YLqmKExp\n3LQ7QcEP7JPuyVT4rp459aNIZf76tPChAoIBAAejaZzVuzv8Lrjtep8y9C0G8A/l\nWgdR9ZC3NwpuqLOku8Qv6rka4zao1gvCAIWTBz8lhO8nxGZYHl8wz0xIcPouWCB+\ntRpTCgZEu5r8DR9MkwMmk41efqBgpCXE/uX0Se7GggQb6S1ubaKsqNwDSFrFvZLI\n2rsWdrw3HMnuKFiw7a+ii8P9doScf3N/O8xqVWeJ+iPf6ZRovBN7+JaC+KYChO1L\nuSImsl+UiUt0WfytLpl8Rkw2edNlhmquTfeB+pdf5O4sg4FUcWSZaOBbg1DREV9i\nVN9UV52U4gMIcOaYXqpZSibBHw9AB6OWgDrfDLZA6rA7TCPJXVJRM02y/wg=\n-----END RSA PRIVATE KEY-----\n",
            "content_base64": null,
            "content_base64sha256": "g4LDpE4U0AuTgnveTmdA2+I/ru0EgT1lCb1vQsCZrfA=",
            "content_base64sha512": "SUUD8GUTyyo3Xvnm/GvjKJi++9OQu8SbrbB1bKaRsdOQkh7zzt/xn1WvgrpVLYxabBBdbgKcwBQ5dZykw9XNGQ==",
            "content_md5": "4683ec705a58ccba4cd7bc040f8d4340",
            "content_sha1": "05915fc056b979c9ffdc12da7953d0c61da4f47e",
            "content_sha256": "8382c3a44e14d00b93827bde4e6740dbe23faeed04813d6509bd6f42c099adf0",
            "content_sha512": "494503f06513cb2a375ef9e6fc6be32898befbd390bbc49badb0756ca691b1d390921ef3cedff19f55af82ba552d8c5a6c105d6e029cc01439759ca4c3d5cd19",
            "directory_permission": "0777",
            "file_permission": "0600",
            "filename": "./ecs-instance-key.pem",
            "id": "05915fc056b979c9ffdc12da7953d0c61da4f47e",
            "sensitive_content": null,
            "source": null
          },
          "sensitive_attributes": [
            [
              {
                "type": "get_attr",
                "value": "sensitive_content"
              }
            ],
            [
              {
                "type": "get_attr",
                "value": "content"
              }
            ]
          ],
          "dependencies": [
            "tls_private_key.ssh_key"
          ]
        }
      ]
    },
    {
      "mode": "managed",
      "type": "random_id",
      "name": "unique",
      "provider": "provider[\"registry.terraform.io/hashicorp/random\"]",
      "instances": [
        {
          "schema_version": 0,
          "attributes": {
            "b64_std": "BHqiWg==",
            "b64_url": "BHqiWg",
            "byte_length": 4,
            "dec": "75145818",
            "hex": "047aa25a",
            "id": "BHqiWg",
            "keepers": null,
            "prefix": null
          },
          "sensitive_attributes": [],
          "create_before_destroy": true
        }
      ]
    },
    {
      "mode": "managed",
      "type": "tls_private_key",
      "name": "ssh_key",
      "provider": "provider[\"registry.terraform.io/hashicorp/tls\"]",
      "instances": [
        {
          "schema_version": 1,
          "attributes": {
            "algorithm": "RSA",
            "ecdsa_curve": "P224",
            "id": "45a1ead4a979b21fb978b77a8a4fba63593a8c43",
            "private_key_openssh": "-----BEGIN OPENSSH PRIVATE KEY-----\nb3BlbnNzaC1rZXktdjEAAAAABG5vbmUAAAAEbm9uZQAAAAAAAAABAAACFwAAAAdz\nc2gtcnNhAAAAAwEAAQAAAgEAu1/bneq7gb4ndgCwdnZN2i8WwVOWxL2+35CeyK7k\nvfvsD/RNxyXH6xkSmzzo4EVEytgdpasu3vIXinRjvMisyF7PPSp2ufnxWe4gZsc4\nBl/ffywLVZVcM34f6WR1oQSJWPy3wALXJlE4k802RiY0884wjEq+tQ3QKwZOmP8y\n3l2TQn1btk10AhaLLKUcXAOR14a8trp/J/dN7p+r/CRDilw3qB1c/2f6Q4cvr0Yo\nW0/oAeZ+K1hIe7gxulpKUGpqwHYfRdDeQLw7EW0tz71fn4cKXR2807pwPurhL/MP\ngScqdAHMlJ7sRwuIZMfWIYK/c/n/xbzgwh9D8iZlSg4XHjIo9mfOWLKQ4aIfxgfx\ni2uX4R/LDPpFB9F65CIKzgY5eUM/N3iS2PmHjomGZU+EmyLgftr1B9Oc+mm9DPhL\nJSOCBA6WVgUwLiuyLI3D7posBv0+Zdx3vmWLA0qxKGxI1lozsTB1FaiZrOWreV1V\nvKY9LbeIbu5feyV+iUvS2U9ffYY9LuLIIygCf3Cm1BXyeab9vnFoM6jOWbc0PvY0\nG7poRyZv6cJ5fdNpjPHtdjunLVTd8x/u0N8Ir8Mr08vqGABBT/muXmdrn4zWIGT4\nGxFY2CFwNw9BNoQqLhMbojuJasZ39S0KqGosqwgidK3nmMTLPo9F3vBQQ0ONzT36\nTlEAAAc472DGoe9gxqEAAAAHc3NoLXJzYQAAAgEAu1/bneq7gb4ndgCwdnZN2i8W\nwVOWxL2+35CeyK7kvfvsD/RNxyXH6xkSmzzo4EVEytgdpasu3vIXinRjvMisyF7P\nPSp2ufnxWe4gZsc4Bl/ffywLVZVcM34f6WR1oQSJWPy3wALXJlE4k802RiY0884w\njEq+tQ3QKwZOmP8y3l2TQn1btk10AhaLLKUcXAOR14a8trp/J/dN7p+r/CRDilw3\nqB1c/2f6Q4cvr0YoW0/oAeZ+K1hIe7gxulpKUGpqwHYfRdDeQLw7EW0tz71fn4cK\nXR2807pwPurhL/MPgScqdAHMlJ7sRwuIZMfWIYK/c/n/xbzgwh9D8iZlSg4XHjIo\n9mfOWLKQ4aIfxgfxi2uX4R/LDPpFB9F65CIKzgY5eUM/N3iS2PmHjomGZU+EmyLg\nftr1B9Oc+mm9DPhLJSOCBA6WVgUwLiuyLI3D7posBv0+Zdx3vmWLA0qxKGxI1loz\nsTB1FaiZrOWreV1VvKY9LbeIbu5feyV+iUvS2U9ffYY9LuLIIygCf3Cm1BXyeab9\nvnFoM6jOWbc0PvY0G7poRyZv6cJ5fdNpjPHtdjunLVTd8x/u0N8Ir8Mr08vqGABB\nT/muXmdrn4zWIGT4GxFY2CFwNw9BNoQqLhMbojuJasZ39S0KqGosqwgidK3nmMTL\nPo9F3vBQQ0ONzT36TlEAAAADAQABAAACAGC5mB5J+Sd9qNMygeV1JrU1z7JW2yKO\nrMSt3DnOhshIDtEhlTDzoOMM210FsVVsjJmFvLAz0QtHv706Xe4rTX5V6vcxP367\ntspssY880gAAZ9g3PVadtq3iMskBkfNf6yLjultFXBksnl819Ql7WaRt0QPq5c2C\n5u3+4H38Zx8BAS62laxjCTq2tnuCdERPl27B4BMX7OINuM4w4NBVTARVnGmNVt+F\nplxLoeMB/X09n4+zk3f+p9Qt/oWrbGdct+TIVVZt/v097eQODzMJGB660C/HVR2b\nRaxFBaACAgPy2uhtsVUbQO9f1bXorvI3k2tkJ5PE7+VlzGZpSapT4bxTal1ajCB9\niyS4zfQcrFTxCl+lwUomIz7G4eO0wvw3znyDSg/me0PI90WYL9L5XlfmkzP3jHpN\nvfQZUyEfj40maNhkAXON2RB6z+EuWdQIzW3uKri58L40qFFVpyWJ4g4h89Q53lhA\nkcfWpmF4TbN4nR4MRopY5NgyYQ2uxslor0Fcuw4cu6E67NCMA+pz1Y+hIpKmfpU1\nzyT0/5XJZiWPkLKJb3T10/hlSVLYSH+69JTDekMM4XM2SeB0XZc5HmpV3K6nmHj2\nsV2j+ck+KWh+wEthoV3CFPgUPPq+gDaEeSEeLlwwLyzo/l1/IyrOKUiNqJM/yv/m\nEaEFt9aaKt3BAAABAAejaZzVuzv8Lrjtep8y9C0G8A/lWgdR9ZC3NwpuqLOku8Qv\n6rka4zao1gvCAIWTBz8lhO8nxGZYHl8wz0xIcPouWCB+tRpTCgZEu5r8DR9MkwMm\nk41efqBgpCXE/uX0Se7GggQb6S1ubaKsqNwDSFrFvZLI2rsWdrw3HMnuKFiw7a+i\ni8P9doScf3N/O8xqVWeJ+iPf6ZRovBN7+JaC+KYChO1LuSImsl+UiUt0WfytLpl8\nRkw2edNlhmquTfeB+pdf5O4sg4FUcWSZaOBbg1DREV9iVN9UV52U4gMIcOaYXqpZ\nSibBHw9AB6OWgDrfDLZA6rA7TCPJXVJRM02y/wgAAAEBANIrWGlQCvmVqZEiuOXv\n+D8pAskH4m28gxnSj4toxk+YGMXopWLYWif8qjb2HngscJiCJbyViFbC5gHRiz1+\ndJV0kXj+hBDdoG4F1JTZ/GW43X6iop+79QITc11t64zEfjHRPE1r8muuJbksmhXX\nNiWO42xi4ZQsZPxB9obbez6KL5WXLiGiA++4w0iYtb5Oq+9Fl+IgmJL7yiSfYmYt\ntK7ZB7RUdTFeQ/DRGhk9f6pLhNN9mxjJOKVf9NRoTYvuK+ASaFl3c0W1JdvjVYy6\nCs1lCv/hgiRHGMcY6xTjg3qA3aD4MlEQT5Pjnv5yIvn1uxKOwGjBJn2JvRj1P/V9\nESkAAAEBAOQ7/m++0dxG1ZMJrmlh7cFu1zHV9LLjNblqZb7Yr9jAmJXtOJnHhha0\naGyVWlzW5YuEmGdO55XpcxUazgm0EZouuKf3i9vYlf1qRLhWOEFwXUN9a3CKmZO5\nvlP5SpeHAgHSxcfX0os7HWnwLB4CsVhCyb3xCjR4C07rIvPolm+/uwLfzwKuaXK8\nQiHFYXinmUXdRqxy5iO8TtfafrV7dvX2GRpE701CzMoWiXWthNbtSajr4iPh88nH\nrHhiiI1xX9DbpBKqMLd/4mLO3rsx/TnA62wlw6exbwWenxSBIlu6j6YY1trVIbXC\nm4j72JcXT07Xq6IQOI67TS8fPhQ+MOkAAAAAAQID\n-----END OPENSSH PRIVATE KEY-----\n",
            "private_key_pem": "-----BEGIN RSA PRIVATE KEY-----\nMIIJKAIBAAKCAgEAu1/bneq7gb4ndgCwdnZN2i8WwVOWxL2+35CeyK7kvfvsD/RN\nxyXH6xkSmzzo4EVEytgdpasu3vIXinRjvMisyF7PPSp2ufnxWe4gZsc4Bl/ffywL\nVZVcM34f6WR1oQSJWPy3wALXJlE4k802RiY0884wjEq+tQ3QKwZOmP8y3l2TQn1b\ntk10AhaLLKUcXAOR14a8trp/J/dN7p+r/CRDilw3qB1c/2f6Q4cvr0YoW0/oAeZ+\nK1hIe7gxulpKUGpqwHYfRdDeQLw7EW0tz71fn4cKXR2807pwPurhL/MPgScqdAHM\nlJ7sRwuIZMfWIYK/c/n/xbzgwh9D8iZlSg4XHjIo9mfOWLKQ4aIfxgfxi2uX4R/L\nDPpFB9F65CIKzgY5eUM/N3iS2PmHjomGZU+EmyLgftr1B9Oc+mm9DPhLJSOCBA6W\nVgUwLiuyLI3D7posBv0+Zdx3vmWLA0qxKGxI1lozsTB1FaiZrOWreV1VvKY9LbeI\nbu5feyV+iUvS2U9ffYY9LuLIIygCf3Cm1BXyeab9vnFoM6jOWbc0PvY0G7poRyZv\n6cJ5fdNpjPHtdjunLVTd8x/u0N8Ir8Mr08vqGABBT/muXmdrn4zWIGT4GxFY2CFw\nNw9BNoQqLhMbojuJasZ39S0KqGosqwgidK3nmMTLPo9F3vBQQ0ONzT36TlECAwEA\nAQKCAgBguZgeSfknfajTMoHldSa1Nc+yVtsijqzErdw5zobISA7RIZUw86DjDNtd\nBbFVbIyZhbywM9ELR7+9Ol3uK01+Ver3MT9+u7bKbLGPPNIAAGfYNz1Wnbat4jLJ\nAZHzX+si47pbRVwZLJ5fNfUJe1mkbdED6uXNgubt/uB9/GcfAQEutpWsYwk6trZ7\ngnRET5duweATF+ziDbjOMODQVUwEVZxpjVbfhaZcS6HjAf19PZ+Ps5N3/qfULf6F\nq2xnXLfkyFVWbf79Pe3kDg8zCRgeutAvx1Udm0WsRQWgAgID8trobbFVG0DvX9W1\n6K7yN5NrZCeTxO/lZcxmaUmqU+G8U2pdWowgfYskuM30HKxU8QpfpcFKJiM+xuHj\ntML8N858g0oP5ntDyPdFmC/S+V5X5pMz94x6Tb30GVMhH4+NJmjYZAFzjdkQes/h\nLlnUCM1t7iq4ufC+NKhRVaclieIOIfPUOd5YQJHH1qZheE2zeJ0eDEaKWOTYMmEN\nrsbJaK9BXLsOHLuhOuzQjAPqc9WPoSKSpn6VNc8k9P+VyWYlj5CyiW909dP4ZUlS\n2Eh/uvSUw3pDDOFzNkngdF2XOR5qVdyup5h49rFdo/nJPilofsBLYaFdwhT4FDz6\nvoA2hHkhHi5cMC8s6P5dfyMqzilIjaiTP8r/5hGhBbfWmirdwQKCAQEA0itYaVAK\n+ZWpkSK45e/4PykCyQfibbyDGdKPi2jGT5gYxeilYthaJ/yqNvYeeCxwmIIlvJWI\nVsLmAdGLPX50lXSReP6EEN2gbgXUlNn8ZbjdfqKin7v1AhNzXW3rjMR+MdE8TWvy\na64luSyaFdc2JY7jbGLhlCxk/EH2htt7PoovlZcuIaID77jDSJi1vk6r70WX4iCY\nkvvKJJ9iZi20rtkHtFR1MV5D8NEaGT1/qkuE032bGMk4pV/01GhNi+4r4BJoWXdz\nRbUl2+NVjLoKzWUK/+GCJEcYxxjrFOODeoDdoPgyURBPk+Oe/nIi+fW7Eo7AaMEm\nfYm9GPU/9X0RKQKCAQEA5Dv+b77R3EbVkwmuaWHtwW7XMdX0suM1uWplvtiv2MCY\nle04mceGFrRobJVaXNbli4SYZ07nlelzFRrOCbQRmi64p/eL29iV/WpEuFY4QXBd\nQ31rcIqZk7m+U/lKl4cCAdLFx9fSizsdafAsHgKxWELJvfEKNHgLTusi8+iWb7+7\nAt/PAq5pcrxCIcVheKeZRd1GrHLmI7xO19p+tXt29fYZGkTvTULMyhaJda2E1u1J\nqOviI+HzyceseGKIjXFf0NukEqowt3/iYs7euzH9OcDrbCXDp7FvBZ6fFIEiW7qP\nphjW2tUhtcKbiPvYlxdPTterohA4jrtNLx8+FD4w6QKCAQAC7y390mtEzs0eRKDW\nPQJ3R0hNrDmCFLaz3pe4d48FP3dhE/1zItgnZMSvncIRJXWw+2gxeNj9dR0m+1j5\nU9Gm4IjDarJHVgDOaHBuX5jBhtI42WZx2nryO3lJ3aYDQh8M7QHthstMq5LFQhUo\npuePoK4WLk899Vy3lOgvO9M9rUo6yXCQcaWibC71zYQEEy8dWRhkxNW8f51z43HJ\nQWwbYNZVszQrq0hBjXnSzmQA6asCFOfccbrDvFI7wPUMNhgQudERJrTKTVwo9MSW\nAWbzNSzxI6HghcmXxgZKNV75j+EIRU7WiObDhtMKdGd+m+qvuKSBEelKqWild48c\nC1H5AoIBAQC0Nrr9OUs0B6p0Y9yX0X+OkRrSewKwjb/KHD0iqK6RE+Jn39wlcOpr\n2x/pPTUQwY6Wz6gXSrKKKL96FqRB/TE48VNVLZ39hdNJOjPw6gOZiEPcGphPUOFb\nR/sFC37ejvgCwI7y8XOKBK+BCueK+s1Vx8bMeBt6up8TPY9n0GuY6WedKWOn1lfl\nBMmjKNuCDbR0+ffoCwG1jecjgZ8zZb3VEPFZUL0z4F8b4xe/F7ggjVTwUPFLLAr3\ndPa2R/dS2Aa0P/oZ0tCM1CnJo1czsJEmnTJHPrpzGyNy6IDsC9s5WuI6YLqmKExp\n3LQ7QcEP7JPuyVT4rp459aNIZf76tPChAoIBAAejaZzVuzv8Lrjtep8y9C0G8A/l\nWgdR9ZC3NwpuqLOku8Qv6rka4zao1gvCAIWTBz8lhO8nxGZYHl8wz0xIcPouWCB+\ntRpTCgZEu5r8DR9MkwMmk41efqBgpCXE/uX0Se7GggQb6S1ubaKsqNwDSFrFvZLI\n2rsWdrw3HMnuKFiw7a+ii8P9doScf3N/O8xqVWeJ+iPf6ZRovBN7+JaC+KYChO1L\nuSImsl+UiUt0WfytLpl8Rkw2edNlhmquTfeB+pdf5O4sg4FUcWSZaOBbg1DREV9i\nVN9UV52U4gMIcOaYXqpZSibBHw9AB6OWgDrfDLZA6rA7TCPJXVJRM02y/wg=\n-----END RSA PRIVATE KEY-----\n",
            "private_key_pem_pkcs8": "-----BEGIN PRIVATE KEY-----\nMIIJQgIBADANBgkqhkiG9w0BAQEFAASCCSwwggkoAgEAAoICAQC7X9ud6ruBvid2\nALB2dk3aLxbBU5bEvb7fkJ7IruS9++wP9E3HJcfrGRKbPOjgRUTK2B2lqy7e8heK\ndGO8yKzIXs89Kna5+fFZ7iBmxzgGX99/LAtVlVwzfh/pZHWhBIlY/LfAAtcmUTiT\nzTZGJjTzzjCMSr61DdArBk6Y/zLeXZNCfVu2TXQCFosspRxcA5HXhry2un8n903u\nn6v8JEOKXDeoHVz/Z/pDhy+vRihbT+gB5n4rWEh7uDG6WkpQamrAdh9F0N5AvDsR\nbS3PvV+fhwpdHbzTunA+6uEv8w+BJyp0AcyUnuxHC4hkx9Yhgr9z+f/FvODCH0Py\nJmVKDhceMij2Z85YspDhoh/GB/GLa5fhH8sM+kUH0XrkIgrOBjl5Qz83eJLY+YeO\niYZlT4SbIuB+2vUH05z6ab0M+EslI4IEDpZWBTAuK7IsjcPumiwG/T5l3He+ZYsD\nSrEobEjWWjOxMHUVqJms5at5XVW8pj0tt4hu7l97JX6JS9LZT199hj0u4sgjKAJ/\ncKbUFfJ5pv2+cWgzqM5ZtzQ+9jQbumhHJm/pwnl902mM8e12O6ctVN3zH+7Q3wiv\nwyvTy+oYAEFP+a5eZ2ufjNYgZPgbEVjYIXA3D0E2hCouExuiO4lqxnf1LQqoaiyr\nCCJ0reeYxMs+j0Xe8FBDQ43NPfpOUQIDAQABAoICAGC5mB5J+Sd9qNMygeV1JrU1\nz7JW2yKOrMSt3DnOhshIDtEhlTDzoOMM210FsVVsjJmFvLAz0QtHv706Xe4rTX5V\n6vcxP367tspssY880gAAZ9g3PVadtq3iMskBkfNf6yLjultFXBksnl819Ql7WaRt\n0QPq5c2C5u3+4H38Zx8BAS62laxjCTq2tnuCdERPl27B4BMX7OINuM4w4NBVTARV\nnGmNVt+FplxLoeMB/X09n4+zk3f+p9Qt/oWrbGdct+TIVVZt/v097eQODzMJGB66\n0C/HVR2bRaxFBaACAgPy2uhtsVUbQO9f1bXorvI3k2tkJ5PE7+VlzGZpSapT4bxT\nal1ajCB9iyS4zfQcrFTxCl+lwUomIz7G4eO0wvw3znyDSg/me0PI90WYL9L5Xlfm\nkzP3jHpNvfQZUyEfj40maNhkAXON2RB6z+EuWdQIzW3uKri58L40qFFVpyWJ4g4h\n89Q53lhAkcfWpmF4TbN4nR4MRopY5NgyYQ2uxslor0Fcuw4cu6E67NCMA+pz1Y+h\nIpKmfpU1zyT0/5XJZiWPkLKJb3T10/hlSVLYSH+69JTDekMM4XM2SeB0XZc5HmpV\n3K6nmHj2sV2j+ck+KWh+wEthoV3CFPgUPPq+gDaEeSEeLlwwLyzo/l1/IyrOKUiN\nqJM/yv/mEaEFt9aaKt3BAoIBAQDSK1hpUAr5lamRIrjl7/g/KQLJB+JtvIMZ0o+L\naMZPmBjF6KVi2Fon/Ko29h54LHCYgiW8lYhWwuYB0Ys9fnSVdJF4/oQQ3aBuBdSU\n2fxluN1+oqKfu/UCE3NdbeuMxH4x0TxNa/JrriW5LJoV1zYljuNsYuGULGT8QfaG\n23s+ii+Vly4hogPvuMNImLW+TqvvRZfiIJiS+8okn2JmLbSu2Qe0VHUxXkPw0RoZ\nPX+qS4TTfZsYyTilX/TUaE2L7ivgEmhZd3NFtSXb41WMugrNZQr/4YIkRxjHGOsU\n44N6gN2g+DJREE+T457+ciL59bsSjsBowSZ9ib0Y9T/1fREpAoIBAQDkO/5vvtHc\nRtWTCa5pYe3Bbtcx1fSy4zW5amW+2K/YwJiV7TiZx4YWtGhslVpc1uWLhJhnTueV\n6XMVGs4JtBGaLrin94vb2JX9akS4VjhBcF1DfWtwipmTub5T+UqXhwIB0sXH19KL\nOx1p8CweArFYQsm98Qo0eAtO6yLz6JZvv7sC388CrmlyvEIhxWF4p5lF3UascuYj\nvE7X2n61e3b19hkaRO9NQszKFol1rYTW7Umo6+Ij4fPJx6x4YoiNcV/Q26QSqjC3\nf+Jizt67Mf05wOtsJcOnsW8Fnp8UgSJbuo+mGNba1SG1wpuI+9iXF09O16uiEDiO\nu00vHz4UPjDpAoIBAALvLf3Sa0TOzR5EoNY9AndHSE2sOYIUtrPel7h3jwU/d2ET\n/XMi2CdkxK+dwhEldbD7aDF42P11HSb7WPlT0abgiMNqskdWAM5ocG5fmMGG0jjZ\nZnHaevI7eUndpgNCHwztAe2Gy0yrksVCFSim54+grhYuTz31XLeU6C870z2tSjrJ\ncJBxpaJsLvXNhAQTLx1ZGGTE1bx/nXPjcclBbBtg1lWzNCurSEGNedLOZADpqwIU\n59xxusO8UjvA9Qw2GBC50REmtMpNXCj0xJYBZvM1LPEjoeCFyZfGBko1XvmP4QhF\nTtaI5sOG0wp0Z36b6q+4pIER6UqpaKV3jxwLUfkCggEBALQ2uv05SzQHqnRj3JfR\nf46RGtJ7ArCNv8ocPSKorpET4mff3CVw6mvbH+k9NRDBjpbPqBdKsooov3oWpEH9\nMTjxU1Utnf2F00k6M/DqA5mIQ9wamE9Q4VtH+wULft6O+ALAjvLxc4oEr4EK54r6\nzVXHxsx4G3q6nxM9j2fQa5jpZ50pY6fWV+UEyaMo24INtHT59+gLAbWN5yOBnzNl\nvdUQ8VlQvTPgXxvjF78XuCCNVPBQ8UssCvd09rZH91LYBrQ/+hnS0IzUKcmjVzOw\nkSadMkc+unMbI3LogOwL2zla4jpguqYoTGnctDtBwQ/sk+7JVPiunjn1o0hl/vq0\n8KECggEAB6NpnNW7O/wuuO16nzL0LQbwD+VaB1H1kLc3Cm6os6S7xC/quRrjNqjW\nC8IAhZMHPyWE7yfEZlgeXzDPTEhw+i5YIH61GlMKBkS7mvwNH0yTAyaTjV5+oGCk\nJcT+5fRJ7saCBBvpLW5toqyo3ANIWsW9ksjauxZ2vDccye4oWLDtr6KLw/12hJx/\nc387zGpVZ4n6I9/plGi8E3v4loL4pgKE7Uu5IiayX5SJS3RZ/K0umXxGTDZ502WG\naq5N94H6l1/k7iyDgVRxZJlo4FuDUNERX2JU31RXnZTiAwhw5pheqllKJsEfD0AH\no5aAOt8MtkDqsDtMI8ldUlEzTbL/CA==\n-----END PRIVATE KEY-----\n",
            "public_key_fingerprint_md5": "f4:76:a4:ed:39:c9:99:43:05:0a:85:f7:fb:0e:ba:ad",
            "public_key_fingerprint_sha256": "SHA256:Rb+bPcmQS5gIShFq+RWChYonr+aj4jz7YyXHI/oQ/1Q",
            "public_key_openssh": "ssh-rsa AAAAB3NzaC1yc2EAAAADAQABAAACAQC7X9ud6ruBvid2ALB2dk3aLxbBU5bEvb7fkJ7IruS9++wP9E3HJcfrGRKbPOjgRUTK2B2lqy7e8heKdGO8yKzIXs89Kna5+fFZ7iBmxzgGX99/LAtVlVwzfh/pZHWhBIlY/LfAAtcmUTiTzTZGJjTzzjCMSr61DdArBk6Y/zLeXZNCfVu2TXQCFosspRxcA5HXhry2un8n903un6v8JEOKXDeoHVz/Z/pDhy+vRihbT+gB5n4rWEh7uDG6WkpQamrAdh9F0N5AvDsRbS3PvV+fhwpdHbzTunA+6uEv8w+BJyp0AcyUnuxHC4hkx9Yhgr9z+f/FvODCH0PyJmVKDhceMij2Z85YspDhoh/GB/GLa5fhH8sM+kUH0XrkIgrOBjl5Qz83eJLY+YeOiYZlT4SbIuB+2vUH05z6ab0M+EslI4IEDpZWBTAuK7IsjcPumiwG/T5l3He+ZYsDSrEobEjWWjOxMHUVqJms5at5XVW8pj0tt4hu7l97JX6JS9LZT199hj0u4sgjKAJ/cKbUFfJ5pv2+cWgzqM5ZtzQ+9jQbumhHJm/pwnl902mM8e12O6ctVN3zH+7Q3wivwyvTy+oYAEFP+a5eZ2ufjNYgZPgbEVjYIXA3D0E2hCouExuiO4lqxnf1LQqoaiyrCCJ0reeYxMs+j0Xe8FBDQ43NPfpOUQ==\n",
            "public_key_pem": "-----BEGIN PUBLIC KEY-----\nMIICIjANBgkqhkiG9w0BAQEFAAOCAg8AMIICCgKCAgEAu1/bneq7gb4ndgCwdnZN\n2i8WwVOWxL2+35CeyK7kvfvsD/RNxyXH6xkSmzzo4EVEytgdpasu3vIXinRjvMis\nyF7PPSp2ufnxWe4gZsc4Bl/ffywLVZVcM34f6WR1oQSJWPy3wALXJlE4k802RiY0\n884wjEq+tQ3QKwZOmP8y3l2TQn1btk10AhaLLKUcXAOR14a8trp/J/dN7p+r/CRD\nilw3qB1c/2f6Q4cvr0YoW0/oAeZ+K1hIe7gxulpKUGpqwHYfRdDeQLw7EW0tz71f\nn4cKXR2807pwPurhL/MPgScqdAHMlJ7sRwuIZMfWIYK/c/n/xbzgwh9D8iZlSg4X\nHjIo9mfOWLKQ4aIfxgfxi2uX4R/LDPpFB9F65CIKzgY5eUM/N3iS2PmHjomGZU+E\nmyLgftr1B9Oc+mm9DPhLJSOCBA6WVgUwLiuyLI3D7posBv0+Zdx3vmWLA0qxKGxI\n1lozsTB1FaiZrOWreV1VvKY9LbeIbu5feyV+iUvS2U9ffYY9LuLIIygCf3Cm1BXy\neab9vnFoM6jOWbc0PvY0G7poRyZv6cJ5fdNpjPHtdjunLVTd8x/u0N8Ir8Mr08vq\nGABBT/muXmdrn4zWIGT4GxFY2CFwNw9BNoQqLhMbojuJasZ39S0KqGosqwgidK3n\nmMTLPo9F3vBQQ0ONzT36TlECAwEAAQ==\n-----END PUBLIC KEY-----\n",
            "rsa_bits": 4096
          },
          "sensitive_attributes": [
            [
              {
                "type": "get_attr",
                "value": "private_key_pem"
              }
            ],
            [
              {
                "type": "get_attr",
                "value": "private_key_openssh"
              }
            ],
            [
              {
                "type": "get_attr",
                "value": "private_key_pem_pkcs8"
              }
            ]
          ]
        }
      ]
    },
    {
      "module": "module.alb",
      "mode": "managed",
      "type": "aws_security_group",
      "name": "http",
      "provider": "provider[\"registry.terraform.io/hashicorp/aws\"]",
      "instances": [
        {
          "schema_version": 1,
          "attributes": {
            "arn": "arn:aws:ec2:us-east-1:010575877879:security-group/sg-08415a5d02e2370c4",
            "description": "Allow all HTTP/HTTPS traffic from public",
            "egress": [
              {
                "cidr_blocks": [
                  "0.0.0.0/0"
                ],
                "description": "",
                "from_port": 0,
                "ipv6_cidr_blocks": [],
                "prefix_list_ids": [],
                "protocol": "-1",
                "security_groups": [],
                "self": false,
                "to_port": 0
              }
            ],
            "id": "sg-08415a5d02e2370c4",
            "ingress": [
              {
                "cidr_blocks": [
                  "0.0.0.0/0"
                ],
                "description": "",
                "from_port": 443,
                "ipv6_cidr_blocks": [],
                "prefix_list_ids": [],
                "protocol": "tcp",
                "security_groups": [],
                "self": false,
                "to_port": 443
              },
              {
                "cidr_blocks": [
                  "0.0.0.0/0"
                ],
                "description": "",
                "from_port": 80,
                "ipv6_cidr_blocks": [],
                "prefix_list_ids": [],
                "protocol": "tcp",
                "security_groups": [],
                "self": false,
                "to_port": 80
              }
            ],
            "name": "http-sg-2024091709073344160000000f",
            "name_prefix": "http-sg-",
            "owner_id": "010575877879",
            "revoke_rules_on_delete": false,
            "tags": null,
            "tags_all": {},
            "timeouts": null,
            "vpc_id": "vpc-0d43692f7d643a966"
          },
          "sensitive_attributes": [],
          "private": "eyJlMmJmYjczMC1lY2FhLTExZTYtOGY4OC0zNDM2M2JjN2M0YzAiOnsiY3JlYXRlIjo2MDAwMDAwMDAwMDAsImRlbGV0ZSI6OTAwMDAwMDAwMDAwfSwic2NoZW1hX3ZlcnNpb24iOiIxIn0=",
          "dependencies": [
            "module.vpc.aws_vpc.main",
            "random_id.unique"
          ]
        }
      ]
    },
    {
      "module": "module.alb",
      "mode": "managed",
      "type": "random_id",
      "name": "target_group_suffix",
      "provider": "provider[\"registry.terraform.io/hashicorp/random\"]",
      "instances": [
        {
          "schema_version": 0,
          "attributes": {
            "b64_std": "QGI9Iw==",
            "b64_url": "QGI9Iw",
            "byte_length": 4,
            "dec": "1080180003",
            "hex": "40623d23",
            "id": "QGI9Iw",
            "keepers": null,
            "prefix": null
          },
          "sensitive_attributes": []
        }
      ]
    },
    {
      "module": "module.ecs_cluster",
      "mode": "managed",
      "type": "aws_ecs_cluster",
      "name": "main",
      "provider": "provider[\"registry.terraform.io/hashicorp/aws\"]",
      "instances": [
        {
          "schema_version": 0,
          "attributes": {
            "arn": "arn:aws:ecs:us-east-1:010575877879:cluster/demo-cluster-047aa25a",
            "configuration": [],
            "id": "arn:aws:ecs:us-east-1:010575877879:cluster/demo-cluster-047aa25a",
            "name": "demo-cluster-047aa25a",
            "service_connect_defaults": [],
            "setting": [
              {
                "name": "containerInsights",
                "value": "disabled"
              }
            ],
            "tags": null,
            "tags_all": {}
          },
          "sensitive_attributes": [],
          "private": "bnVsbA==",
          "dependencies": [
            "random_id.unique"
          ]
        }
      ]
    },
    {
      "module": "module.ecs_launch_template",
      "mode": "data",
      "type": "aws_region",
      "name": "current",
      "provider": "provider[\"registry.terraform.io/hashicorp/aws\"]",
      "instances": [
        {
          "schema_version": 0,
          "attributes": {
            "description": "US East (N. Virginia)",
            "endpoint": "ec2.us-east-1.amazonaws.com",
            "id": "us-east-1",
            "name": "us-east-1"
          },
          "sensitive_attributes": []
        }
      ]
    },
    {
      "module": "module.ecs_node_role",
      "mode": "data",
      "type": "aws_iam_policy_document",
      "name": "cloudwatch_logs_policy",
      "provider": "provider[\"registry.terraform.io/hashicorp/aws\"]",
      "instances": [
        {
          "schema_version": 0,
          "attributes": {
            "id": "3910613138",
            "json": "{\n  \"Version\": \"2012-10-17\",\n  \"Statement\": [\n    {\n      \"Effect\": \"Allow\",\n      \"Action\": [\n        \"logs:PutLogEvents\",\n        \"logs:DescribeLogStreams\",\n        \"logs:CreateLogStream\",\n        \"logs:CreateLogGroup\"\n      ],\n      \"Resource\": \"arn:aws:logs:*:*:*\"\n    }\n  ]\n}",
            "minified_json": "{\"Version\":\"2012-10-17\",\"Statement\":[{\"Effect\":\"Allow\",\"Action\":[\"logs:PutLogEvents\",\"logs:DescribeLogStreams\",\"logs:CreateLogStream\",\"logs:CreateLogGroup\"],\"Resource\":\"arn:aws:logs:*:*:*\"}]}",
            "override_json": null,
            "override_policy_documents": null,
            "policy_id": null,
            "source_json": null,
            "source_policy_documents": null,
            "statement": [
              {
                "actions": [
                  "logs:CreateLogGroup",
                  "logs:CreateLogStream",
                  "logs:DescribeLogStreams",
                  "logs:PutLogEvents"
                ],
                "condition": [],
                "effect": "Allow",
                "not_actions": [],
                "not_principals": [],
                "not_resources": [],
                "principals": [],
                "resources": [
                  "arn:aws:logs:*:*:*"
                ],
                "sid": ""
              }
            ],
            "version": "2012-10-17"
          },
          "sensitive_attributes": []
        }
      ]
    },
    {
      "module": "module.ecs_node_role",
      "mode": "data",
      "type": "aws_iam_policy_document",
      "name": "ecr_policy",
      "provider": "provider[\"registry.terraform.io/hashicorp/aws\"]",
      "instances": [
        {
          "schema_version": 0,
          "attributes": {
            "id": "459877178",
            "json": "{\n  \"Version\": \"2012-10-17\",\n  \"Statement\": [\n    {\n      \"Effect\": \"Allow\",\n      \"Action\": [\n        \"ecr:UploadLayerPart\",\n        \"ecr:PutImage\",\n        \"ecr:InitiateLayerUpload\",\n        \"ecr:GetDownloadUrlForLayer\",\n        \"ecr:GetAuthorizationToken\",\n        \"ecr:CompleteLayerUpload\",\n        \"ecr:BatchGetImage\",\n        \"ecr:BatchCheckLayerAvailability\"\n      ],\n      \"Resource\": \"*\"\n    }\n  ]\n}",
            "minified_json": "{\"Version\":\"2012-10-17\",\"Statement\":[{\"Effect\":\"Allow\",\"Action\":[\"ecr:UploadLayerPart\",\"ecr:PutImage\",\"ecr:InitiateLayerUpload\",\"ecr:GetDownloadUrlForLayer\",\"ecr:GetAuthorizationToken\",\"ecr:CompleteLayerUpload\",\"ecr:BatchGetImage\",\"ecr:BatchCheckLayerAvailability\"],\"Resource\":\"*\"}]}",
            "override_json": null,
            "override_policy_documents": null,
            "policy_id": null,
            "source_json": null,
            "source_policy_documents": null,
            "statement": [
              {
                "actions": [
                  "ecr:BatchCheckLayerAvailability",
                  "ecr:BatchGetImage",
                  "ecr:CompleteLayerUpload",
                  "ecr:GetAuthorizationToken",
                  "ecr:GetDownloadUrlForLayer",
                  "ecr:InitiateLayerUpload",
                  "ecr:PutImage",
                  "ecr:UploadLayerPart"
                ],
                "condition": [],
                "effect": "Allow",
                "not_actions": [],
                "not_principals": [],
                "not_resources": [],
                "principals": [],
                "resources": [
                  "*"
                ],
                "sid": ""
              }
            ],
            "version": "2012-10-17"
          },
          "sensitive_attributes": []
        }
      ]
    },
    {
      "module": "module.ecs_node_role",
      "mode": "data",
      "type": "aws_iam_policy_document",
      "name": "ecs_node_doc",
      "provider": "provider[\"registry.terraform.io/hashicorp/aws\"]",
      "instances": [
        {
          "schema_version": 0,
          "attributes": {
            "id": "1895348101",
            "json": "{\n  \"Version\": \"2012-10-17\",\n  \"Statement\": [\n    {\n      \"Effect\": \"Allow\",\n      \"Action\": \"sts:AssumeRole\",\n      \"Principal\": {\n        \"Service\": [\n          \"ecs-tasks.amazonaws.com\",\n          \"ec2.amazonaws.com\"\n        ]\n      }\n    }\n  ]\n}",
            "minified_json": "{\"Version\":\"2012-10-17\",\"Statement\":[{\"Effect\":\"Allow\",\"Action\":\"sts:AssumeRole\",\"Principal\":{\"Service\":[\"ecs-tasks.amazonaws.com\",\"ec2.amazonaws.com\"]}}]}",
            "override_json": null,
            "override_policy_documents": null,
            "policy_id": null,
            "source_json": null,
            "source_policy_documents": null,
            "statement": [
              {
                "actions": [
                  "sts:AssumeRole"
                ],
                "condition": [],
                "effect": "Allow",
                "not_actions": [],
                "not_principals": [],
                "not_resources": [],
                "principals": [
                  {
                    "identifiers": [
                      "ec2.amazonaws.com",
                      "ecs-tasks.amazonaws.com"
                    ],
                    "type": "Service"
                  }
                ],
                "resources": [],
                "sid": ""
              }
            ],
            "version": "2012-10-17"
          },
          "sensitive_attributes": []
        }
      ]
    },
    {
      "module": "module.ecs_node_role",
      "mode": "managed",
      "type": "aws_iam_instance_profile",
      "name": "ecs_node",
      "provider": "provider[\"registry.terraform.io/hashicorp/aws\"]",
      "instances": [
        {
          "schema_version": 0,
          "attributes": {
            "arn": "arn:aws:iam::010575877879:instance-profile/ecs/instance/demo-ecs-node-profile-047aa25a20240917090722159900000008",
            "create_date": "2024-09-17T09:07:22Z",
            "id": "demo-ecs-node-profile-047aa25a20240917090722159900000008",
            "name": "demo-ecs-node-profile-047aa25a20240917090722159900000008",
            "name_prefix": "demo-ecs-node-profile-047aa25a",
            "path": "/ecs/instance/",
            "role": "demo-ecs-node-role-047aa25a20240917090721336000000004",
            "tags": null,
            "tags_all": {},
            "unique_id": "AIPAQE5S7C33VLG4KVFLO"
          },
          "sensitive_attributes": [],
          "private": "bnVsbA==",
          "dependencies": [
            "module.ecs_node_role.aws_iam_role.ecs_node_role",
            "module.ecs_node_role.data.aws_iam_policy_document.ecs_node_doc",
            "random_id.unique"
          ]
        }
      ]
    },
    {
      "module": "module.ecs_node_role",
      "mode": "managed",
      "type": "aws_iam_policy",
      "name": "cloudwatch_logs_policy",
      "provider": "provider[\"registry.terraform.io/hashicorp/aws\"]",
      "instances": [
        {
          "schema_version": 0,
          "attributes": {
            "arn": "arn:aws:iam::010575877879:policy/demo-ecs-node-role-047aa25a-cloudwatch-logs-policy",
            "attachment_count": 0,
            "description": "IAM policy for CloudWatch Logs access",
            "id": "arn:aws:iam::010575877879:policy/demo-ecs-node-role-047aa25a-cloudwatch-logs-policy",
            "name": "demo-ecs-node-role-047aa25a-cloudwatch-logs-policy",
            "name_prefix": "",
            "path": "/",
            "policy": "{\"Statement\":[{\"Action\":[\"logs:PutLogEvents\",\"logs:DescribeLogStreams\",\"logs:CreateLogStream\",\"logs:CreateLogGroup\"],\"Effect\":\"Allow\",\"Resource\":\"arn:aws:logs:*:*:*\"}],\"Version\":\"2012-10-17\"}",
            "policy_id": "ANPAQE5S7C332ZSXNSYCM",
            "tags": null,
            "tags_all": {}
          },
          "sensitive_attributes": [],
          "private": "bnVsbA==",
          "dependencies": [
            "module.ecs_node_role.data.aws_iam_policy_document.cloudwatch_logs_policy",
            "random_id.unique"
          ]
        }
      ]
    },
    {
      "module": "module.ecs_node_role",
      "mode": "managed",
      "type": "aws_iam_policy",
      "name": "ecr_policy",
      "provider": "provider[\"registry.terraform.io/hashicorp/aws\"]",
      "instances": [
        {
          "schema_version": 0,
          "attributes": {
            "arn": "arn:aws:iam::010575877879:policy/demo-ecs-node-role-047aa25a-ecr-policy",
            "attachment_count": 0,
            "description": "IAM policy for ECR access",
            "id": "arn:aws:iam::010575877879:policy/demo-ecs-node-role-047aa25a-ecr-policy",
            "name": "demo-ecs-node-role-047aa25a-ecr-policy",
            "name_prefix": "",
            "path": "/",
            "policy": "{\"Statement\":[{\"Action\":[\"ecr:UploadLayerPart\",\"ecr:PutImage\",\"ecr:InitiateLayerUpload\",\"ecr:GetDownloadUrlForLayer\",\"ecr:GetAuthorizationToken\",\"ecr:CompleteLayerUpload\",\"ecr:BatchGetImage\",\"ecr:BatchCheckLayerAvailability\"],\"Effect\":\"Allow\",\"Resource\":\"*\"}],\"Version\":\"2012-10-17\"}",
            "policy_id": "ANPAQE5S7C33Z6NH4J47M",
            "tags": null,
            "tags_all": {}
          },
          "sensitive_attributes": [],
          "private": "bnVsbA==",
          "dependencies": [
            "module.ecs_node_role.data.aws_iam_policy_document.ecr_policy",
            "random_id.unique"
          ]
        }
      ]
    },
    {
      "module": "module.ecs_node_role",
      "mode": "managed",
      "type": "aws_iam_role",
      "name": "ecs_exec_role",
      "provider": "provider[\"registry.terraform.io/hashicorp/aws\"]",
      "instances": [
        {
          "schema_version": 0,
          "attributes": {
            "arn": "arn:aws:iam::010575877879:role/demo-ecs-node-role-047aa25a-exec20240917090720375000000002",
            "assume_role_policy": "{\"Statement\":[{\"Action\":\"sts:AssumeRole\",\"Effect\":\"Allow\",\"Principal\":{\"Service\":\"ecs-tasks.amazonaws.com\"}}],\"Version\":\"2012-10-17\"}",
            "create_date": "2024-09-17T09:07:20Z",
            "description": "",
            "force_detach_policies": false,
            "id": "demo-ecs-node-role-047aa25a-exec20240917090720375000000002",
            "inline_policy": [],
            "managed_policy_arns": [],
            "max_session_duration": 3600,
            "name": "demo-ecs-node-role-047aa25a-exec20240917090720375000000002",
            "name_prefix": "demo-ecs-node-role-047aa25a-exec",
            "path": "/",
            "permissions_boundary": "",
            "tags": null,
            "tags_all": {},
            "unique_id": "AROAQE5S7C334GU3ELHHP"
          },
          "sensitive_attributes": [],
          "private": "bnVsbA==",
          "dependencies": [
            "random_id.unique"
          ]
        }
      ]
    },
    {
      "module": "module.ecs_node_role",
      "mode": "managed",
      "type": "aws_iam_role",
      "name": "ecs_node_role",
      "provider": "provider[\"registry.terraform.io/hashicorp/aws\"]",
      "instances": [
        {
          "schema_version": 0,
          "attributes": {
            "arn": "arn:aws:iam::010575877879:role/demo-ecs-node-role-047aa25a20240917090721336000000004",
            "assume_role_policy": "{\"Statement\":[{\"Action\":\"sts:AssumeRole\",\"Effect\":\"Allow\",\"Principal\":{\"Service\":[\"ecs-tasks.amazonaws.com\",\"ec2.amazonaws.com\"]}}],\"Version\":\"2012-10-17\"}",
            "create_date": "2024-09-17T09:07:21Z",
            "description": "",
            "force_detach_policies": false,
            "id": "demo-ecs-node-role-047aa25a20240917090721336000000004",
            "inline_policy": [],
            "managed_policy_arns": [],
            "max_session_duration": 3600,
            "name": "demo-ecs-node-role-047aa25a20240917090721336000000004",
            "name_prefix": "demo-ecs-node-role-047aa25a",
            "path": "/",
            "permissions_boundary": "",
            "tags": null,
            "tags_all": {},
            "unique_id": "AROAQE5S7C336BJ6R2WWT"
          },
          "sensitive_attributes": [],
          "private": "bnVsbA==",
          "dependencies": [
            "module.ecs_node_role.data.aws_iam_policy_document.ecs_node_doc",
            "random_id.unique"
          ]
        }
      ]
    },
    {
      "module": "module.ecs_node_role",
      "mode": "managed",
      "type": "aws_iam_role_policy_attachment",
      "name": "ecs_cloudwatch_policy",
      "provider": "provider[\"registry.terraform.io/hashicorp/aws\"]",
      "instances": [
        {
          "schema_version": 0,
          "attributes": {
            "id": "demo-ecs-node-role-047aa25a20240917090721336000000004-20240917090722349900000009",
            "policy_arn": "arn:aws:iam::aws:policy/CloudWatchLogsFullAccess",
            "role": "demo-ecs-node-role-047aa25a20240917090721336000000004"
          },
          "sensitive_attributes": [],
          "private": "bnVsbA==",
          "dependencies": [
            "module.ecs_node_role.aws_iam_role.ecs_node_role",
            "module.ecs_node_role.data.aws_iam_policy_document.ecs_node_doc",
            "random_id.unique"
          ]
        }
      ]
    },
    {
      "module": "module.ecs_node_role",
      "mode": "managed",
      "type": "aws_iam_role_policy_attachment",
      "name": "ecs_ecr_policy",
      "provider": "provider[\"registry.terraform.io/hashicorp/aws\"]",
      "instances": [
        {
          "schema_version": 0,
          "attributes": {
            "id": "demo-ecs-node-role-047aa25a20240917090721336000000004-2024091709072236430000000a",
            "policy_arn": "arn:aws:iam::010575877879:policy/demo-ecs-node-role-047aa25a-ecr-policy",
            "role": "demo-ecs-node-role-047aa25a20240917090721336000000004"
          },
          "sensitive_attributes": [],
          "private": "bnVsbA==",
          "dependencies": [
            "module.ecs_node_role.aws_iam_policy.ecr_policy",
            "module.ecs_node_role.aws_iam_role.ecs_node_role",
            "module.ecs_node_role.data.aws_iam_policy_document.ecr_policy",
            "module.ecs_node_role.data.aws_iam_policy_document.ecs_node_doc",
            "random_id.unique"
          ]
        }
      ]
    },
    {
      "module": "module.ecs_node_role",
      "mode": "managed",
      "type": "aws_iam_role_policy_attachment",
      "name": "ecs_exec_cloudwatch_policy",
      "provider": "provider[\"registry.terraform.io/hashicorp/aws\"]",
      "instances": [
        {
          "schema_version": 0,
          "attributes": {
            "id": "demo-ecs-node-role-047aa25a-exec20240917090720375000000002-20240917090721890400000006",
            "policy_arn": "arn:aws:iam::010575877879:policy/demo-ecs-node-role-047aa25a-cloudwatch-logs-policy",
            "role": "demo-ecs-node-role-047aa25a-exec20240917090720375000000002"
          },
          "sensitive_attributes": [],
          "private": "bnVsbA==",
          "dependencies": [
            "module.ecs_node_role.aws_iam_policy.cloudwatch_logs_policy",
            "module.ecs_node_role.aws_iam_role.ecs_exec_role",
            "module.ecs_node_role.data.aws_iam_policy_document.cloudwatch_logs_policy",
            "random_id.unique"
          ]
        }
      ]
    },
    {
      "module": "module.ecs_node_role",
      "mode": "managed",
      "type": "aws_iam_role_policy_attachment",
      "name": "ecs_exec_role_policy",
      "provider": "provider[\"registry.terraform.io/hashicorp/aws\"]",
      "instances": [
        {
          "schema_version": 0,
          "attributes": {
            "id": "demo-ecs-node-role-047aa25a-exec20240917090720375000000002-20240917090722112100000007",
            "policy_arn": "arn:aws:iam::aws:policy/service-role/AmazonECSTaskExecutionRolePolicy",
            "role": "demo-ecs-node-role-047aa25a-exec20240917090720375000000002"
          },
          "sensitive_attributes": [],
          "private": "bnVsbA==",
          "dependencies": [
            "module.ecs_node_role.aws_iam_role.ecs_exec_role",
            "random_id.unique"
          ]
        }
      ]
    },
    {
      "module": "module.ecs_node_role",
      "mode": "managed",
      "type": "aws_iam_role_policy_attachment",
      "name": "ecs_node_role_policy",
      "provider": "provider[\"registry.terraform.io/hashicorp/aws\"]",
      "instances": [
        {
          "schema_version": 0,
          "attributes": {
            "id": "demo-ecs-node-role-047aa25a20240917090721336000000004-2024091709072238480000000c",
            "policy_arn": "arn:aws:iam::aws:policy/service-role/AmazonEC2ContainerServiceforEC2Role",
            "role": "demo-ecs-node-role-047aa25a20240917090721336000000004"
          },
          "sensitive_attributes": [],
          "private": "bnVsbA==",
          "dependencies": [
            "module.ecs_node_role.aws_iam_role.ecs_node_role",
            "module.ecs_node_role.data.aws_iam_policy_document.ecs_node_doc",
            "random_id.unique"
          ]
        }
      ]
    },
    {
      "module": "module.ecs_node_role",
      "mode": "managed",
      "type": "aws_iam_role_policy_attachment",
      "name": "ecs_ssm_policy",
      "provider": "provider[\"registry.terraform.io/hashicorp/aws\"]",
      "instances": [
        {
          "schema_version": 0,
          "attributes": {
            "id": "demo-ecs-node-role-047aa25a20240917090721336000000004-2024091709072238410000000b",
            "policy_arn": "arn:aws:iam::aws:policy/AmazonSSMManagedInstanceCore",
            "role": "demo-ecs-node-role-047aa25a20240917090721336000000004"
          },
          "sensitive_attributes": [],
          "private": "bnVsbA==",
          "dependencies": [
            "module.ecs_node_role.aws_iam_role.ecs_node_role",
            "module.ecs_node_role.data.aws_iam_policy_document.ecs_node_doc",
            "random_id.unique"
          ]
        }
      ]
    },
    {
      "module": "module.ecs_task_role",
      "mode": "managed",
      "type": "aws_iam_role",
      "name": "ecs_exec_role",
      "provider": "provider[\"registry.terraform.io/hashicorp/aws\"]",
      "instances": [
        {
          "schema_version": 0,
          "attributes": {
            "arn": "arn:aws:iam::010575877879:role/demo-ecs-exec-role-047aa25a20240917090720373700000001",
            "assume_role_policy": "{\"Statement\":[{\"Action\":\"sts:AssumeRole\",\"Effect\":\"Allow\",\"Principal\":{\"Service\":\"ecs-tasks.amazonaws.com\"}}],\"Version\":\"2012-10-17\"}",
            "create_date": "2024-09-17T09:07:20Z",
            "description": "",
            "force_detach_policies": false,
            "id": "demo-ecs-exec-role-047aa25a20240917090720373700000001",
            "inline_policy": [],
            "managed_policy_arns": [],
            "max_session_duration": 3600,
            "name": "demo-ecs-exec-role-047aa25a20240917090720373700000001",
            "name_prefix": "demo-ecs-exec-role-047aa25a",
            "path": "/",
            "permissions_boundary": "",
            "tags": null,
            "tags_all": {},
            "unique_id": "AROAQE5S7C33U5DPRN67A"
          },
          "sensitive_attributes": [],
          "private": "bnVsbA==",
          "dependencies": [
            "random_id.unique"
          ]
        }
      ]
    },
    {
      "module": "module.ecs_task_role",
      "mode": "managed",
      "type": "aws_iam_role",
      "name": "ecs_task_role",
      "provider": "provider[\"registry.terraform.io/hashicorp/aws\"]",
      "instances": [
        {
          "schema_version": 0,
          "attributes": {
            "arn": "arn:aws:iam::010575877879:role/demo-ecs-task-role-047aa25a20240917090721027000000003",
            "assume_role_policy": "{\"Statement\":[{\"Action\":\"sts:AssumeRole\",\"Effect\":\"Allow\",\"Principal\":{\"Service\":\"ecs-tasks.amazonaws.com\"}}],\"Version\":\"2012-10-17\"}",
            "create_date": "2024-09-17T09:07:21Z",
            "description": "",
            "force_detach_policies": false,
            "id": "demo-ecs-task-role-047aa25a20240917090721027000000003",
            "inline_policy": [],
            "managed_policy_arns": [],
            "max_session_duration": 3600,
            "name": "demo-ecs-task-role-047aa25a20240917090721027000000003",
            "name_prefix": "demo-ecs-task-role-047aa25a",
            "path": "/",
            "permissions_boundary": "",
            "tags": null,
            "tags_all": {},
            "unique_id": "AROAQE5S7C33XBXIL7JQV"
          },
          "sensitive_attributes": [],
          "private": "bnVsbA==",
          "dependencies": [
            "random_id.unique"
          ]
        }
      ]
    },
    {
      "module": "module.ecs_task_role",
      "mode": "managed",
      "type": "aws_iam_role_policy_attachment",
      "name": "ecs_exec_role_policy",
      "provider": "provider[\"registry.terraform.io/hashicorp/aws\"]",
      "instances": [
        {
          "schema_version": 0,
          "attributes": {
            "id": "demo-ecs-exec-role-047aa25a20240917090720373700000001-20240917090721775700000005",
            "policy_arn": "arn:aws:iam::aws:policy/service-role/AmazonECSTaskExecutionRolePolicy",
            "role": "demo-ecs-exec-role-047aa25a20240917090720373700000001"
          },
          "sensitive_attributes": [],
          "private": "bnVsbA==",
          "dependencies": [
            "module.ecs_task_role.aws_iam_role.ecs_exec_role",
            "random_id.unique"
          ]
        }
      ]
    },
    {
      "module": "module.internet_gateway",
      "mode": "managed",
      "type": "aws_eip",
      "name": "main",
      "provider": "provider[\"registry.terraform.io/hashicorp/aws\"]",
      "instances": [
        {
          "index_key": 0,
          "schema_version": 0,
          "attributes": {
            "address": null,
            "allocation_id": "eipalloc-0d4323886086f086a",
            "arn": "arn:aws:ec2:us-east-1:010575877879:elastic-ip/eipalloc-0d4323886086f086a",
            "associate_with_private_ip": null,
            "association_id": "",
            "carrier_ip": "",
            "customer_owned_ip": "",
            "customer_owned_ipv4_pool": "",
            "domain": "vpc",
            "id": "eipalloc-0d4323886086f086a",
            "instance": "",
            "network_border_group": "us-east-1",
            "network_interface": "",
            "private_dns": null,
            "private_ip": "",
            "ptr_record": "",
            "public_dns": "ec2-3-220-1-168.compute-1.amazonaws.com",
            "public_ip": "3.220.1.168",
            "public_ipv4_pool": "amazon",
            "tags": {
              "Name": "demo-eip-us-east-1a"
            },
            "tags_all": {
              "Name": "demo-eip-us-east-1a"
            },
            "timeouts": null,
            "vpc": true
          },
          "sensitive_attributes": [],
          "private": "eyJlMmJmYjczMC1lY2FhLTExZTYtOGY4OC0zNDM2M2JjN2M0YzAiOnsiZGVsZXRlIjoxODAwMDAwMDAwMDAsInJlYWQiOjkwMDAwMDAwMDAwMCwidXBkYXRlIjozMDAwMDAwMDAwMDB9fQ==",
          "dependencies": [
            "data.aws_availability_zones.available",
            "module.internet_gateway.aws_internet_gateway.main",
            "module.vpc.aws_vpc.main",
            "random_id.unique"
          ]
        },
        {
          "index_key": 1,
          "schema_version": 0,
          "attributes": {
            "address": null,
            "allocation_id": "eipalloc-0f694a6debec3eec5",
            "arn": "arn:aws:ec2:us-east-1:010575877879:elastic-ip/eipalloc-0f694a6debec3eec5",
            "associate_with_private_ip": null,
            "association_id": "",
            "carrier_ip": "",
            "customer_owned_ip": "",
            "customer_owned_ipv4_pool": "",
            "domain": "vpc",
            "id": "eipalloc-0f694a6debec3eec5",
            "instance": "",
            "network_border_group": "us-east-1",
            "network_interface": "",
            "private_dns": null,
            "private_ip": "",
            "ptr_record": "",
            "public_dns": "ec2-100-29-166-58.compute-1.amazonaws.com",
            "public_ip": "100.29.166.58",
            "public_ipv4_pool": "amazon",
            "tags": {
              "Name": "demo-eip-us-east-1b"
            },
            "tags_all": {
              "Name": "demo-eip-us-east-1b"
            },
            "timeouts": null,
            "vpc": true
          },
          "sensitive_attributes": [],
          "private": "eyJlMmJmYjczMC1lY2FhLTExZTYtOGY4OC0zNDM2M2JjN2M0YzAiOnsiZGVsZXRlIjoxODAwMDAwMDAwMDAsInJlYWQiOjkwMDAwMDAwMDAwMCwidXBkYXRlIjozMDAwMDAwMDAwMDB9fQ==",
          "dependencies": [
            "data.aws_availability_zones.available",
            "module.internet_gateway.aws_internet_gateway.main",
            "module.vpc.aws_vpc.main",
            "random_id.unique"
          ]
        }
      ]
    },
    {
      "module": "module.internet_gateway",
      "mode": "managed",
      "type": "aws_internet_gateway",
      "name": "main",
      "provider": "provider[\"registry.terraform.io/hashicorp/aws\"]",
      "instances": [
        {
          "schema_version": 0,
          "attributes": {
            "arn": "arn:aws:ec2:us-east-1:010575877879:internet-gateway/igw-0516921d909c59d98",
            "id": "igw-0516921d909c59d98",
            "owner_id": "010575877879",
            "tags": {
              "Name": "demo-igw-047aa25a"
            },
            "tags_all": {
              "Name": "demo-igw-047aa25a"
            },
            "timeouts": null,
            "vpc_id": "vpc-0d43692f7d643a966"
          },
          "sensitive_attributes": [],
          "private": "eyJlMmJmYjczMC1lY2FhLTExZTYtOGY4OC0zNDM2M2JjN2M0YzAiOnsiY3JlYXRlIjoxMjAwMDAwMDAwMDAwLCJkZWxldGUiOjEyMDAwMDAwMDAwMDAsInVwZGF0ZSI6MTIwMDAwMDAwMDAwMH19",
          "dependencies": [
            "module.vpc.aws_vpc.main",
            "random_id.unique"
          ],
          "create_before_destroy": true
        }
      ]
    },
    {
      "module": "module.log_group",
      "mode": "managed",
      "type": "aws_cloudwatch_log_group",
      "name": "this",
      "provider": "provider[\"registry.terraform.io/hashicorp/aws\"]",
      "instances": [
        {
          "schema_version": 0,
          "attributes": {
            "arn": "arn:aws:logs:us-east-1:010575877879:log-group:my-log-group-",
            "id": "my-log-group-",
            "kms_key_id": "",
            "log_group_class": "STANDARD",
            "name": "my-log-group-",
            "name_prefix": "",
            "retention_in_days": 1,
            "skip_destroy": false,
            "tags": null,
            "tags_all": {}
          },
          "sensitive_attributes": [],
          "private": "bnVsbA=="
        }
      ]
    },
    {
      "module": "module.log_group",
      "mode": "managed",
      "type": "aws_cloudwatch_log_stream",
      "name": "this",
      "provider": "provider[\"registry.terraform.io/hashicorp/aws\"]",
      "instances": [
        {
          "schema_version": 0,
          "attributes": {
            "arn": "arn:aws:logs:us-east-1:010575877879:log-group:my-log-group-:log-stream:log_group047aa25a",
            "id": "log_group047aa25a",
            "log_group_name": "my-log-group-",
            "name": "log_group047aa25a"
          },
          "sensitive_attributes": [],
          "private": "bnVsbA==",
          "dependencies": [
            "module.log_group.aws_cloudwatch_log_group.this",
            "random_id.unique"
          ]
        }
      ]
    },
    {
      "module": "module.log_stream",
      "mode": "managed",
      "type": "aws_cloudwatch_log_stream",
      "name": "this",
      "provider": "provider[\"registry.terraform.io/hashicorp/aws\"]",
      "instances": [
        {
          "schema_version": 0,
          "attributes": {
            "arn": "arn:aws:logs:us-east-1:010575877879:log-group:my-log-group-:log-stream:log_stream047aa25a",
            "id": "log_stream047aa25a",
            "log_group_name": "my-log-group-",
            "name": "log_stream047aa25a"
          },
          "sensitive_attributes": [],
          "private": "bnVsbA==",
          "dependencies": [
            "module.log_group.aws_cloudwatch_log_group.this",
            "random_id.unique"
          ]
        }
      ]
    },
    {
      "module": "module.nat_gateway",
      "mode": "managed",
      "type": "aws_eip",
      "name": "nat",
      "provider": "provider[\"registry.terraform.io/hashicorp/aws\"]",
      "instances": [
        {
          "schema_version": 0,
          "attributes": {
            "address": null,
            "allocation_id": "eipalloc-0b5a93a9f1bc04dc9",
            "arn": "arn:aws:ec2:us-east-1:010575877879:elastic-ip/eipalloc-0b5a93a9f1bc04dc9",
            "associate_with_private_ip": null,
            "association_id": "",
            "carrier_ip": "",
            "customer_owned_ip": "",
            "customer_owned_ipv4_pool": "",
            "domain": "vpc",
            "id": "eipalloc-0b5a93a9f1bc04dc9",
            "instance": "",
            "network_border_group": "us-east-1",
            "network_interface": "",
            "private_dns": null,
            "private_ip": "",
            "ptr_record": "",
            "public_dns": "ec2-34-236-161-144.compute-1.amazonaws.com",
            "public_ip": "34.236.161.144",
            "public_ipv4_pool": "amazon",
            "tags": {
              "Name": "demo-047aa25a-eip-nat"
            },
            "tags_all": {
              "Name": "demo-047aa25a-eip-nat"
            },
            "timeouts": null,
            "vpc": true
          },
          "sensitive_attributes": [],
          "private": "eyJlMmJmYjczMC1lY2FhLTExZTYtOGY4OC0zNDM2M2JjN2M0YzAiOnsiZGVsZXRlIjoxODAwMDAwMDAwMDAsInJlYWQiOjkwMDAwMDAwMDAwMCwidXBkYXRlIjozMDAwMDAwMDAwMDB9fQ==",
          "dependencies": [
            "random_id.unique"
          ]
        }
      ]
    },
    {
      "module": "module.vpc",
      "mode": "managed",
      "type": "aws_route",
      "name": "public_internet_gateway",
      "provider": "provider[\"registry.terraform.io/hashicorp/aws\"]",
      "instances": [
        {
          "schema_version": 0,
          "attributes": {
            "carrier_gateway_id": "",
            "core_network_arn": "",
            "destination_cidr_block": "0.0.0.0/0",
            "destination_ipv6_cidr_block": "",
            "destination_prefix_list_id": "",
            "egress_only_gateway_id": "",
            "gateway_id": "igw-0516921d909c59d98",
            "id": "r-rtb-0bb8b74ef88bde7e31080289494",
            "instance_id": "",
            "instance_owner_id": "",
            "local_gateway_id": "",
            "nat_gateway_id": "",
            "network_interface_id": "",
            "origin": "CreateRoute",
            "route_table_id": "rtb-0bb8b74ef88bde7e3",
            "state": "active",
            "timeouts": null,
            "transit_gateway_id": "",
            "vpc_endpoint_id": "",
            "vpc_peering_connection_id": ""
          },
          "sensitive_attributes": [],
          "private": "eyJlMmJmYjczMC1lY2FhLTExZTYtOGY4OC0zNDM2M2JjN2M0YzAiOnsiY3JlYXRlIjozMDAwMDAwMDAwMDAsImRlbGV0ZSI6MzAwMDAwMDAwMDAwLCJ1cGRhdGUiOjEyMDAwMDAwMDAwMH19",
          "dependencies": [
            "module.internet_gateway.aws_internet_gateway.main",
            "module.vpc.aws_route_table.public",
            "module.vpc.aws_vpc.main",
            "random_id.unique"
          ]
        }
      ]
    },
    {
      "module": "module.vpc",
      "mode": "managed",
      "type": "aws_route_table",
      "name": "private",
      "provider": "provider[\"registry.terraform.io/hashicorp/aws\"]",
      "instances": [
        {
          "index_key": 0,
          "schema_version": 0,
          "attributes": {
            "arn": "arn:aws:ec2:us-east-1:010575877879:route-table/rtb-020a08fa9eb7b5ac0",
            "id": "rtb-020a08fa9eb7b5ac0",
            "owner_id": "010575877879",
            "propagating_vgws": [],
            "route": [],
            "tags": {
              "Name": "demo-vpc-047aa25a-private-rt-1"
            },
            "tags_all": {
              "Name": "demo-vpc-047aa25a-private-rt-1"
            },
            "timeouts": null,
            "vpc_id": "vpc-0d43692f7d643a966"
          },
          "sensitive_attributes": [],
          "private": "eyJlMmJmYjczMC1lY2FhLTExZTYtOGY4OC0zNDM2M2JjN2M0YzAiOnsiY3JlYXRlIjozMDAwMDAwMDAwMDAsImRlbGV0ZSI6MzAwMDAwMDAwMDAwLCJ1cGRhdGUiOjEyMDAwMDAwMDAwMH19",
          "dependencies": [
            "module.vpc.aws_vpc.main",
            "random_id.unique"
          ]
        }
      ]
    },
    {
      "module": "module.vpc",
      "mode": "managed",
      "type": "aws_route_table",
      "name": "public",
      "provider": "provider[\"registry.terraform.io/hashicorp/aws\"]",
      "instances": [
        {
          "schema_version": 0,
          "attributes": {
            "arn": "arn:aws:ec2:us-east-1:010575877879:route-table/rtb-0bb8b74ef88bde7e3",
            "id": "rtb-0bb8b74ef88bde7e3",
            "owner_id": "010575877879",
            "propagating_vgws": [],
            "route": [],
            "tags": {
              "Name": "demo-vpc-047aa25a-public-rt"
            },
            "tags_all": {
              "Name": "demo-vpc-047aa25a-public-rt"
            },
            "timeouts": null,
            "vpc_id": "vpc-0d43692f7d643a966"
          },
          "sensitive_attributes": [],
          "private": "eyJlMmJmYjczMC1lY2FhLTExZTYtOGY4OC0zNDM2M2JjN2M0YzAiOnsiY3JlYXRlIjozMDAwMDAwMDAwMDAsImRlbGV0ZSI6MzAwMDAwMDAwMDAwLCJ1cGRhdGUiOjEyMDAwMDAwMDAwMH19",
          "dependencies": [
            "module.vpc.aws_vpc.main",
            "random_id.unique"
          ]
        }
      ]
    },
    {
      "module": "module.vpc",
      "mode": "managed",
      "type": "aws_vpc",
      "name": "main",
      "provider": "provider[\"registry.terraform.io/hashicorp/aws\"]",
      "instances": [
        {
          "schema_version": 1,
          "attributes": {
            "arn": "arn:aws:ec2:us-east-1:010575877879:vpc/vpc-0d43692f7d643a966",
            "assign_generated_ipv6_cidr_block": false,
            "cidr_block": "10.0.0.0/16",
            "default_network_acl_id": "acl-0b0b78cb9d16c9f6d",
            "default_route_table_id": "rtb-04d2b94a4570c71ed",
            "default_security_group_id": "sg-03a7b6b7cb5f44b78",
            "dhcp_options_id": "dopt-08e101c41153c0050",
            "enable_dns_hostnames": true,
            "enable_dns_support": true,
            "enable_network_address_usage_metrics": false,
            "id": "vpc-0d43692f7d643a966",
            "instance_tenancy": "default",
            "ipv4_ipam_pool_id": null,
            "ipv4_netmask_length": null,
            "ipv6_association_id": "",
            "ipv6_cidr_block": "",
            "ipv6_cidr_block_network_border_group": "",
            "ipv6_ipam_pool_id": "",
            "ipv6_netmask_length": 0,
            "main_route_table_id": "rtb-04d2b94a4570c71ed",
            "owner_id": "010575877879",
            "tags": {
              "Name": "demo-vpc-047aa25a"
            },
            "tags_all": {
              "Name": "demo-vpc-047aa25a"
            }
          },
          "sensitive_attributes": [],
          "private": "eyJzY2hlbWFfdmVyc2lvbiI6IjEifQ==",
          "dependencies": [
            "random_id.unique"
          ],
          "create_before_destroy": true
        }
      ]
    }
  ],
  "check_results": null
}
