{
  "version": 4,
  "terraform_version": "1.9.5",
  "serial": 2421,
  "lineage": "d261af2c-4349-6c3b-6dfd-d2548ce19382",
  "outputs": {
    "selected_ecs_optimized_ami_id": {
      "value": "ami-07ae7190a74b334a0",
      "type": "string"
    }
  },
  "resources": [
    {
      "mode": "data",
      "type": "aws_ami",
      "name": "ecs_optimized",
      "provider": "provider[\"registry.terraform.io/hashicorp/aws\"]",
      "instances": [
        {
          "schema_version": 0,
          "attributes": {
            "architecture": "x86_64",
            "arn": "arn:aws:ec2:us-east-1::image/ami-07ae7190a74b334a0",
            "block_device_mappings": [
              {
                "device_name": "/dev/xvda",
                "ebs": {
                  "delete_on_termination": "true",
                  "encrypted": "false",
                  "iops": "0",
                  "snapshot_id": "snap-08af2e5c0c135b339",
                  "throughput": "0",
                  "volume_size": "30",
                  "volume_type": "gp2"
                },
                "no_device": "",
                "virtual_name": ""
              }
            ],
            "boot_mode": "",
            "creation_date": "2024-09-10T00:22:53.000Z",
            "deprecation_time": "2026-09-10T00:22:53.000Z",
            "description": "Amazon Linux AMI 2.0.20240909 x86_64 ECS HVM GP2",
            "ena_support": true,
            "executable_users": null,
            "filter": [
              {
                "name": "name",
                "values": [
                  "amzn2-ami-ecs-hvm-*-x86_64-ebs"
                ]
              },
              {
                "name": "owner-id",
                "values": [
                  "591542846629"
                ]
              },
              {
                "name": "virtualization-type",
                "values": [
                  "hvm"
                ]
              }
            ],
            "hypervisor": "xen",
            "id": "ami-07ae7190a74b334a0",
            "image_id": "ami-07ae7190a74b334a0",
            "image_location": "amazon/amzn2-ami-ecs-hvm-2.0.20240909-x86_64-ebs",
            "image_owner_alias": "amazon",
            "image_type": "machine",
            "imds_support": "",
            "include_deprecated": false,
            "kernel_id": "",
            "most_recent": true,
            "name": "amzn2-ami-ecs-hvm-2.0.20240909-x86_64-ebs",
            "name_regex": null,
            "owner_id": "591542846629",
            "owners": [
              "591542846629"
            ],
            "platform": "",
            "platform_details": "Linux/UNIX",
            "product_codes": [],
            "public": true,
            "ramdisk_id": "",
            "root_device_name": "/dev/xvda",
            "root_device_type": "ebs",
            "root_snapshot_id": "snap-08af2e5c0c135b339",
            "sriov_net_support": "simple",
            "state": "available",
            "state_reason": {
              "code": "UNSET",
              "message": "UNSET"
            },
            "tags": {},
            "timeouts": null,
            "tpm_support": "",
            "usage_operation": "RunInstances",
            "virtualization_type": "hvm"
          },
          "sensitive_attributes": []
        }
      ]
    },
    {
      "mode": "data",
      "type": "aws_availability_zones",
      "name": "available",
      "provider": "provider[\"registry.terraform.io/hashicorp/aws\"]",
      "instances": [
        {
          "schema_version": 0,
          "attributes": {
            "all_availability_zones": null,
            "exclude_names": null,
            "exclude_zone_ids": null,
            "filter": null,
            "group_names": [
              "us-east-1"
            ],
            "id": "us-east-1",
            "names": [
              "us-east-1a",
              "us-east-1b",
              "us-east-1c",
              "us-east-1d",
              "us-east-1e",
              "us-east-1f"
            ],
            "state": "available",
            "timeouts": null,
            "zone_ids": [
              "use1-az2",
              "use1-az4",
              "use1-az6",
              "use1-az1",
              "use1-az3",
              "use1-az5"
            ]
          },
          "sensitive_attributes": []
        }
      ]
    },
    {
      "mode": "managed",
      "type": "aws_key_pair",
      "name": "generated_key",
      "provider": "provider[\"registry.terraform.io/hashicorp/aws\"]",
      "instances": [
        {
          "schema_version": 1,
          "attributes": {
            "arn": "arn:aws:ec2:us-east-1:010575877879:key-pair/ecs-instance-key-d5e122ee",
            "fingerprint": "a3:2a:d9:c9:b3:d8:9b:42:a2:06:30:dc:76:d0:20:5f",
            "id": "ecs-instance-key-d5e122ee",
            "key_name": "ecs-instance-key-d5e122ee",
            "key_name_prefix": "",
            "key_pair_id": "key-041423ac78218fd35",
            "key_type": "rsa",
            "public_key": "ssh-rsa AAAAB3NzaC1yc2EAAAADAQABAAACAQDNaIdtbunC5VVOHcHp4b9OqWU4BuC+C1g5bu9PoyUy6Lqq0Li/DNbdjiVMXczHxxpV8qYexwmvlr4sHLnkqHlOfBPE4KO4fSIMhiliEIxvHCqJ00usraveHvLYL1DzrEGwsJsRjAQbxGAaLW31hdkXaHacC976YVxvHKNS9AzOy/3G/Z+iSmwA7D6I09eohA4CHjwGcNsKwa/cXbARavfy+c5KAhmPuV2TU7sPNnTgw6BuCFrfXU8rCp4V/rP5RSP2eoyTQzG5LrurNp/UHCb5c7DsBIfZi++iuLjQrh3atO+bcLr3ARoVGNzMifA6Qs4111w8DGjoqe161x5aZV5tuAhQkR/h9nOOT6mYK3wPhLt+cEDPMSbUNj7d812BMAINEklxsGcUO95t+0TWT7lxKEVmGv0iiDiwTIBaL7j857x6hiUcbNsc5II3qHxEiaX0gKbErc+FdCN9QhTAG7UaPvrV0/a0h+Wvrcgq7wAaXHV+b7Y0c6tLU0NCC4k94pEDoAil6MDPT2BetBB+p2ga23Kk6HMFrMz6gbz1MQxyw1UH7vdrk0YAqKAvjw/YBPJ1xMZxaT7HCPYZJ7xb+mfA9vla/FIb8vpLiFjPtibnC8+K2UONaMcdVY0NS4RhNbnkcloLxfFVWMjj2nyhiSDCrmfrbBOFbCTAibklORoKvQ==",
            "tags": null,
            "tags_all": {}
          },
          "sensitive_attributes": [],
          "private": "eyJzY2hlbWFfdmVyc2lvbiI6IjEifQ==",
          "dependencies": [
            "random_id.unique",
            "tls_private_key.ssh_key"
          ]
        }
      ]
    },
    {
      "mode": "managed",
      "type": "local_file",
      "name": "private_key",
      "provider": "provider[\"registry.terraform.io/hashicorp/local\"]",
      "instances": [
        {
          "schema_version": 0,
          "attributes": {
            "content": "-----BEGIN RSA PRIVATE KEY-----\nMIIJJwIBAAKCAgEAzWiHbW7pwuVVTh3B6eG/TqllOAbgvgtYOW7vT6MlMui6qtC4\nvwzW3Y4lTF3Mx8caVfKmHscJr5a+LBy55Kh5TnwTxOCjuH0iDIYpYhCMbxwqidNL\nrK2r3h7y2C9Q86xBsLCbEYwEG8RgGi1t9YXZF2h2nAve+mFcbxyjUvQMzsv9xv2f\nokpsAOw+iNPXqIQOAh48BnDbCsGv3F2wEWr38vnOSgIZj7ldk1O7DzZ04MOgbgha\n311PKwqeFf6z+UUj9nqMk0MxuS67qzaf1Bwm+XOw7ASH2Yvvori40K4d2rTvm3C6\n9wEaFRjczInwOkLONddcPAxo6KntetceWmVebbgIUJEf4fZzjk+pmCt8D4S7fnBA\nzzEm1DY+3fNdgTACDRJJcbBnFDvebftE1k+5cShFZhr9Iog4sEyAWi+4/Oe8eoYl\nHGzbHOSCN6h8RIml9ICmxK3PhXQjfUIUwBu1Gj761dP2tIflr63IKu8AGlx1fm+2\nNHOrS1NDQguJPeKRA6AIpejAz09gXrQQfqdoGttypOhzBazM+oG89TEMcsNVB+73\na5NGAKigL48P2ATydcTGcWk+xwj2GSe8W/pnwPb5WvxSG/L6S4hYz7Ym5wvPitlD\njWjHHVWNDUuEYTW55HJaC8XxVVjI49p8oYkgwq5n62wThWwkwIm5JTkaCr0CAwEA\nAQKCAgB9w6hXinc5yyxlvbaCuqNlSDYfDacA9PU5hQClI+CcwP25pD3ZS8UqteOE\nVFITZ4ZqZTzszzTQ+1zIqXXv2G8dbL615kyXopX8URB5aGRziy1IYcSNn3ABebV6\nQ84uw6McyaTII5BIZ/3nSTVwBFmdCWrFtEb7yizMIx6kpaRJ4YAqHBNnTGXAUuUe\n5YW/OctR5K0fzG1wspI4PGyW3YWekPCLQ6ne48G1eKipcdAx5dUOSbNJ21mjosaT\n9PTAhGK2gOYdLCD/nutssu888Vezl/AVMdjzi8hXOv59Vn4U8H9cDrOKlHQhwq09\n1p7tLQYQ1SE16us4uQIcGiYNds9PB8mYIhsdnsQESs6/1DWRlsud6Px0tY3j60Lu\nDrZ1UCFwnaV8UdUnrKC9gzRNLupZKGST1p8N95t8NaVVIN/oJprEsaJugDfl1k52\nbVr5KMm6F/iiEJBUHiVbVAj+GLwG95hQg32MY4noFElJsjUoz0rR0LuttiZg0kA0\npQ2vZzKmPsir+aJviq0LTirAoOUvPKRMTxGlrhG1SaVhudpvP1kBQmc49XD9/oku\npLkImqmtjh6UGMWCYG0AZBa8D5Bvx2i4bxJm82yeuIyQUvsRW9USmF6kzYo5vNsc\n8uve9uzd6sAUgVjqieTMwJ0TgtjaPpx2yxF3apnW2tPaf0uyAQKCAQEA/8Twe8r/\nl54s6G4nQMj780aSQTSLV4LLGNGrNR018gSq69HSpHsvKEHvpZ9rnyRNoxyxloBY\nO1fexmZkcRnsFDOEE90UmXkYXIL87yEAmStGiyPPKN/96PAaFhJwmmE6ERUuTLon\n7Aov059C6MOscimgNscdKzKjYwu+yG5tbwuQAJHovwCriI1esrWBcXPe0d2BvrbM\nsTGfM1F1Bh8Atg6towtsopzcXoAnkRAAzdx35E40KlYGub/xKPwYjQp3d+hb2kAT\nGhFUO6WdBbcbsnJE4xxQ2Ab6bf7SbmNkyVd3JD0uJL/ZGFAWGjmZGdbD06IvsdKr\npKu+9m7uroqGQQKCAQEAzZf16S/8EceEPrnV7hjzt6bir8d92y5N4gl4zz5xjlvn\nPan4wJqKnGgTR7aw6XgB9Qaijoybz+Y+Fv3vORib7jJ36ufIUOYHwhcpf91ZLFez\nA4rvB5f0Xn5klFGChUhKrM+KfPosayA2opuNpl29HMoOM75ynm79mop76s4F2Gzu\nTJ8OGLnxmRbemutZNhHwQg946bg2E05EGbEvm24BnSPYqSRVoD+sPEx6lq9uw+1G\nFfvEFS/nw143gQwHuN+vCjV6V9W+jE2JsrtiXN0kyiH9DjkeTEmgvB2jfnVn19X8\ntwynHFRBrd2tukdRx1EOt+u8XlfAX71903re2Tk9fQKCAQBxQWerqWwcWzJPiddf\n3J+UTf+dWAMLsSL1zoIddt3YWTDGU5cOtm1fSjMwB7PEOHMYczBAEH0Baht/hv+b\nBXuARn+JvC/O9cxPysDtspNtP7hxDF5DH0xzxT4H4Ap0kfEAd3yVBSmAX9JlxvP9\n1geaVcxX9Tt5UWcACMdmQV+7+Ea/udxyF33dbZwtTioPbtuP2qIFLTTekbaJJtzG\n5RuPglhpBjoIl6UNQ3pBxfBVN/bu5aI7zPQVdGT5XQgSDDxyoDVsI0tSE7JU5zTs\nvvRIxEi0uGkj/5MM+fV8ZA7RCSX8qgqwwzMCjRP8cNzWkD8Oi5bLCxpuRI6+2Mhg\nCX8BAoIBAFF0LESH81lj77weSmi70Atp/hPgeLeW39p3IDsTpU/ej3450kkUsWgI\nP+NAuVS2bCgUyeCqSq0SrnTThKzdWCIGMsaJsC6FBHvcS1/SZZsQ3+a+a7dZd8Lc\nVqMArDJ8EsHmtBqRz3ld2OeRs4w/RUabswbDJIwqsyVASpobp+s4NS18MsyPFu4t\nRmKgbcbjUooJsUD/78S0VHzNW2w8KD2GzzcsIxSLRYTaVBNRTBQp9IOPLP+r7CnW\nMS1ag9C2JpZn26HjGExkB/MdFHpwTzwaPTUeYiedYCZHo9fdUhgMOsSXKboqk577\n3fGYggjyz18E8at7HsePvsNDwfjUGc0CggEAdkBnvi0QNpTkLPcOua1/41mmRHJj\niX9GRy9HznJ7k5F/Uzmao19abr8AKX/9YG6YoR5LAR55H6o0RtwBd2ndqvm1vV38\nnVWYchWtbVEqtC0Ga2bjRdO1aEUvdouLKM/FgnApxswMJlAIBtIq+X3W8hGNXG09\nyvNtogK16bfocrBMomvShp6IoeotrbrgLLn1IQm+N1Hquya52x40zu6lbkQ7Y1fv\nV6CuNTyt5UEHZpfoghlomvdVuA4qw0HoMgmlvqn/HG2oV18DGiODg2s9DPMFmXx9\nVLqU/x7S9X7EJqf0osIHPah5nKh9V9nernplDV4OiPDVgOCtEGpY2bn3Kg==\n-----END RSA PRIVATE KEY-----\n",
            "content_base64": null,
            "content_base64sha256": "Dh/B0jTItjahoQhmlmQ3q+Gxbh3mRzVSLVhM/OCEX8E=",
            "content_base64sha512": "F7IKxhaMhhSfoAuO++4l0TzKrVlaw3WiZ4ZnGbmTFhrLP8DO/MPKrgKXY8srpXUMBRleIUBHv9zlK8pqiEEYHA==",
            "content_md5": "6813258b174ab99ca344e01a67374e91",
            "content_sha1": "de63f920ee8980aaeb679a355b34729915b7a930",
            "content_sha256": "0e1fc1d234c8b636a1a10866966437abe1b16e1de64735522d584cfce0845fc1",
            "content_sha512": "17b20ac6168c86149fa00b8efbee25d13ccaad595ac375a267866719b993161acb3fc0cefcc3caae029763cb2ba5750c05195e214047bfdce52bca6a8841181c",
            "directory_permission": "0777",
            "file_permission": "0600",
            "filename": "./ecs-instance-key.pem",
            "id": "de63f920ee8980aaeb679a355b34729915b7a930",
            "sensitive_content": null,
            "source": null
          },
          "sensitive_attributes": [
            [
              {
                "type": "get_attr",
                "value": "content"
              }
            ],
            [
              {
                "type": "get_attr",
                "value": "sensitive_content"
              }
            ]
          ],
          "dependencies": [
            "tls_private_key.ssh_key"
          ]
        }
      ]
    },
    {
      "mode": "managed",
      "type": "null_resource",
      "name": "drain_ecs_cluster",
      "provider": "provider[\"registry.terraform.io/hashicorp/null\"]",
      "instances": [
        {
          "schema_version": 0,
          "attributes": {
            "id": "460397331111371162",
            "triggers": {
              "cluster_name": "demo-cluster-d5e122ee"
            }
          },
          "sensitive_attributes": [],
          "dependencies": [
            "aws_key_pair.generated_key",
            "data.aws_availability_zones.available",
            "module.alb.aws_lb_target_group.app",
            "module.alb.aws_security_group.http",
            "module.alb.random_id.target_group_suffix",
            "module.ecs_asg.aws_autoscaling_group.ecs",
            "module.ecs_capacity_provider.aws_ecs_capacity_provider.main",
            "module.ecs_cluster.aws_ecs_cluster.main",
            "module.ecs_launch_template.aws_launch_template.ecs_ec2",
            "module.ecs_launch_template.data.aws_region.current",
            "module.ecs_node_role.aws_iam_instance_profile.ecs_node",
            "module.ecs_node_role.aws_iam_role.ecs_exec_role",
            "module.ecs_node_role.aws_iam_role.ecs_node_role",
            "module.ecs_node_role.data.aws_iam_policy_document.ecs_node_doc",
            "module.ecs_node_sg.aws_security_group.ecs_node_sg",
            "module.ecs_service.aws_ecs_service.app",
            "module.ecs_task_definition.aws_ecs_task_definition.app",
            "module.log_group.aws_cloudwatch_log_group.this",
            "module.log_group.aws_cloudwatch_log_stream.this",
            "module.vpc.aws_subnet.public",
            "module.vpc.aws_vpc.main",
            "random_id.unique",
            "tls_private_key.ssh_key"
          ]
        }
      ]
    },
    {
      "mode": "managed",
      "type": "random_id",
      "name": "unique",
      "provider": "provider[\"registry.terraform.io/hashicorp/random\"]",
      "instances": [
        {
          "schema_version": 0,
          "attributes": {
            "b64_std": "1eEi7g==",
            "b64_url": "1eEi7g",
            "byte_length": 4,
            "dec": "3588301550",
            "hex": "d5e122ee",
            "id": "1eEi7g",
            "keepers": null,
            "prefix": null
          },
          "sensitive_attributes": [],
          "create_before_destroy": true
        }
      ]
    },
    {
      "mode": "managed",
      "type": "tls_private_key",
      "name": "ssh_key",
      "provider": "provider[\"registry.terraform.io/hashicorp/tls\"]",
      "instances": [
        {
          "schema_version": 1,
          "attributes": {
            "algorithm": "RSA",
            "ecdsa_curve": "P224",
            "id": "c882e6debe05783921ff54ce48c0f0575a77b9dc",
            "private_key_openssh": "-----BEGIN OPENSSH PRIVATE KEY-----\nb3BlbnNzaC1rZXktdjEAAAAABG5vbmUAAAAEbm9uZQAAAAAAAAABAAACFwAAAAdz\nc2gtcnNhAAAAAwEAAQAAAgEAzWiHbW7pwuVVTh3B6eG/TqllOAbgvgtYOW7vT6Ml\nMui6qtC4vwzW3Y4lTF3Mx8caVfKmHscJr5a+LBy55Kh5TnwTxOCjuH0iDIYpYhCM\nbxwqidNLrK2r3h7y2C9Q86xBsLCbEYwEG8RgGi1t9YXZF2h2nAve+mFcbxyjUvQM\nzsv9xv2fokpsAOw+iNPXqIQOAh48BnDbCsGv3F2wEWr38vnOSgIZj7ldk1O7DzZ0\n4MOgbgha311PKwqeFf6z+UUj9nqMk0MxuS67qzaf1Bwm+XOw7ASH2Yvvori40K4d\n2rTvm3C69wEaFRjczInwOkLONddcPAxo6KntetceWmVebbgIUJEf4fZzjk+pmCt8\nD4S7fnBAzzEm1DY+3fNdgTACDRJJcbBnFDvebftE1k+5cShFZhr9Iog4sEyAWi+4\n/Oe8eoYlHGzbHOSCN6h8RIml9ICmxK3PhXQjfUIUwBu1Gj761dP2tIflr63IKu8A\nGlx1fm+2NHOrS1NDQguJPeKRA6AIpejAz09gXrQQfqdoGttypOhzBazM+oG89TEM\ncsNVB+73a5NGAKigL48P2ATydcTGcWk+xwj2GSe8W/pnwPb5WvxSG/L6S4hYz7Ym\n5wvPitlDjWjHHVWNDUuEYTW55HJaC8XxVVjI49p8oYkgwq5n62wThWwkwIm5JTka\nCr0AAAc4V9eoEVfXqBEAAAAHc3NoLXJzYQAAAgEAzWiHbW7pwuVVTh3B6eG/Tqll\nOAbgvgtYOW7vT6MlMui6qtC4vwzW3Y4lTF3Mx8caVfKmHscJr5a+LBy55Kh5TnwT\nxOCjuH0iDIYpYhCMbxwqidNLrK2r3h7y2C9Q86xBsLCbEYwEG8RgGi1t9YXZF2h2\nnAve+mFcbxyjUvQMzsv9xv2fokpsAOw+iNPXqIQOAh48BnDbCsGv3F2wEWr38vnO\nSgIZj7ldk1O7DzZ04MOgbgha311PKwqeFf6z+UUj9nqMk0MxuS67qzaf1Bwm+XOw\n7ASH2Yvvori40K4d2rTvm3C69wEaFRjczInwOkLONddcPAxo6KntetceWmVebbgI\nUJEf4fZzjk+pmCt8D4S7fnBAzzEm1DY+3fNdgTACDRJJcbBnFDvebftE1k+5cShF\nZhr9Iog4sEyAWi+4/Oe8eoYlHGzbHOSCN6h8RIml9ICmxK3PhXQjfUIUwBu1Gj76\n1dP2tIflr63IKu8AGlx1fm+2NHOrS1NDQguJPeKRA6AIpejAz09gXrQQfqdoGtty\npOhzBazM+oG89TEMcsNVB+73a5NGAKigL48P2ATydcTGcWk+xwj2GSe8W/pnwPb5\nWvxSG/L6S4hYz7Ym5wvPitlDjWjHHVWNDUuEYTW55HJaC8XxVVjI49p8oYkgwq5n\n62wThWwkwIm5JTkaCr0AAAADAQABAAACAH3DqFeKdznLLGW9toK6o2VINh8NpwD0\n9TmFAKUj4JzA/bmkPdlLxSq144RUUhNnhmplPOzPNND7XMipde/Ybx1svrXmTJei\nlfxREHloZHOLLUhhxI2fcAF5tXpDzi7DoxzJpMgjkEhn/edJNXAEWZ0JasW0RvvK\nLMwjHqSlpEnhgCocE2dMZcBS5R7lhb85y1HkrR/MbXCykjg8bJbdhZ6Q8ItDqd7j\nwbV4qKlx0DHl1Q5Js0nbWaOixpP09MCEYraA5h0sIP+e62yy7zzxV7OX8BUx2POL\nyFc6/n1WfhTwf1wOs4qUdCHCrT3Wnu0tBhDVITXq6zi5AhwaJg12z08HyZgiGx2e\nxARKzr/UNZGWy53o/HS1jePrQu4OtnVQIXCdpXxR1SesoL2DNE0u6lkoZJPWnw33\nm3w1pVUg3+gmmsSxom6AN+XWTnZtWvkoyboX+KIQkFQeJVtUCP4YvAb3mFCDfYxj\niegUSUmyNSjPStHQu622JmDSQDSlDa9nMqY+yKv5om+KrQtOKsCg5S88pExPEaWu\nEbVJpWG52m8/WQFCZzj1cP3+iS6kuQiaqa2OHpQYxYJgbQBkFrwPkG/HaLhvEmbz\nbJ64jJBS+xFb1RKYXqTNijm82xzy69727N3qwBSBWOqJ5MzAnROC2No+nHbLEXdq\nmdba09p/S7IBAAABAHZAZ74tEDaU5Cz3Drmtf+NZpkRyY4l/RkcvR85ye5ORf1M5\nmqNfWm6/ACl//WBumKEeSwEeeR+qNEbcAXdp3ar5tb1d/J1VmHIVrW1RKrQtBmtm\n40XTtWhFL3aLiyjPxYJwKcbMDCZQCAbSKvl91vIRjVxtPcrzbaICtem36HKwTKJr\n0oaeiKHqLa264Cy59SEJvjdR6rsmudseNM7upW5EO2NX71egrjU8reVBB2aX6IIZ\naJr3VbgOKsNB6DIJpb6p/xxtqFdfAxojg4NrPQzzBZl8fVS6lP8e0vV+xCan9KLC\nBz2oeZyofVfZ3q56ZQ1eDojw1YDgrRBqWNm59yoAAAEBAP/E8HvK/5eeLOhuJ0DI\n+/NGkkE0i1eCyxjRqzUdNfIEquvR0qR7LyhB76Wfa58kTaMcsZaAWDtX3sZmZHEZ\n7BQzhBPdFJl5GFyC/O8hAJkrRosjzyjf/ejwGhYScJphOhEVLky6J+wKL9OfQujD\nrHIpoDbHHSsyo2MLvshubW8LkACR6L8Aq4iNXrK1gXFz3tHdgb62zLExnzNRdQYf\nALYOraMLbKKc3F6AJ5EQAM3cd+RONCpWBrm/8Sj8GI0Kd3foW9pAExoRVDulnQW3\nG7JyROMcUNgG+m3+0m5jZMlXdyQ9LiS/2RhQFho5mRnWw9OiL7HSq6SrvvZu7q6K\nhkEAAAEBAM2X9ekv/BHHhD651e4Y87em4q/HfdsuTeIJeM8+cY5b5z2p+MCaipxo\nE0e2sOl4AfUGoo6Mm8/mPhb97zkYm+4yd+rnyFDmB8IXKX/dWSxXswOK7weX9F5+\nZJRRgoVISqzPinz6LGsgNqKbjaZdvRzKDjO+cp5u/ZqKe+rOBdhs7kyfDhi58ZkW\n3prrWTYR8EIPeOm4NhNORBmxL5tuAZ0j2KkkVaA/rDxMepavbsPtRhX7xBUv58Ne\nN4EMB7jfrwo1elfVvoxNibK7YlzdJMoh/Q45HkxJoLwdo351Z9fV/LcMpxxUQa3d\nrbpHUcdRDrfrvF5XwF+9fdN63tk5PX0AAAAAAQID\n-----END OPENSSH PRIVATE KEY-----\n",
            "private_key_pem": "-----BEGIN RSA PRIVATE KEY-----\nMIIJJwIBAAKCAgEAzWiHbW7pwuVVTh3B6eG/TqllOAbgvgtYOW7vT6MlMui6qtC4\nvwzW3Y4lTF3Mx8caVfKmHscJr5a+LBy55Kh5TnwTxOCjuH0iDIYpYhCMbxwqidNL\nrK2r3h7y2C9Q86xBsLCbEYwEG8RgGi1t9YXZF2h2nAve+mFcbxyjUvQMzsv9xv2f\nokpsAOw+iNPXqIQOAh48BnDbCsGv3F2wEWr38vnOSgIZj7ldk1O7DzZ04MOgbgha\n311PKwqeFf6z+UUj9nqMk0MxuS67qzaf1Bwm+XOw7ASH2Yvvori40K4d2rTvm3C6\n9wEaFRjczInwOkLONddcPAxo6KntetceWmVebbgIUJEf4fZzjk+pmCt8D4S7fnBA\nzzEm1DY+3fNdgTACDRJJcbBnFDvebftE1k+5cShFZhr9Iog4sEyAWi+4/Oe8eoYl\nHGzbHOSCN6h8RIml9ICmxK3PhXQjfUIUwBu1Gj761dP2tIflr63IKu8AGlx1fm+2\nNHOrS1NDQguJPeKRA6AIpejAz09gXrQQfqdoGttypOhzBazM+oG89TEMcsNVB+73\na5NGAKigL48P2ATydcTGcWk+xwj2GSe8W/pnwPb5WvxSG/L6S4hYz7Ym5wvPitlD\njWjHHVWNDUuEYTW55HJaC8XxVVjI49p8oYkgwq5n62wThWwkwIm5JTkaCr0CAwEA\nAQKCAgB9w6hXinc5yyxlvbaCuqNlSDYfDacA9PU5hQClI+CcwP25pD3ZS8UqteOE\nVFITZ4ZqZTzszzTQ+1zIqXXv2G8dbL615kyXopX8URB5aGRziy1IYcSNn3ABebV6\nQ84uw6McyaTII5BIZ/3nSTVwBFmdCWrFtEb7yizMIx6kpaRJ4YAqHBNnTGXAUuUe\n5YW/OctR5K0fzG1wspI4PGyW3YWekPCLQ6ne48G1eKipcdAx5dUOSbNJ21mjosaT\n9PTAhGK2gOYdLCD/nutssu888Vezl/AVMdjzi8hXOv59Vn4U8H9cDrOKlHQhwq09\n1p7tLQYQ1SE16us4uQIcGiYNds9PB8mYIhsdnsQESs6/1DWRlsud6Px0tY3j60Lu\nDrZ1UCFwnaV8UdUnrKC9gzRNLupZKGST1p8N95t8NaVVIN/oJprEsaJugDfl1k52\nbVr5KMm6F/iiEJBUHiVbVAj+GLwG95hQg32MY4noFElJsjUoz0rR0LuttiZg0kA0\npQ2vZzKmPsir+aJviq0LTirAoOUvPKRMTxGlrhG1SaVhudpvP1kBQmc49XD9/oku\npLkImqmtjh6UGMWCYG0AZBa8D5Bvx2i4bxJm82yeuIyQUvsRW9USmF6kzYo5vNsc\n8uve9uzd6sAUgVjqieTMwJ0TgtjaPpx2yxF3apnW2tPaf0uyAQKCAQEA/8Twe8r/\nl54s6G4nQMj780aSQTSLV4LLGNGrNR018gSq69HSpHsvKEHvpZ9rnyRNoxyxloBY\nO1fexmZkcRnsFDOEE90UmXkYXIL87yEAmStGiyPPKN/96PAaFhJwmmE6ERUuTLon\n7Aov059C6MOscimgNscdKzKjYwu+yG5tbwuQAJHovwCriI1esrWBcXPe0d2BvrbM\nsTGfM1F1Bh8Atg6towtsopzcXoAnkRAAzdx35E40KlYGub/xKPwYjQp3d+hb2kAT\nGhFUO6WdBbcbsnJE4xxQ2Ab6bf7SbmNkyVd3JD0uJL/ZGFAWGjmZGdbD06IvsdKr\npKu+9m7uroqGQQKCAQEAzZf16S/8EceEPrnV7hjzt6bir8d92y5N4gl4zz5xjlvn\nPan4wJqKnGgTR7aw6XgB9Qaijoybz+Y+Fv3vORib7jJ36ufIUOYHwhcpf91ZLFez\nA4rvB5f0Xn5klFGChUhKrM+KfPosayA2opuNpl29HMoOM75ynm79mop76s4F2Gzu\nTJ8OGLnxmRbemutZNhHwQg946bg2E05EGbEvm24BnSPYqSRVoD+sPEx6lq9uw+1G\nFfvEFS/nw143gQwHuN+vCjV6V9W+jE2JsrtiXN0kyiH9DjkeTEmgvB2jfnVn19X8\ntwynHFRBrd2tukdRx1EOt+u8XlfAX71903re2Tk9fQKCAQBxQWerqWwcWzJPiddf\n3J+UTf+dWAMLsSL1zoIddt3YWTDGU5cOtm1fSjMwB7PEOHMYczBAEH0Baht/hv+b\nBXuARn+JvC/O9cxPysDtspNtP7hxDF5DH0xzxT4H4Ap0kfEAd3yVBSmAX9JlxvP9\n1geaVcxX9Tt5UWcACMdmQV+7+Ea/udxyF33dbZwtTioPbtuP2qIFLTTekbaJJtzG\n5RuPglhpBjoIl6UNQ3pBxfBVN/bu5aI7zPQVdGT5XQgSDDxyoDVsI0tSE7JU5zTs\nvvRIxEi0uGkj/5MM+fV8ZA7RCSX8qgqwwzMCjRP8cNzWkD8Oi5bLCxpuRI6+2Mhg\nCX8BAoIBAFF0LESH81lj77weSmi70Atp/hPgeLeW39p3IDsTpU/ej3450kkUsWgI\nP+NAuVS2bCgUyeCqSq0SrnTThKzdWCIGMsaJsC6FBHvcS1/SZZsQ3+a+a7dZd8Lc\nVqMArDJ8EsHmtBqRz3ld2OeRs4w/RUabswbDJIwqsyVASpobp+s4NS18MsyPFu4t\nRmKgbcbjUooJsUD/78S0VHzNW2w8KD2GzzcsIxSLRYTaVBNRTBQp9IOPLP+r7CnW\nMS1ag9C2JpZn26HjGExkB/MdFHpwTzwaPTUeYiedYCZHo9fdUhgMOsSXKboqk577\n3fGYggjyz18E8at7HsePvsNDwfjUGc0CggEAdkBnvi0QNpTkLPcOua1/41mmRHJj\niX9GRy9HznJ7k5F/Uzmao19abr8AKX/9YG6YoR5LAR55H6o0RtwBd2ndqvm1vV38\nnVWYchWtbVEqtC0Ga2bjRdO1aEUvdouLKM/FgnApxswMJlAIBtIq+X3W8hGNXG09\nyvNtogK16bfocrBMomvShp6IoeotrbrgLLn1IQm+N1Hquya52x40zu6lbkQ7Y1fv\nV6CuNTyt5UEHZpfoghlomvdVuA4qw0HoMgmlvqn/HG2oV18DGiODg2s9DPMFmXx9\nVLqU/x7S9X7EJqf0osIHPah5nKh9V9nernplDV4OiPDVgOCtEGpY2bn3Kg==\n-----END RSA PRIVATE KEY-----\n",
            "private_key_pem_pkcs8": "-----BEGIN PRIVATE KEY-----\nMIIJQQIBADANBgkqhkiG9w0BAQEFAASCCSswggknAgEAAoICAQDNaIdtbunC5VVO\nHcHp4b9OqWU4BuC+C1g5bu9PoyUy6Lqq0Li/DNbdjiVMXczHxxpV8qYexwmvlr4s\nHLnkqHlOfBPE4KO4fSIMhiliEIxvHCqJ00usraveHvLYL1DzrEGwsJsRjAQbxGAa\nLW31hdkXaHacC976YVxvHKNS9AzOy/3G/Z+iSmwA7D6I09eohA4CHjwGcNsKwa/c\nXbARavfy+c5KAhmPuV2TU7sPNnTgw6BuCFrfXU8rCp4V/rP5RSP2eoyTQzG5Lrur\nNp/UHCb5c7DsBIfZi++iuLjQrh3atO+bcLr3ARoVGNzMifA6Qs4111w8DGjoqe16\n1x5aZV5tuAhQkR/h9nOOT6mYK3wPhLt+cEDPMSbUNj7d812BMAINEklxsGcUO95t\n+0TWT7lxKEVmGv0iiDiwTIBaL7j857x6hiUcbNsc5II3qHxEiaX0gKbErc+FdCN9\nQhTAG7UaPvrV0/a0h+Wvrcgq7wAaXHV+b7Y0c6tLU0NCC4k94pEDoAil6MDPT2Be\ntBB+p2ga23Kk6HMFrMz6gbz1MQxyw1UH7vdrk0YAqKAvjw/YBPJ1xMZxaT7HCPYZ\nJ7xb+mfA9vla/FIb8vpLiFjPtibnC8+K2UONaMcdVY0NS4RhNbnkcloLxfFVWMjj\n2nyhiSDCrmfrbBOFbCTAibklORoKvQIDAQABAoICAH3DqFeKdznLLGW9toK6o2VI\nNh8NpwD09TmFAKUj4JzA/bmkPdlLxSq144RUUhNnhmplPOzPNND7XMipde/Ybx1s\nvrXmTJeilfxREHloZHOLLUhhxI2fcAF5tXpDzi7DoxzJpMgjkEhn/edJNXAEWZ0J\nasW0RvvKLMwjHqSlpEnhgCocE2dMZcBS5R7lhb85y1HkrR/MbXCykjg8bJbdhZ6Q\n8ItDqd7jwbV4qKlx0DHl1Q5Js0nbWaOixpP09MCEYraA5h0sIP+e62yy7zzxV7OX\n8BUx2POLyFc6/n1WfhTwf1wOs4qUdCHCrT3Wnu0tBhDVITXq6zi5AhwaJg12z08H\nyZgiGx2exARKzr/UNZGWy53o/HS1jePrQu4OtnVQIXCdpXxR1SesoL2DNE0u6lko\nZJPWnw33m3w1pVUg3+gmmsSxom6AN+XWTnZtWvkoyboX+KIQkFQeJVtUCP4YvAb3\nmFCDfYxjiegUSUmyNSjPStHQu622JmDSQDSlDa9nMqY+yKv5om+KrQtOKsCg5S88\npExPEaWuEbVJpWG52m8/WQFCZzj1cP3+iS6kuQiaqa2OHpQYxYJgbQBkFrwPkG/H\naLhvEmbzbJ64jJBS+xFb1RKYXqTNijm82xzy69727N3qwBSBWOqJ5MzAnROC2No+\nnHbLEXdqmdba09p/S7IBAoIBAQD/xPB7yv+XnizobidAyPvzRpJBNItXgssY0as1\nHTXyBKrr0dKkey8oQe+ln2ufJE2jHLGWgFg7V97GZmRxGewUM4QT3RSZeRhcgvzv\nIQCZK0aLI88o3/3o8BoWEnCaYToRFS5MuifsCi/Tn0Low6xyKaA2xx0rMqNjC77I\nbm1vC5AAkei/AKuIjV6ytYFxc97R3YG+tsyxMZ8zUXUGHwC2Dq2jC2yinNxegCeR\nEADN3HfkTjQqVga5v/Eo/BiNCnd36FvaQBMaEVQ7pZ0FtxuyckTjHFDYBvpt/tJu\nY2TJV3ckPS4kv9kYUBYaOZkZ1sPToi+x0qukq772bu6uioZBAoIBAQDNl/XpL/wR\nx4Q+udXuGPO3puKvx33bLk3iCXjPPnGOW+c9qfjAmoqcaBNHtrDpeAH1BqKOjJvP\n5j4W/e85GJvuMnfq58hQ5gfCFyl/3VksV7MDiu8Hl/RefmSUUYKFSEqsz4p8+ixr\nIDaim42mXb0cyg4zvnKebv2ainvqzgXYbO5Mnw4YufGZFt6a61k2EfBCD3jpuDYT\nTkQZsS+bbgGdI9ipJFWgP6w8THqWr27D7UYV+8QVL+fDXjeBDAe4368KNXpX1b6M\nTYmyu2Jc3STKIf0OOR5MSaC8HaN+dWfX1fy3DKccVEGt3a26R1HHUQ6367xeV8Bf\nvX3Tet7ZOT19AoIBAHFBZ6upbBxbMk+J11/cn5RN/51YAwuxIvXOgh123dhZMMZT\nlw62bV9KMzAHs8Q4cxhzMEAQfQFqG3+G/5sFe4BGf4m8L871zE/KwO2yk20/uHEM\nXkMfTHPFPgfgCnSR8QB3fJUFKYBf0mXG8/3WB5pVzFf1O3lRZwAIx2ZBX7v4Rr+5\n3HIXfd1tnC1OKg9u24/aogUtNN6Rtokm3MblG4+CWGkGOgiXpQ1DekHF8FU39u7l\nojvM9BV0ZPldCBIMPHKgNWwjS1ITslTnNOy+9EjESLS4aSP/kwz59XxkDtEJJfyq\nCrDDMwKNE/xw3NaQPw6LlssLGm5Ejr7YyGAJfwECggEAUXQsRIfzWWPvvB5KaLvQ\nC2n+E+B4t5bf2ncgOxOlT96PfjnSSRSxaAg/40C5VLZsKBTJ4KpKrRKudNOErN1Y\nIgYyxomwLoUEe9xLX9JlmxDf5r5rt1l3wtxWowCsMnwSwea0GpHPeV3Y55GzjD9F\nRpuzBsMkjCqzJUBKmhun6zg1LXwyzI8W7i1GYqBtxuNSigmxQP/vxLRUfM1bbDwo\nPYbPNywjFItFhNpUE1FMFCn0g48s/6vsKdYxLVqD0LYmlmfboeMYTGQH8x0UenBP\nPBo9NR5iJ51gJkej191SGAw6xJcpuiqTnvvd8ZiCCPLPXwTxq3sex4++w0PB+NQZ\nzQKCAQB2QGe+LRA2lOQs9w65rX/jWaZEcmOJf0ZHL0fOcnuTkX9TOZqjX1puvwAp\nf/1gbpihHksBHnkfqjRG3AF3ad2q+bW9XfydVZhyFa1tUSq0LQZrZuNF07VoRS92\ni4soz8WCcCnGzAwmUAgG0ir5fdbyEY1cbT3K822iArXpt+hysEyia9KGnoih6i2t\nuuAsufUhCb43Ueq7JrnbHjTO7qVuRDtjV+9XoK41PK3lQQdml+iCGWia91W4DirD\nQegyCaW+qf8cbahXXwMaI4ODaz0M8wWZfH1UupT/HtL1fsQmp/Siwgc9qHmcqH1X\n2d6uemUNXg6I8NWA4K0QaljZufcq\n-----END PRIVATE KEY-----\n",
            "public_key_fingerprint_md5": "de:f8:be:e5:0e:7c:cf:0a:56:63:9c:27:fb:8d:3b:c6",
            "public_key_fingerprint_sha256": "SHA256:D2956AoJjOLtungx6KPvTn7uD+eejc0yOwgizTcKEu0",
            "public_key_openssh": "ssh-rsa AAAAB3NzaC1yc2EAAAADAQABAAACAQDNaIdtbunC5VVOHcHp4b9OqWU4BuC+C1g5bu9PoyUy6Lqq0Li/DNbdjiVMXczHxxpV8qYexwmvlr4sHLnkqHlOfBPE4KO4fSIMhiliEIxvHCqJ00usraveHvLYL1DzrEGwsJsRjAQbxGAaLW31hdkXaHacC976YVxvHKNS9AzOy/3G/Z+iSmwA7D6I09eohA4CHjwGcNsKwa/cXbARavfy+c5KAhmPuV2TU7sPNnTgw6BuCFrfXU8rCp4V/rP5RSP2eoyTQzG5LrurNp/UHCb5c7DsBIfZi++iuLjQrh3atO+bcLr3ARoVGNzMifA6Qs4111w8DGjoqe161x5aZV5tuAhQkR/h9nOOT6mYK3wPhLt+cEDPMSbUNj7d812BMAINEklxsGcUO95t+0TWT7lxKEVmGv0iiDiwTIBaL7j857x6hiUcbNsc5II3qHxEiaX0gKbErc+FdCN9QhTAG7UaPvrV0/a0h+Wvrcgq7wAaXHV+b7Y0c6tLU0NCC4k94pEDoAil6MDPT2BetBB+p2ga23Kk6HMFrMz6gbz1MQxyw1UH7vdrk0YAqKAvjw/YBPJ1xMZxaT7HCPYZJ7xb+mfA9vla/FIb8vpLiFjPtibnC8+K2UONaMcdVY0NS4RhNbnkcloLxfFVWMjj2nyhiSDCrmfrbBOFbCTAibklORoKvQ==\n",
            "public_key_pem": "-----BEGIN PUBLIC KEY-----\nMIICIjANBgkqhkiG9w0BAQEFAAOCAg8AMIICCgKCAgEAzWiHbW7pwuVVTh3B6eG/\nTqllOAbgvgtYOW7vT6MlMui6qtC4vwzW3Y4lTF3Mx8caVfKmHscJr5a+LBy55Kh5\nTnwTxOCjuH0iDIYpYhCMbxwqidNLrK2r3h7y2C9Q86xBsLCbEYwEG8RgGi1t9YXZ\nF2h2nAve+mFcbxyjUvQMzsv9xv2fokpsAOw+iNPXqIQOAh48BnDbCsGv3F2wEWr3\n8vnOSgIZj7ldk1O7DzZ04MOgbgha311PKwqeFf6z+UUj9nqMk0MxuS67qzaf1Bwm\n+XOw7ASH2Yvvori40K4d2rTvm3C69wEaFRjczInwOkLONddcPAxo6KntetceWmVe\nbbgIUJEf4fZzjk+pmCt8D4S7fnBAzzEm1DY+3fNdgTACDRJJcbBnFDvebftE1k+5\ncShFZhr9Iog4sEyAWi+4/Oe8eoYlHGzbHOSCN6h8RIml9ICmxK3PhXQjfUIUwBu1\nGj761dP2tIflr63IKu8AGlx1fm+2NHOrS1NDQguJPeKRA6AIpejAz09gXrQQfqdo\nGttypOhzBazM+oG89TEMcsNVB+73a5NGAKigL48P2ATydcTGcWk+xwj2GSe8W/pn\nwPb5WvxSG/L6S4hYz7Ym5wvPitlDjWjHHVWNDUuEYTW55HJaC8XxVVjI49p8oYkg\nwq5n62wThWwkwIm5JTkaCr0CAwEAAQ==\n-----END PUBLIC KEY-----\n",
            "rsa_bits": 4096
          },
          "sensitive_attributes": [
            [
              {
                "type": "get_attr",
                "value": "private_key_openssh"
              }
            ],
            [
              {
                "type": "get_attr",
                "value": "private_key_pem"
              }
            ],
            [
              {
                "type": "get_attr",
                "value": "private_key_pem_pkcs8"
              }
            ]
          ]
        }
      ]
    },
    {
      "module": "module.alb",
      "mode": "managed",
      "type": "aws_lb",
      "name": "main",
      "provider": "provider[\"registry.terraform.io/hashicorp/aws\"]",
      "instances": [
        {
          "schema_version": 0,
          "attributes": {
            "access_logs": [
              {
                "bucket": "",
                "enabled": false,
                "prefix": ""
              }
            ],
            "arn": "arn:aws:elasticloadbalancing:us-east-1:010575877879:loadbalancer/app/demo-alb/4f7cb835454ed4c0",
            "arn_suffix": "app/demo-alb/4f7cb835454ed4c0",
            "client_keep_alive": 3600,
            "connection_logs": [
              {
                "bucket": "",
                "enabled": false,
                "prefix": ""
              }
            ],
            "customer_owned_ipv4_pool": "",
            "desync_mitigation_mode": "defensive",
            "dns_name": "demo-alb-531170587.us-east-1.elb.amazonaws.com",
            "dns_record_client_routing_policy": null,
            "drop_invalid_header_fields": false,
            "enable_cross_zone_load_balancing": true,
            "enable_deletion_protection": false,
            "enable_http2": true,
            "enable_tls_version_and_cipher_suite_headers": false,
            "enable_waf_fail_open": false,
            "enable_xff_client_port": false,
            "enforce_security_group_inbound_rules_on_private_link_traffic": "",
            "id": "arn:aws:elasticloadbalancing:us-east-1:010575877879:loadbalancer/app/demo-alb/4f7cb835454ed4c0",
            "idle_timeout": 60,
            "internal": false,
            "ip_address_type": "ipv4",
            "load_balancer_type": "application",
            "name": "demo-alb",
            "name_prefix": "",
            "preserve_host_header": false,
            "security_groups": [
              "sg-0de4270ea15d2ea44"
            ],
            "subnet_mapping": [
              {
                "allocation_id": "",
                "ipv6_address": "",
                "outpost_id": "",
                "private_ipv4_address": "",
                "subnet_id": "subnet-02fb6a4c782162c09"
              },
              {
                "allocation_id": "",
                "ipv6_address": "",
                "outpost_id": "",
                "private_ipv4_address": "",
                "subnet_id": "subnet-0ebb6c24e94b19210"
              }
            ],
            "subnets": [
              "subnet-02fb6a4c782162c09",
              "subnet-0ebb6c24e94b19210"
            ],
            "tags": null,
            "tags_all": {},
            "timeouts": null,
            "vpc_id": "vpc-034d7e29fc624adfe",
            "xff_header_processing_mode": "append",
            "zone_id": "Z35SXDOTRQ7X7K"
          },
          "sensitive_attributes": [],
          "private": "eyJlMmJmYjczMC1lY2FhLTExZTYtOGY4OC0zNDM2M2JjN2M0YzAiOnsiY3JlYXRlIjo2MDAwMDAwMDAwMDAsImRlbGV0ZSI6NjAwMDAwMDAwMDAwLCJ1cGRhdGUiOjYwMDAwMDAwMDAwMH19",
          "dependencies": [
            "data.aws_availability_zones.available",
            "module.alb.aws_security_group.http",
            "module.vpc.aws_subnet.public",
            "module.vpc.aws_vpc.main",
            "random_id.unique"
          ]
        }
      ]
    },
    {
      "module": "module.alb",
      "mode": "managed",
      "type": "aws_lb_listener",
      "name": "http",
      "provider": "provider[\"registry.terraform.io/hashicorp/aws\"]",
      "instances": [
        {
          "schema_version": 0,
          "attributes": {
            "alpn_policy": null,
            "arn": "arn:aws:elasticloadbalancing:us-east-1:010575877879:listener/app/demo-alb/4f7cb835454ed4c0/42ecd1620da4b4d7",
            "certificate_arn": null,
            "default_action": [
              {
                "authenticate_cognito": [],
                "authenticate_oidc": [],
                "fixed_response": [],
                "forward": [],
                "order": 1,
                "redirect": [],
                "target_group_arn": "arn:aws:elasticloadbalancing:us-east-1:010575877879:targetgroup/app-demo-alb-d5e122ee-c62c5aeb/598db6430078ed8a",
                "type": "forward"
              }
            ],
            "id": "arn:aws:elasticloadbalancing:us-east-1:010575877879:listener/app/demo-alb/4f7cb835454ed4c0/42ecd1620da4b4d7",
            "load_balancer_arn": "arn:aws:elasticloadbalancing:us-east-1:010575877879:loadbalancer/app/demo-alb/4f7cb835454ed4c0",
            "mutual_authentication": [],
            "port": 80,
            "protocol": "HTTP",
            "ssl_policy": "",
            "tags": null,
            "tags_all": {},
            "timeouts": null
          },
          "sensitive_attributes": [],
          "private": "eyJlMmJmYjczMC1lY2FhLTExZTYtOGY4OC0zNDM2M2JjN2M0YzAiOnsiY3JlYXRlIjozMDAwMDAwMDAwMDAsInVwZGF0ZSI6MzAwMDAwMDAwMDAwfX0=",
          "dependencies": [
            "data.aws_availability_zones.available",
            "module.alb.aws_lb.main",
            "module.alb.aws_lb_target_group.app",
            "module.alb.aws_security_group.http",
            "module.alb.random_id.target_group_suffix",
            "module.log_group.aws_cloudwatch_log_group.this",
            "module.log_group.aws_cloudwatch_log_stream.this",
            "module.vpc.aws_subnet.public",
            "module.vpc.aws_vpc.main",
            "random_id.unique"
          ]
        }
      ]
    },
    {
      "module": "module.alb",
      "mode": "managed",
      "type": "aws_lb_target_group",
      "name": "app",
      "provider": "provider[\"registry.terraform.io/hashicorp/aws\"]",
      "instances": [
        {
          "schema_version": 0,
          "attributes": {
            "arn": "arn:aws:elasticloadbalancing:us-east-1:010575877879:targetgroup/app-demo-alb-d5e122ee-c62c5aeb/598db6430078ed8a",
            "arn_suffix": "targetgroup/app-demo-alb-d5e122ee-c62c5aeb/598db6430078ed8a",
            "connection_termination": null,
            "deregistration_delay": "300",
            "health_check": [
              {
                "enabled": true,
                "healthy_threshold": 2,
                "interval": 300,
                "matcher": "200,301,302",
                "path": "/",
                "port": "traffic-port",
                "protocol": "HTTP",
                "timeout": 60,
                "unhealthy_threshold": 10
              }
            ],
            "id": "arn:aws:elasticloadbalancing:us-east-1:010575877879:targetgroup/app-demo-alb-d5e122ee-c62c5aeb/598db6430078ed8a",
            "ip_address_type": "ipv4",
            "lambda_multi_value_headers_enabled": false,
            "load_balancer_arns": [],
            "load_balancing_algorithm_type": "round_robin",
            "load_balancing_anomaly_mitigation": "off",
            "load_balancing_cross_zone_enabled": "use_load_balancer_configuration",
            "name": "app-demo-alb-d5e122ee-c62c5aeb",
            "name_prefix": "",
            "port": 80,
            "preserve_client_ip": null,
            "protocol": "HTTP",
            "protocol_version": "HTTP1",
            "proxy_protocol_v2": false,
            "slow_start": 0,
            "stickiness": [
              {
                "cookie_duration": 86400,
                "cookie_name": "",
                "enabled": false,
                "type": "lb_cookie"
              }
            ],
            "tags": null,
            "tags_all": {},
            "target_failover": [
              {
                "on_deregistration": null,
                "on_unhealthy": null
              }
            ],
            "target_group_health": [
              {
                "dns_failover": [
                  {
                    "minimum_healthy_targets_count": "1",
                    "minimum_healthy_targets_percentage": "off"
                  }
                ],
                "unhealthy_state_routing": [
                  {
                    "minimum_healthy_targets_count": 1,
                    "minimum_healthy_targets_percentage": "off"
                  }
                ]
              }
            ],
            "target_health_state": [
              {
                "enable_unhealthy_connection_termination": null,
                "unhealthy_draining_interval": null
              }
            ],
            "target_type": "instance",
            "vpc_id": "vpc-034d7e29fc624adfe"
          },
          "sensitive_attributes": [],
          "private": "bnVsbA==",
          "dependencies": [
            "module.alb.random_id.target_group_suffix",
            "module.log_group.aws_cloudwatch_log_group.this",
            "module.log_group.aws_cloudwatch_log_stream.this",
            "module.vpc.aws_vpc.main",
            "random_id.unique"
          ]
        }
      ]
    },
    {
      "module": "module.alb",
      "mode": "managed",
      "type": "aws_security_group",
      "name": "http",
      "provider": "provider[\"registry.terraform.io/hashicorp/aws\"]",
      "instances": [
        {
          "schema_version": 1,
          "attributes": {
            "arn": "arn:aws:ec2:us-east-1:010575877879:security-group/sg-0de4270ea15d2ea44",
            "description": "Allow all HTTP/HTTPS traffic from public",
            "egress": [
              {
                "cidr_blocks": [
                  "0.0.0.0/0"
                ],
                "description": "",
                "from_port": 0,
                "ipv6_cidr_blocks": [],
                "prefix_list_ids": [],
                "protocol": "-1",
                "security_groups": [],
                "self": false,
                "to_port": 0
              }
            ],
            "id": "sg-0de4270ea15d2ea44",
            "ingress": [
              {
                "cidr_blocks": [
                  "0.0.0.0/0"
                ],
                "description": "",
                "from_port": 443,
                "ipv6_cidr_blocks": [],
                "prefix_list_ids": [],
                "protocol": "tcp",
                "security_groups": [],
                "self": false,
                "to_port": 443
              },
              {
                "cidr_blocks": [
                  "0.0.0.0/0"
                ],
                "description": "",
                "from_port": 80,
                "ipv6_cidr_blocks": [],
                "prefix_list_ids": [],
                "protocol": "tcp",
                "security_groups": [],
                "self": false,
                "to_port": 80
              }
            ],
            "name": "http-sg-20240919150049634700000010",
            "name_prefix": "http-sg-",
            "owner_id": "010575877879",
            "revoke_rules_on_delete": false,
            "tags": null,
            "tags_all": {},
            "timeouts": null,
            "vpc_id": "vpc-034d7e29fc624adfe"
          },
          "sensitive_attributes": [],
          "private": "eyJlMmJmYjczMC1lY2FhLTExZTYtOGY4OC0zNDM2M2JjN2M0YzAiOnsiY3JlYXRlIjo2MDAwMDAwMDAwMDAsImRlbGV0ZSI6OTAwMDAwMDAwMDAwfSwic2NoZW1hX3ZlcnNpb24iOiIxIn0=",
          "dependencies": [
            "module.vpc.aws_vpc.main",
            "random_id.unique"
          ]
        }
      ]
    },
    {
      "module": "module.alb",
      "mode": "managed",
      "type": "random_id",
      "name": "target_group_suffix",
      "provider": "provider[\"registry.terraform.io/hashicorp/random\"]",
      "instances": [
        {
          "schema_version": 0,
          "attributes": {
            "b64_std": "xixa6w==",
            "b64_url": "xixa6w",
            "byte_length": 4,
            "dec": "3324795627",
            "hex": "c62c5aeb",
            "id": "xixa6w",
            "keepers": null,
            "prefix": null
          },
          "sensitive_attributes": []
        }
      ]
    },
    {
      "module": "module.ecs_asg",
      "mode": "managed",
      "type": "aws_autoscaling_group",
      "name": "ecs",
      "provider": "provider[\"registry.terraform.io/hashicorp/aws\"]",
      "instances": [
        {
          "schema_version": 1,
          "attributes": {
            "arn": "arn:aws:autoscaling:us-east-1:010575877879:autoScalingGroup:a21aabf8-1917-4eda-aa7c-0da1b4831078:autoScalingGroupName/demo-ecs-asg-d5e122ee-asg",
            "availability_zones": [
              "us-east-1a",
              "us-east-1b"
            ],
            "capacity_rebalance": false,
            "context": "",
            "default_cooldown": 300,
            "default_instance_warmup": 0,
            "desired_capacity": 1,
            "desired_capacity_type": "",
            "enabled_metrics": null,
            "force_delete": false,
            "force_delete_warm_pool": false,
            "health_check_grace_period": 0,
            "health_check_type": "EC2",
            "id": "demo-ecs-asg-d5e122ee-asg",
            "ignore_failed_scaling_activities": false,
            "initial_lifecycle_hook": [],
            "instance_maintenance_policy": [],
            "instance_refresh": [],
            "launch_configuration": "",
            "launch_template": [
              {
                "id": "lt-015f1d203d889339f",
                "name": "demo-ecs-ec2-d5e122ee20240919150055904900000012",
                "version": "$Latest"
              }
            ],
            "load_balancers": [],
            "max_instance_lifetime": 0,
            "max_size": 2,
            "metrics_granularity": "1Minute",
            "min_elb_capacity": null,
            "min_size": 1,
            "mixed_instances_policy": [],
            "name": "demo-ecs-asg-d5e122ee-asg",
            "name_prefix": "",
            "placement_group": "",
            "predicted_capacity": 0,
            "protect_from_scale_in": false,
            "service_linked_role_arn": "arn:aws:iam::010575877879:role/aws-service-role/autoscaling.amazonaws.com/AWSServiceRoleForAutoScaling",
            "suspended_processes": null,
            "tag": [
              {
                "key": "AmazonECSManaged",
                "propagate_at_launch": true,
                "value": "true"
              },
              {
                "key": "Name",
                "propagate_at_launch": true,
                "value": "demo-ecs-instance-d5e122ee"
              }
            ],
            "target_group_arns": [],
            "termination_policies": null,
            "timeouts": null,
            "traffic_source": [],
            "vpc_zone_identifier": [
              "subnet-02fb6a4c782162c09",
              "subnet-0ebb6c24e94b19210"
            ],
            "wait_for_capacity_timeout": "10m",
            "wait_for_elb_capacity": null,
            "warm_pool": [],
            "warm_pool_size": 0
          },
          "sensitive_attributes": [],
          "private": "eyJlMmJmYjczMC1lY2FhLTExZTYtOGY4OC0zNDM2M2JjN2M0YzAiOnsiZGVsZXRlIjo2MDAwMDAwMDAwMDAsInVwZGF0ZSI6NjAwMDAwMDAwMDAwfSwic2NoZW1hX3ZlcnNpb24iOiIxIn0=",
          "dependencies": [
            "aws_key_pair.generated_key",
            "data.aws_availability_zones.available",
            "module.alb.aws_security_group.http",
            "module.ecs_cluster.aws_ecs_cluster.main",
            "module.ecs_launch_template.aws_launch_template.ecs_ec2",
            "module.ecs_launch_template.data.aws_region.current",
            "module.ecs_node_role.aws_iam_instance_profile.ecs_node",
            "module.ecs_node_role.aws_iam_role.ecs_node_role",
            "module.ecs_node_role.data.aws_iam_policy_document.ecs_node_doc",
            "module.ecs_node_sg.aws_security_group.ecs_node_sg",
            "module.log_group.aws_cloudwatch_log_group.this",
            "module.log_group.aws_cloudwatch_log_stream.this",
            "module.vpc.aws_subnet.public",
            "module.vpc.aws_vpc.main",
            "random_id.unique",
            "tls_private_key.ssh_key"
          ]
        }
      ]
    },
    {
      "module": "module.ecs_capacity_provider",
      "mode": "managed",
      "type": "aws_ecs_capacity_provider",
      "name": "main",
      "provider": "provider[\"registry.terraform.io/hashicorp/aws\"]",
      "instances": [
        {
          "schema_version": 0,
          "attributes": {
            "arn": "arn:aws:ecs:us-east-1:010575877879:capacity-provider/demo-capacity-provider-d5e122ee",
            "auto_scaling_group_provider": [
              {
                "auto_scaling_group_arn": "arn:aws:autoscaling:us-east-1:010575877879:autoScalingGroup:a21aabf8-1917-4eda-aa7c-0da1b4831078:autoScalingGroupName/demo-ecs-asg-d5e122ee-asg",
                "managed_draining": "ENABLED",
                "managed_scaling": [
                  {
                    "instance_warmup_period": 0,
                    "maximum_scaling_step_size": 1,
                    "minimum_scaling_step_size": 1,
                    "status": "ENABLED",
                    "target_capacity": 100
                  }
                ],
                "managed_termination_protection": "DISABLED"
              }
            ],
            "id": "arn:aws:ecs:us-east-1:010575877879:capacity-provider/demo-capacity-provider-d5e122ee",
            "name": "demo-capacity-provider-d5e122ee",
            "tags": null,
            "tags_all": {}
          },
          "sensitive_attributes": [],
          "private": "bnVsbA==",
          "dependencies": [
            "aws_key_pair.generated_key",
            "data.aws_availability_zones.available",
            "module.alb.aws_security_group.http",
            "module.ecs_asg.aws_autoscaling_group.ecs",
            "module.ecs_cluster.aws_ecs_cluster.main",
            "module.ecs_launch_template.aws_launch_template.ecs_ec2",
            "module.ecs_launch_template.data.aws_region.current",
            "module.ecs_node_role.aws_iam_instance_profile.ecs_node",
            "module.ecs_node_role.aws_iam_role.ecs_node_role",
            "module.ecs_node_role.data.aws_iam_policy_document.ecs_node_doc",
            "module.ecs_node_sg.aws_security_group.ecs_node_sg",
            "module.log_group.aws_cloudwatch_log_group.this",
            "module.log_group.aws_cloudwatch_log_stream.this",
            "module.vpc.aws_subnet.public",
            "module.vpc.aws_vpc.main",
            "random_id.unique",
            "tls_private_key.ssh_key"
          ]
        }
      ]
    },
    {
      "module": "module.ecs_capacity_provider",
      "mode": "managed",
      "type": "aws_ecs_cluster_capacity_providers",
      "name": "main",
      "provider": "provider[\"registry.terraform.io/hashicorp/aws\"]",
      "instances": [
        {
          "schema_version": 0,
          "attributes": {
            "capacity_providers": [
              "demo-capacity-provider-d5e122ee"
            ],
            "cluster_name": "demo-cluster-d5e122ee",
            "default_capacity_provider_strategy": [
              {
                "base": 1,
                "capacity_provider": "demo-capacity-provider-d5e122ee",
                "weight": 100
              }
            ],
            "id": "demo-cluster-d5e122ee"
          },
          "sensitive_attributes": [],
          "private": "bnVsbA==",
          "dependencies": [
            "aws_key_pair.generated_key",
            "data.aws_availability_zones.available",
            "module.alb.aws_security_group.http",
            "module.ecs_asg.aws_autoscaling_group.ecs",
            "module.ecs_capacity_provider.aws_ecs_capacity_provider.main",
            "module.ecs_cluster.aws_ecs_cluster.main",
            "module.ecs_launch_template.aws_launch_template.ecs_ec2",
            "module.ecs_launch_template.data.aws_region.current",
            "module.ecs_node_role.aws_iam_instance_profile.ecs_node",
            "module.ecs_node_role.aws_iam_role.ecs_node_role",
            "module.ecs_node_role.data.aws_iam_policy_document.ecs_node_doc",
            "module.ecs_node_sg.aws_security_group.ecs_node_sg",
            "module.log_group.aws_cloudwatch_log_group.this",
            "module.log_group.aws_cloudwatch_log_stream.this",
            "module.vpc.aws_subnet.public",
            "module.vpc.aws_vpc.main",
            "random_id.unique",
            "tls_private_key.ssh_key"
          ]
        }
      ]
    },
    {
      "module": "module.ecs_cluster",
      "mode": "managed",
      "type": "aws_ecs_cluster",
      "name": "main",
      "provider": "provider[\"registry.terraform.io/hashicorp/aws\"]",
      "instances": [
        {
          "schema_version": 0,
          "attributes": {
            "arn": "arn:aws:ecs:us-east-1:010575877879:cluster/demo-cluster-d5e122ee",
            "configuration": [],
            "id": "arn:aws:ecs:us-east-1:010575877879:cluster/demo-cluster-d5e122ee",
            "name": "demo-cluster-d5e122ee",
            "service_connect_defaults": [],
            "setting": [
              {
                "name": "containerInsights",
                "value": "disabled"
              }
            ],
            "tags": null,
            "tags_all": {}
          },
          "sensitive_attributes": [],
          "private": "bnVsbA==",
          "dependencies": [
            "random_id.unique"
          ]
        }
      ]
    },
    {
      "module": "module.ecs_cluster",
      "mode": "managed",
      "type": "aws_ecs_cluster_capacity_providers",
      "name": "main",
      "provider": "provider[\"registry.terraform.io/hashicorp/aws\"]",
      "instances": [
        {
          "schema_version": 0,
          "attributes": {
            "capacity_providers": [
              "demo-capacity-provider-d5e122ee"
            ],
            "cluster_name": "demo-cluster-d5e122ee",
            "default_capacity_provider_strategy": [
              {
                "base": 1,
                "capacity_provider": "demo-capacity-provider-d5e122ee",
                "weight": 100
              }
            ],
            "id": "demo-cluster-d5e122ee"
          },
          "sensitive_attributes": [],
          "private": "bnVsbA==",
          "dependencies": [
            "aws_key_pair.generated_key",
            "data.aws_availability_zones.available",
            "module.alb.aws_security_group.http",
            "module.ecs_asg.aws_autoscaling_group.ecs",
            "module.ecs_capacity_provider.aws_ecs_capacity_provider.main",
            "module.ecs_cluster.aws_ecs_cluster.main",
            "module.ecs_launch_template.aws_launch_template.ecs_ec2",
            "module.ecs_launch_template.data.aws_region.current",
            "module.ecs_node_role.aws_iam_instance_profile.ecs_node",
            "module.ecs_node_role.aws_iam_role.ecs_node_role",
            "module.ecs_node_role.data.aws_iam_policy_document.ecs_node_doc",
            "module.ecs_node_sg.aws_security_group.ecs_node_sg",
            "module.log_group.aws_cloudwatch_log_group.this",
            "module.log_group.aws_cloudwatch_log_stream.this",
            "module.vpc.aws_subnet.public",
            "module.vpc.aws_vpc.main",
            "random_id.unique",
            "tls_private_key.ssh_key"
          ]
        }
      ]
    },
    {
      "module": "module.ecs_launch_template",
      "mode": "data",
      "type": "aws_region",
      "name": "current",
      "provider": "provider[\"registry.terraform.io/hashicorp/aws\"]",
      "instances": [
        {
          "schema_version": 0,
          "attributes": {
            "description": "US East (N. Virginia)",
            "endpoint": "ec2.us-east-1.amazonaws.com",
            "id": "us-east-1",
            "name": "us-east-1"
          },
          "sensitive_attributes": []
        }
      ]
    },
    {
      "module": "module.ecs_launch_template",
      "mode": "managed",
      "type": "aws_launch_template",
      "name": "ecs_ec2",
      "provider": "provider[\"registry.terraform.io/hashicorp/aws\"]",
      "instances": [
        {
          "schema_version": 0,
          "attributes": {
            "arn": "arn:aws:ec2:us-east-1:010575877879:launch-template/lt-015f1d203d889339f",
            "block_device_mappings": [],
            "capacity_reservation_specification": [],
            "cpu_options": [],
            "credit_specification": [],
            "default_version": 1,
            "description": "",
            "disable_api_stop": false,
            "disable_api_termination": false,
            "ebs_optimized": "",
            "elastic_gpu_specifications": [],
            "elastic_inference_accelerator": [],
            "enclave_options": [],
            "hibernation_options": [],
            "iam_instance_profile": [
              {
                "arn": "arn:aws:iam::010575877879:instance-profile/ecs/instance/demo-ecs-node-profile-d5e122ee20240919150037904700000008",
                "name": ""
              }
            ],
            "id": "lt-015f1d203d889339f",
            "image_id": "ami-05dc81a6311c42a6e",
            "instance_initiated_shutdown_behavior": "",
            "instance_market_options": [],
            "instance_requirements": [],
            "instance_type": "t2.micro",
            "kernel_id": "",
            "key_name": "ecs-instance-key-d5e122ee",
            "latest_version": 1,
            "license_specification": [],
            "maintenance_options": [],
            "metadata_options": [],
            "monitoring": [],
            "name": "demo-ecs-ec2-d5e122ee20240919150055904900000012",
            "name_prefix": "demo-ecs-ec2-d5e122ee",
            "network_interfaces": [
              {
                "associate_carrier_ip_address": "",
                "associate_public_ip_address": "true",
                "delete_on_termination": "",
                "description": "",
                "device_index": 0,
                "interface_type": "",
                "ipv4_address_count": 0,
                "ipv4_addresses": null,
                "ipv4_prefix_count": 0,
                "ipv4_prefixes": null,
                "ipv6_address_count": 0,
                "ipv6_addresses": null,
                "ipv6_prefix_count": 0,
                "ipv6_prefixes": null,
                "network_card_index": 0,
                "network_interface_id": "",
                "primary_ipv6": "",
                "private_ip_address": "",
                "security_groups": [
                  "sg-0aca5bd0ffc995286"
                ],
                "subnet_id": ""
              }
            ],
            "placement": [],
            "private_dns_name_options": [],
            "ram_disk_id": "",
            "security_group_names": null,
            "tag_specifications": [],
            "tags": null,
            "tags_all": {},
            "update_default_version": null,
            "user_data": "IyEvYmluL2Jhc2gKZWNobyBFQ1NfQ0xVU1RFUj1kZW1vLWNsdXN0ZXItZDVlMTIyZWUgPj4gL2V0Yy9lY3MvZWNzLmNvbmZpZwplY2hvIEVDU19BVkFJTEFCTEVfTE9HR0lOR19EUklWRVJTPSdbImF3c2xvZ3MiXScgPj4gL2V0Yy9lY3MvZWNzLmNvbmZpZwoKIyBJbnN0YWxsIENsb3VkV2F0Y2ggTG9ncyBhZ2VudApjdXJsIGh0dHBzOi8vczMuYW1hem9uYXdzLmNvbS9hd3MtY2xvdWR3YXRjaC9kb3dubG9hZHMvbGF0ZXN0L2F3c2xvZ3MtYWdlbnQtc2V0dXAucHkgLU8KcHl0aG9uIGF3c2xvZ3MtYWdlbnQtc2V0dXAucHkgLS1ub24taW50ZXJhY3RpdmUgLS1yZWdpb24gdXMtZWFzdC0xIC0tbG9nLWdyb3VwLW5hbWUgbG9nX2dyb3VwLWQ1ZTEyMmVlIC0tbG9nLXN0cmVhbS1uYW1lLXByZWZpeCBlY3MKCiMgU3RhcnQgQ2xvdWRXYXRjaCBMb2dzIGFnZW50CnN5c3RlbWN0bCBzdGFydCBhbWF6b24tY2xvdWR3YXRjaC1hZ2VudAoKZWNobyAnRUNTX0NPTlRBSU5FUl9JTlNUQU5DRV9UQUdTPXsiTmFtZSI6ICJkZW1vLWVjcy1lYzItZDVlMTIyZWUte2luc3RhbmNlX2lkfSJ9JyA+PiAvZXRjL2Vjcy9lY3MuY29uZmlnCg==",
            "vpc_security_group_ids": null
          },
          "sensitive_attributes": [],
          "private": "bnVsbA==",
          "dependencies": [
            "aws_key_pair.generated_key",
            "module.alb.aws_security_group.http",
            "module.ecs_cluster.aws_ecs_cluster.main",
            "module.ecs_launch_template.data.aws_region.current",
            "module.ecs_node_role.aws_iam_instance_profile.ecs_node",
            "module.ecs_node_role.aws_iam_role.ecs_node_role",
            "module.ecs_node_role.data.aws_iam_policy_document.ecs_node_doc",
            "module.ecs_node_sg.aws_security_group.ecs_node_sg",
            "module.log_group.aws_cloudwatch_log_group.this",
            "module.log_group.aws_cloudwatch_log_stream.this",
            "module.vpc.aws_vpc.main",
            "random_id.unique",
            "tls_private_key.ssh_key"
          ]
        }
      ]
    },
    {
      "module": "module.ecs_node_role",
      "mode": "data",
      "type": "aws_iam_policy_document",
      "name": "cloudwatch_logs_policy",
      "provider": "provider[\"registry.terraform.io/hashicorp/aws\"]",
      "instances": [
        {
          "schema_version": 0,
          "attributes": {
            "id": "3910613138",
            "json": "{\n  \"Version\": \"2012-10-17\",\n  \"Statement\": [\n    {\n      \"Effect\": \"Allow\",\n      \"Action\": [\n        \"logs:PutLogEvents\",\n        \"logs:DescribeLogStreams\",\n        \"logs:CreateLogStream\",\n        \"logs:CreateLogGroup\"\n      ],\n      \"Resource\": \"arn:aws:logs:*:*:*\"\n    }\n  ]\n}",
            "minified_json": "{\"Version\":\"2012-10-17\",\"Statement\":[{\"Effect\":\"Allow\",\"Action\":[\"logs:PutLogEvents\",\"logs:DescribeLogStreams\",\"logs:CreateLogStream\",\"logs:CreateLogGroup\"],\"Resource\":\"arn:aws:logs:*:*:*\"}]}",
            "override_json": null,
            "override_policy_documents": null,
            "policy_id": null,
            "source_json": null,
            "source_policy_documents": null,
            "statement": [
              {
                "actions": [
                  "logs:CreateLogGroup",
                  "logs:CreateLogStream",
                  "logs:DescribeLogStreams",
                  "logs:PutLogEvents"
                ],
                "condition": [],
                "effect": "Allow",
                "not_actions": [],
                "not_principals": [],
                "not_resources": [],
                "principals": [],
                "resources": [
                  "arn:aws:logs:*:*:*"
                ],
                "sid": ""
              }
            ],
            "version": "2012-10-17"
          },
          "sensitive_attributes": []
        }
      ]
    },
    {
      "module": "module.ecs_node_role",
      "mode": "data",
      "type": "aws_iam_policy_document",
      "name": "ecr_policy",
      "provider": "provider[\"registry.terraform.io/hashicorp/aws\"]",
      "instances": [
        {
          "schema_version": 0,
          "attributes": {
            "id": "459877178",
            "json": "{\n  \"Version\": \"2012-10-17\",\n  \"Statement\": [\n    {\n      \"Effect\": \"Allow\",\n      \"Action\": [\n        \"ecr:UploadLayerPart\",\n        \"ecr:PutImage\",\n        \"ecr:InitiateLayerUpload\",\n        \"ecr:GetDownloadUrlForLayer\",\n        \"ecr:GetAuthorizationToken\",\n        \"ecr:CompleteLayerUpload\",\n        \"ecr:BatchGetImage\",\n        \"ecr:BatchCheckLayerAvailability\"\n      ],\n      \"Resource\": \"*\"\n    }\n  ]\n}",
            "minified_json": "{\"Version\":\"2012-10-17\",\"Statement\":[{\"Effect\":\"Allow\",\"Action\":[\"ecr:UploadLayerPart\",\"ecr:PutImage\",\"ecr:InitiateLayerUpload\",\"ecr:GetDownloadUrlForLayer\",\"ecr:GetAuthorizationToken\",\"ecr:CompleteLayerUpload\",\"ecr:BatchGetImage\",\"ecr:BatchCheckLayerAvailability\"],\"Resource\":\"*\"}]}",
            "override_json": null,
            "override_policy_documents": null,
            "policy_id": null,
            "source_json": null,
            "source_policy_documents": null,
            "statement": [
              {
                "actions": [
                  "ecr:BatchCheckLayerAvailability",
                  "ecr:BatchGetImage",
                  "ecr:CompleteLayerUpload",
                  "ecr:GetAuthorizationToken",
                  "ecr:GetDownloadUrlForLayer",
                  "ecr:InitiateLayerUpload",
                  "ecr:PutImage",
                  "ecr:UploadLayerPart"
                ],
                "condition": [],
                "effect": "Allow",
                "not_actions": [],
                "not_principals": [],
                "not_resources": [],
                "principals": [],
                "resources": [
                  "*"
                ],
                "sid": ""
              }
            ],
            "version": "2012-10-17"
          },
          "sensitive_attributes": []
        }
      ]
    },
    {
      "module": "module.ecs_node_role",
      "mode": "data",
      "type": "aws_iam_policy_document",
      "name": "ecs_node_doc",
      "provider": "provider[\"registry.terraform.io/hashicorp/aws\"]",
      "instances": [
        {
          "schema_version": 0,
          "attributes": {
            "id": "1895348101",
            "json": "{\n  \"Version\": \"2012-10-17\",\n  \"Statement\": [\n    {\n      \"Effect\": \"Allow\",\n      \"Action\": \"sts:AssumeRole\",\n      \"Principal\": {\n        \"Service\": [\n          \"ecs-tasks.amazonaws.com\",\n          \"ec2.amazonaws.com\"\n        ]\n      }\n    }\n  ]\n}",
            "minified_json": "{\"Version\":\"2012-10-17\",\"Statement\":[{\"Effect\":\"Allow\",\"Action\":\"sts:AssumeRole\",\"Principal\":{\"Service\":[\"ecs-tasks.amazonaws.com\",\"ec2.amazonaws.com\"]}}]}",
            "override_json": null,
            "override_policy_documents": null,
            "policy_id": null,
            "source_json": null,
            "source_policy_documents": null,
            "statement": [
              {
                "actions": [
                  "sts:AssumeRole"
                ],
                "condition": [],
                "effect": "Allow",
                "not_actions": [],
                "not_principals": [],
                "not_resources": [],
                "principals": [
                  {
                    "identifiers": [
                      "ec2.amazonaws.com",
                      "ecs-tasks.amazonaws.com"
                    ],
                    "type": "Service"
                  }
                ],
                "resources": [],
                "sid": ""
              }
            ],
            "version": "2012-10-17"
          },
          "sensitive_attributes": []
        }
      ]
    },
    {
      "module": "module.ecs_node_role",
      "mode": "managed",
      "type": "aws_iam_instance_profile",
      "name": "ecs_node",
      "provider": "provider[\"registry.terraform.io/hashicorp/aws\"]",
      "instances": [
        {
          "schema_version": 0,
          "attributes": {
            "arn": "arn:aws:iam::010575877879:instance-profile/ecs/instance/demo-ecs-node-profile-d5e122ee20240919150037904700000008",
            "create_date": "2024-09-19T15:00:38Z",
            "id": "demo-ecs-node-profile-d5e122ee20240919150037904700000008",
            "name": "demo-ecs-node-profile-d5e122ee20240919150037904700000008",
            "name_prefix": "demo-ecs-node-profile-d5e122ee",
            "path": "/ecs/instance/",
            "role": "demo-ecs-node-role-d5e122ee20240919150036468500000003",
            "tags": null,
            "tags_all": {},
            "unique_id": "AIPAQE5S7C33WFVJXU4TO"
          },
          "sensitive_attributes": [],
          "private": "bnVsbA==",
          "dependencies": [
            "module.ecs_node_role.aws_iam_role.ecs_node_role",
            "module.ecs_node_role.data.aws_iam_policy_document.ecs_node_doc",
            "random_id.unique"
          ]
        }
      ]
    },
    {
      "module": "module.ecs_node_role",
      "mode": "managed",
      "type": "aws_iam_policy",
      "name": "cloudwatch_logs_policy",
      "provider": "provider[\"registry.terraform.io/hashicorp/aws\"]",
      "instances": [
        {
          "schema_version": 0,
          "attributes": {
            "arn": "arn:aws:iam::010575877879:policy/demo-ecs-node-role-d5e122ee-cloudwatch-logs-policy",
            "attachment_count": 0,
            "description": "IAM policy for CloudWatch Logs access",
            "id": "arn:aws:iam::010575877879:policy/demo-ecs-node-role-d5e122ee-cloudwatch-logs-policy",
            "name": "demo-ecs-node-role-d5e122ee-cloudwatch-logs-policy",
            "name_prefix": "",
            "path": "/",
            "policy": "{\"Statement\":[{\"Action\":[\"logs:PutLogEvents\",\"logs:DescribeLogStreams\",\"logs:CreateLogStream\",\"logs:CreateLogGroup\"],\"Effect\":\"Allow\",\"Resource\":\"arn:aws:logs:*:*:*\"}],\"Version\":\"2012-10-17\"}",
            "policy_id": "ANPAQE5S7C33Z4RNGNOFC",
            "tags": null,
            "tags_all": {}
          },
          "sensitive_attributes": [],
          "private": "bnVsbA==",
          "dependencies": [
            "module.ecs_node_role.data.aws_iam_policy_document.cloudwatch_logs_policy",
            "random_id.unique"
          ]
        }
      ]
    },
    {
      "module": "module.ecs_node_role",
      "mode": "managed",
      "type": "aws_iam_policy",
      "name": "ecr_policy",
      "provider": "provider[\"registry.terraform.io/hashicorp/aws\"]",
      "instances": [
        {
          "schema_version": 0,
          "attributes": {
            "arn": "arn:aws:iam::010575877879:policy/demo-ecs-node-role-d5e122ee-ecr-policy",
            "attachment_count": 0,
            "description": "IAM policy for ECR access",
            "id": "arn:aws:iam::010575877879:policy/demo-ecs-node-role-d5e122ee-ecr-policy",
            "name": "demo-ecs-node-role-d5e122ee-ecr-policy",
            "name_prefix": "",
            "path": "/",
            "policy": "{\"Statement\":[{\"Action\":[\"ecr:UploadLayerPart\",\"ecr:PutImage\",\"ecr:InitiateLayerUpload\",\"ecr:GetDownloadUrlForLayer\",\"ecr:GetAuthorizationToken\",\"ecr:CompleteLayerUpload\",\"ecr:BatchGetImage\",\"ecr:BatchCheckLayerAvailability\"],\"Effect\":\"Allow\",\"Resource\":\"*\"}],\"Version\":\"2012-10-17\"}",
            "policy_id": "ANPAQE5S7C33XWSLOUGFD",
            "tags": null,
            "tags_all": {}
          },
          "sensitive_attributes": [],
          "private": "bnVsbA==",
          "dependencies": [
            "module.ecs_node_role.data.aws_iam_policy_document.ecr_policy",
            "random_id.unique"
          ]
        }
      ]
    },
    {
      "module": "module.ecs_node_role",
      "mode": "managed",
      "type": "aws_iam_role",
      "name": "ecs_exec_role",
      "provider": "provider[\"registry.terraform.io/hashicorp/aws\"]",
      "instances": [
        {
          "schema_version": 0,
          "attributes": {
            "arn": "arn:aws:iam::010575877879:role/demo-ecs-node-role-d5e122ee-exec20240919150036467600000002",
            "assume_role_policy": "{\"Statement\":[{\"Action\":\"sts:AssumeRole\",\"Effect\":\"Allow\",\"Principal\":{\"Service\":\"ecs-tasks.amazonaws.com\"}}],\"Version\":\"2012-10-17\"}",
            "create_date": "2024-09-19T15:00:37Z",
            "description": "",
            "force_detach_policies": false,
            "id": "demo-ecs-node-role-d5e122ee-exec20240919150036467600000002",
            "inline_policy": [],
            "managed_policy_arns": [],
            "max_session_duration": 3600,
            "name": "demo-ecs-node-role-d5e122ee-exec20240919150036467600000002",
            "name_prefix": "demo-ecs-node-role-d5e122ee-exec",
            "path": "/",
            "permissions_boundary": "",
            "tags": null,
            "tags_all": {},
            "unique_id": "AROAQE5S7C33ZLVIDDGAJ"
          },
          "sensitive_attributes": [],
          "private": "bnVsbA==",
          "dependencies": [
            "random_id.unique"
          ]
        }
      ]
    },
    {
      "module": "module.ecs_node_role",
      "mode": "managed",
      "type": "aws_iam_role",
      "name": "ecs_node_role",
      "provider": "provider[\"registry.terraform.io/hashicorp/aws\"]",
      "instances": [
        {
          "schema_version": 0,
          "attributes": {
            "arn": "arn:aws:iam::010575877879:role/demo-ecs-node-role-d5e122ee20240919150036468500000003",
            "assume_role_policy": "{\"Statement\":[{\"Action\":\"sts:AssumeRole\",\"Effect\":\"Allow\",\"Principal\":{\"Service\":[\"ecs-tasks.amazonaws.com\",\"ec2.amazonaws.com\"]}}],\"Version\":\"2012-10-17\"}",
            "create_date": "2024-09-19T15:00:37Z",
            "description": "",
            "force_detach_policies": false,
            "id": "demo-ecs-node-role-d5e122ee20240919150036468500000003",
            "inline_policy": [],
            "managed_policy_arns": [],
            "max_session_duration": 3600,
            "name": "demo-ecs-node-role-d5e122ee20240919150036468500000003",
            "name_prefix": "demo-ecs-node-role-d5e122ee",
            "path": "/",
            "permissions_boundary": "",
            "tags": null,
            "tags_all": {},
            "unique_id": "AROAQE5S7C33QACQVQWR5"
          },
          "sensitive_attributes": [],
          "private": "bnVsbA==",
          "dependencies": [
            "module.ecs_node_role.data.aws_iam_policy_document.ecs_node_doc",
            "random_id.unique"
          ]
        }
      ]
    },
    {
      "module": "module.ecs_node_role",
      "mode": "managed",
      "type": "aws_iam_role_policy_attachment",
      "name": "ecs_cloudwatch_policy",
      "provider": "provider[\"registry.terraform.io/hashicorp/aws\"]",
      "instances": [
        {
          "schema_version": 0,
          "attributes": {
            "id": "demo-ecs-node-role-d5e122ee20240919150036468500000003-2024091915003792300000000a",
            "policy_arn": "arn:aws:iam::aws:policy/CloudWatchLogsFullAccess",
            "role": "demo-ecs-node-role-d5e122ee20240919150036468500000003"
          },
          "sensitive_attributes": [],
          "private": "bnVsbA==",
          "dependencies": [
            "module.ecs_node_role.aws_iam_role.ecs_node_role",
            "module.ecs_node_role.data.aws_iam_policy_document.ecs_node_doc",
            "random_id.unique"
          ]
        }
      ]
    },
    {
      "module": "module.ecs_node_role",
      "mode": "managed",
      "type": "aws_iam_role_policy_attachment",
      "name": "ecs_ecr_policy",
      "provider": "provider[\"registry.terraform.io/hashicorp/aws\"]",
      "instances": [
        {
          "schema_version": 0,
          "attributes": {
            "id": "demo-ecs-node-role-d5e122ee20240919150036468500000003-2024091915003824360000000b",
            "policy_arn": "arn:aws:iam::010575877879:policy/demo-ecs-node-role-d5e122ee-ecr-policy",
            "role": "demo-ecs-node-role-d5e122ee20240919150036468500000003"
          },
          "sensitive_attributes": [],
          "private": "bnVsbA==",
          "dependencies": [
            "module.ecs_node_role.aws_iam_policy.ecr_policy",
            "module.ecs_node_role.aws_iam_role.ecs_node_role",
            "module.ecs_node_role.data.aws_iam_policy_document.ecr_policy",
            "module.ecs_node_role.data.aws_iam_policy_document.ecs_node_doc",
            "random_id.unique"
          ]
        }
      ]
    },
    {
      "module": "module.ecs_node_role",
      "mode": "managed",
      "type": "aws_iam_role_policy_attachment",
      "name": "ecs_exec_cloudwatch_policy",
      "provider": "provider[\"registry.terraform.io/hashicorp/aws\"]",
      "instances": [
        {
          "schema_version": 0,
          "attributes": {
            "id": "demo-ecs-node-role-d5e122ee-exec20240919150036467600000002-20240919150037859400000005",
            "policy_arn": "arn:aws:iam::010575877879:policy/demo-ecs-node-role-d5e122ee-cloudwatch-logs-policy",
            "role": "demo-ecs-node-role-d5e122ee-exec20240919150036467600000002"
          },
          "sensitive_attributes": [],
          "private": "bnVsbA==",
          "dependencies": [
            "module.ecs_node_role.aws_iam_policy.cloudwatch_logs_policy",
            "module.ecs_node_role.aws_iam_role.ecs_exec_role",
            "module.ecs_node_role.data.aws_iam_policy_document.cloudwatch_logs_policy",
            "random_id.unique"
          ]
        }
      ]
    },
    {
      "module": "module.ecs_node_role",
      "mode": "managed",
      "type": "aws_iam_role_policy_attachment",
      "name": "ecs_exec_role_policy",
      "provider": "provider[\"registry.terraform.io/hashicorp/aws\"]",
      "instances": [
        {
          "schema_version": 0,
          "attributes": {
            "id": "demo-ecs-node-role-d5e122ee-exec20240919150036467600000002-20240919150037864500000006",
            "policy_arn": "arn:aws:iam::aws:policy/service-role/AmazonECSTaskExecutionRolePolicy",
            "role": "demo-ecs-node-role-d5e122ee-exec20240919150036467600000002"
          },
          "sensitive_attributes": [],
          "private": "bnVsbA==",
          "dependencies": [
            "module.ecs_node_role.aws_iam_role.ecs_exec_role",
            "random_id.unique"
          ]
        }
      ]
    },
    {
      "module": "module.ecs_node_role",
      "mode": "managed",
      "type": "aws_iam_role_policy_attachment",
      "name": "ecs_node_role_policy",
      "provider": "provider[\"registry.terraform.io/hashicorp/aws\"]",
      "instances": [
        {
          "schema_version": 0,
          "attributes": {
            "id": "demo-ecs-node-role-d5e122ee20240919150036468500000003-20240919150037913000000009",
            "policy_arn": "arn:aws:iam::aws:policy/service-role/AmazonEC2ContainerServiceforEC2Role",
            "role": "demo-ecs-node-role-d5e122ee20240919150036468500000003"
          },
          "sensitive_attributes": [],
          "private": "bnVsbA==",
          "dependencies": [
            "module.ecs_node_role.aws_iam_role.ecs_node_role",
            "module.ecs_node_role.data.aws_iam_policy_document.ecs_node_doc",
            "random_id.unique"
          ]
        }
      ]
    },
    {
      "module": "module.ecs_node_role",
      "mode": "managed",
      "type": "aws_iam_role_policy_attachment",
      "name": "ecs_ssm_policy",
      "provider": "provider[\"registry.terraform.io/hashicorp/aws\"]",
      "instances": [
        {
          "schema_version": 0,
          "attributes": {
            "id": "demo-ecs-node-role-d5e122ee20240919150036468500000003-20240919150037897600000007",
            "policy_arn": "arn:aws:iam::aws:policy/AmazonSSMManagedInstanceCore",
            "role": "demo-ecs-node-role-d5e122ee20240919150036468500000003"
          },
          "sensitive_attributes": [],
          "private": "bnVsbA==",
          "dependencies": [
            "module.ecs_node_role.aws_iam_role.ecs_node_role",
            "module.ecs_node_role.data.aws_iam_policy_document.ecs_node_doc",
            "random_id.unique"
          ]
        }
      ]
    },
    {
      "module": "module.ecs_node_sg",
      "mode": "managed",
      "type": "aws_security_group",
      "name": "ecs_node_sg",
      "provider": "provider[\"registry.terraform.io/hashicorp/aws\"]",
      "instances": [
        {
          "schema_version": 1,
          "attributes": {
            "arn": "arn:aws:ec2:us-east-1:010575877879:security-group/sg-0aca5bd0ffc995286",
            "description": "Security group for ECS nodes",
            "egress": [
              {
                "cidr_blocks": [
                  "0.0.0.0/0"
                ],
                "description": "Allow all outbound traffic",
                "from_port": 0,
                "ipv6_cidr_blocks": [],
                "prefix_list_ids": [],
                "protocol": "-1",
                "security_groups": [],
                "self": false,
                "to_port": 0
              }
            ],
            "id": "sg-0aca5bd0ffc995286",
            "ingress": [
              {
                "cidr_blocks": [
                  "0.0.0.0/0"
                ],
                "description": "Allow HTTP from anywhere",
                "from_port": 80,
                "ipv6_cidr_blocks": [],
                "prefix_list_ids": [],
                "protocol": "tcp",
                "security_groups": [],
                "self": false,
                "to_port": 80
              },
              {
                "cidr_blocks": [
                  "0.0.0.0/0"
                ],
                "description": "Allow ICMP from anywhere",
                "from_port": -1,
                "ipv6_cidr_blocks": [],
                "prefix_list_ids": [],
                "protocol": "icmp",
                "security_groups": [],
                "self": false,
                "to_port": -1
              },
              {
                "cidr_blocks": [
                  "0.0.0.0/0"
                ],
                "description": "Allow SSH from anywhere",
                "from_port": 22,
                "ipv6_cidr_blocks": [],
                "prefix_list_ids": [],
                "protocol": "tcp",
                "security_groups": [],
                "self": false,
                "to_port": 22
              },
              {
                "cidr_blocks": [],
                "description": "Allow inbound traffic from ALB",
                "from_port": 80,
                "ipv6_cidr_blocks": [],
                "prefix_list_ids": [],
                "protocol": "tcp",
                "security_groups": [
                  "sg-0de4270ea15d2ea44"
                ],
                "self": false,
                "to_port": 80
              }
            ],
            "name": "demo-ecs-sg-d5e122ee20240919150052928400000011",
            "name_prefix": "demo-ecs-sg-d5e122ee",
            "owner_id": "010575877879",
            "revoke_rules_on_delete": false,
            "tags": {
              "Name": "demo-ecs-sg-d5e122ee-sg"
            },
            "tags_all": {
              "Name": "demo-ecs-sg-d5e122ee-sg"
            },
            "timeouts": null,
            "vpc_id": "vpc-034d7e29fc624adfe"
          },
          "sensitive_attributes": [],
          "private": "eyJlMmJmYjczMC1lY2FhLTExZTYtOGY4OC0zNDM2M2JjN2M0YzAiOnsiY3JlYXRlIjo2MDAwMDAwMDAwMDAsImRlbGV0ZSI6OTAwMDAwMDAwMDAwfSwic2NoZW1hX3ZlcnNpb24iOiIxIn0=",
          "dependencies": [
            "module.alb.aws_security_group.http",
            "module.log_group.aws_cloudwatch_log_group.this",
            "module.log_group.aws_cloudwatch_log_stream.this",
            "module.vpc.aws_vpc.main",
            "random_id.unique"
          ]
        }
      ]
    },
    {
      "module": "module.ecs_service",
      "mode": "managed",
      "type": "aws_ecs_service",
      "name": "app",
      "provider": "provider[\"registry.terraform.io/hashicorp/aws\"]",
      "instances": [
        {
          "schema_version": 1,
          "attributes": {
            "alarms": [],
            "capacity_provider_strategy": [
              {
                "base": 1,
                "capacity_provider": "demo-capacity-provider-d5e122ee",
                "weight": 100
              }
            ],
            "cluster": "arn:aws:ecs:us-east-1:010575877879:cluster/demo-cluster-d5e122ee",
            "deployment_circuit_breaker": [
              {
                "enable": true,
                "rollback": true
              }
            ],
            "deployment_controller": [
              {
                "type": "ECS"
              }
            ],
            "deployment_maximum_percent": 200,
            "deployment_minimum_healthy_percent": 100,
            "desired_count": 1,
            "enable_ecs_managed_tags": false,
            "enable_execute_command": false,
            "force_delete": null,
            "force_new_deployment": null,
            "health_check_grace_period_seconds": 0,
            "iam_role": "/aws-service-role/ecs.amazonaws.com/AWSServiceRoleForECS",
            "id": "arn:aws:ecs:us-east-1:010575877879:service/demo-cluster-d5e122ee/demo-ecs-service-d5e122ee",
            "launch_type": "",
            "load_balancer": [
              {
                "container_name": "nginx-nginx",
                "container_port": 80,
                "elb_name": "",
                "target_group_arn": "arn:aws:elasticloadbalancing:us-east-1:010575877879:targetgroup/app-demo-alb-d5e122ee-c62c5aeb/598db6430078ed8a"
              }
            ],
            "name": "demo-ecs-service-d5e122ee",
            "network_configuration": [],
            "ordered_placement_strategy": [
              {
                "field": "instanceId",
                "type": "spread"
              }
            ],
            "placement_constraints": [],
            "platform_version": "",
            "propagate_tags": "NONE",
            "scheduling_strategy": "REPLICA",
            "service_connect_configuration": [],
            "service_registries": [],
            "tags": null,
            "tags_all": {},
            "task_definition": "arn:aws:ecs:us-east-1:010575877879:task-definition/nginx-task-d5e122ee:1",
            "timeouts": null,
            "triggers": {},
            "volume_configuration": [],
            "wait_for_steady_state": false
          },
          "sensitive_attributes": [],
          "private": "eyJlMmJmYjczMC1lY2FhLTExZTYtOGY4OC0zNDM2M2JjN2M0YzAiOnsiY3JlYXRlIjoxMjAwMDAwMDAwMDAwLCJkZWxldGUiOjEyMDAwMDAwMDAwMDAsInVwZGF0ZSI6MTIwMDAwMDAwMDAwMH0sInNjaGVtYV92ZXJzaW9uIjoiMSJ9",
          "dependencies": [
            "aws_key_pair.generated_key",
            "data.aws_availability_zones.available",
            "module.alb.aws_lb_target_group.app",
            "module.alb.aws_security_group.http",
            "module.alb.random_id.target_group_suffix",
            "module.ecs_asg.aws_autoscaling_group.ecs",
            "module.ecs_capacity_provider.aws_ecs_capacity_provider.main",
            "module.ecs_cluster.aws_ecs_cluster.main",
            "module.ecs_launch_template.aws_launch_template.ecs_ec2",
            "module.ecs_launch_template.data.aws_region.current",
            "module.ecs_node_role.aws_iam_instance_profile.ecs_node",
            "module.ecs_node_role.aws_iam_role.ecs_exec_role",
            "module.ecs_node_role.aws_iam_role.ecs_node_role",
            "module.ecs_node_role.data.aws_iam_policy_document.ecs_node_doc",
            "module.ecs_node_sg.aws_security_group.ecs_node_sg",
            "module.ecs_task_definition.aws_ecs_task_definition.app",
            "module.log_group.aws_cloudwatch_log_group.this",
            "module.log_group.aws_cloudwatch_log_stream.this",
            "module.vpc.aws_subnet.public",
            "module.vpc.aws_vpc.main",
            "random_id.unique",
            "tls_private_key.ssh_key"
          ]
        }
      ]
    },
    {
      "module": "module.ecs_service_auto_scaling",
      "mode": "managed",
      "type": "aws_appautoscaling_policy",
      "name": "ecs_target_cpu",
      "provider": "provider[\"registry.terraform.io/hashicorp/aws\"]",
      "instances": [
        {
          "schema_version": 0,
          "attributes": {
            "alarm_arns": [
              "arn:aws:cloudwatch:us-east-1:010575877879:alarm:TargetTracking-service/demo-cluster-d5e122ee/demo-ecs-service-d5e122ee-AlarmHigh-748571e5-46fd-4e65-a4c8-82c3f2b33b8d",
              "arn:aws:cloudwatch:us-east-1:010575877879:alarm:TargetTracking-service/demo-cluster-d5e122ee/demo-ecs-service-d5e122ee-AlarmLow-41613210-67f1-48ae-bc08-ef8a7d410df9"
            ],
            "arn": "arn:aws:autoscaling:us-east-1:010575877879:scalingPolicy:99779874-537f-4d4d-8785-06f503688b92:resource/ecs/service/demo-cluster-d5e122ee/demo-ecs-service-d5e122ee:policyName/application-scaling-policy-cpu",
            "id": "application-scaling-policy-cpu",
            "name": "application-scaling-policy-cpu",
            "policy_type": "TargetTrackingScaling",
            "resource_id": "service/demo-cluster-d5e122ee/demo-ecs-service-d5e122ee",
            "scalable_dimension": "ecs:service:DesiredCount",
            "service_namespace": "ecs",
            "step_scaling_policy_configuration": [],
            "target_tracking_scaling_policy_configuration": [
              {
                "customized_metric_specification": [],
                "disable_scale_in": false,
                "predefined_metric_specification": [
                  {
                    "predefined_metric_type": "ECSServiceAverageCPUUtilization",
                    "resource_label": ""
                  }
                ],
                "scale_in_cooldown": 300,
                "scale_out_cooldown": 300,
                "target_value": 80
              }
            ]
          },
          "sensitive_attributes": [],
          "private": "bnVsbA==",
          "dependencies": [
            "aws_key_pair.generated_key",
            "data.aws_availability_zones.available",
            "module.alb.aws_lb_target_group.app",
            "module.alb.aws_security_group.http",
            "module.alb.random_id.target_group_suffix",
            "module.ecs_asg.aws_autoscaling_group.ecs",
            "module.ecs_capacity_provider.aws_ecs_capacity_provider.main",
            "module.ecs_cluster.aws_ecs_cluster.main",
            "module.ecs_launch_template.aws_launch_template.ecs_ec2",
            "module.ecs_launch_template.data.aws_region.current",
            "module.ecs_node_role.aws_iam_instance_profile.ecs_node",
            "module.ecs_node_role.aws_iam_role.ecs_exec_role",
            "module.ecs_node_role.aws_iam_role.ecs_node_role",
            "module.ecs_node_role.data.aws_iam_policy_document.ecs_node_doc",
            "module.ecs_node_sg.aws_security_group.ecs_node_sg",
            "module.ecs_service.aws_ecs_service.app",
            "module.ecs_service_auto_scaling.aws_appautoscaling_target.ecs_target",
            "module.ecs_task_definition.aws_ecs_task_definition.app",
            "module.log_group.aws_cloudwatch_log_group.this",
            "module.log_group.aws_cloudwatch_log_stream.this",
            "module.vpc.aws_subnet.public",
            "module.vpc.aws_vpc.main",
            "random_id.unique",
            "tls_private_key.ssh_key"
          ]
        }
      ]
    },
    {
      "module": "module.ecs_service_auto_scaling",
      "mode": "managed",
      "type": "aws_appautoscaling_policy",
      "name": "ecs_target_memory",
      "provider": "provider[\"registry.terraform.io/hashicorp/aws\"]",
      "instances": [
        {
          "schema_version": 0,
          "attributes": {
            "alarm_arns": [
              "arn:aws:cloudwatch:us-east-1:010575877879:alarm:TargetTracking-service/demo-cluster-d5e122ee/demo-ecs-service-d5e122ee-AlarmHigh-47cf551e-56b2-494a-9b15-5217fc280c55",
              "arn:aws:cloudwatch:us-east-1:010575877879:alarm:TargetTracking-service/demo-cluster-d5e122ee/demo-ecs-service-d5e122ee-AlarmLow-afe8f9f6-72f3-484b-8562-546045578aee"
            ],
            "arn": "arn:aws:autoscaling:us-east-1:010575877879:scalingPolicy:99779874-537f-4d4d-8785-06f503688b92:resource/ecs/service/demo-cluster-d5e122ee/demo-ecs-service-d5e122ee:policyName/application-scaling-policy-memory",
            "id": "application-scaling-policy-memory",
            "name": "application-scaling-policy-memory",
            "policy_type": "TargetTrackingScaling",
            "resource_id": "service/demo-cluster-d5e122ee/demo-ecs-service-d5e122ee",
            "scalable_dimension": "ecs:service:DesiredCount",
            "service_namespace": "ecs",
            "step_scaling_policy_configuration": [],
            "target_tracking_scaling_policy_configuration": [
              {
                "customized_metric_specification": [],
                "disable_scale_in": false,
                "predefined_metric_specification": [
                  {
                    "predefined_metric_type": "ECSServiceAverageMemoryUtilization",
                    "resource_label": ""
                  }
                ],
                "scale_in_cooldown": 300,
                "scale_out_cooldown": 300,
                "target_value": 80
              }
            ]
          },
          "sensitive_attributes": [],
          "private": "bnVsbA==",
          "dependencies": [
            "aws_key_pair.generated_key",
            "data.aws_availability_zones.available",
            "module.alb.aws_lb_target_group.app",
            "module.alb.aws_security_group.http",
            "module.alb.random_id.target_group_suffix",
            "module.ecs_asg.aws_autoscaling_group.ecs",
            "module.ecs_capacity_provider.aws_ecs_capacity_provider.main",
            "module.ecs_cluster.aws_ecs_cluster.main",
            "module.ecs_launch_template.aws_launch_template.ecs_ec2",
            "module.ecs_launch_template.data.aws_region.current",
            "module.ecs_node_role.aws_iam_instance_profile.ecs_node",
            "module.ecs_node_role.aws_iam_role.ecs_exec_role",
            "module.ecs_node_role.aws_iam_role.ecs_node_role",
            "module.ecs_node_role.data.aws_iam_policy_document.ecs_node_doc",
            "module.ecs_node_sg.aws_security_group.ecs_node_sg",
            "module.ecs_service.aws_ecs_service.app",
            "module.ecs_service_auto_scaling.aws_appautoscaling_target.ecs_target",
            "module.ecs_task_definition.aws_ecs_task_definition.app",
            "module.log_group.aws_cloudwatch_log_group.this",
            "module.log_group.aws_cloudwatch_log_stream.this",
            "module.vpc.aws_subnet.public",
            "module.vpc.aws_vpc.main",
            "random_id.unique",
            "tls_private_key.ssh_key"
          ]
        }
      ]
    },
    {
      "module": "module.ecs_service_auto_scaling",
      "mode": "managed",
      "type": "aws_appautoscaling_target",
      "name": "ecs_target",
      "provider": "provider[\"registry.terraform.io/hashicorp/aws\"]",
      "instances": [
        {
          "schema_version": 0,
          "attributes": {
            "arn": "arn:aws:application-autoscaling:us-east-1:010575877879:scalable-target/0ec599779874537f4d4d878506f503688b92",
            "id": "service/demo-cluster-d5e122ee/demo-ecs-service-d5e122ee",
            "max_capacity": 5,
            "min_capacity": 2,
            "resource_id": "service/demo-cluster-d5e122ee/demo-ecs-service-d5e122ee",
            "role_arn": "arn:aws:iam::010575877879:role/aws-service-role/ecs.application-autoscaling.amazonaws.com/AWSServiceRoleForApplicationAutoScaling_ECSService",
            "scalable_dimension": "ecs:service:DesiredCount",
            "service_namespace": "ecs",
            "suspended_state": [
              {
                "dynamic_scaling_in_suspended": false,
                "dynamic_scaling_out_suspended": false,
                "scheduled_scaling_suspended": false
              }
            ],
            "tags": null,
            "tags_all": {}
          },
          "sensitive_attributes": [],
          "private": "bnVsbA==",
          "dependencies": [
            "aws_key_pair.generated_key",
            "data.aws_availability_zones.available",
            "module.alb.aws_lb_target_group.app",
            "module.alb.aws_security_group.http",
            "module.alb.random_id.target_group_suffix",
            "module.ecs_asg.aws_autoscaling_group.ecs",
            "module.ecs_capacity_provider.aws_ecs_capacity_provider.main",
            "module.ecs_cluster.aws_ecs_cluster.main",
            "module.ecs_launch_template.aws_launch_template.ecs_ec2",
            "module.ecs_launch_template.data.aws_region.current",
            "module.ecs_node_role.aws_iam_instance_profile.ecs_node",
            "module.ecs_node_role.aws_iam_role.ecs_exec_role",
            "module.ecs_node_role.aws_iam_role.ecs_node_role",
            "module.ecs_node_role.data.aws_iam_policy_document.ecs_node_doc",
            "module.ecs_node_sg.aws_security_group.ecs_node_sg",
            "module.ecs_service.aws_ecs_service.app",
            "module.ecs_task_definition.aws_ecs_task_definition.app",
            "module.log_group.aws_cloudwatch_log_group.this",
            "module.log_group.aws_cloudwatch_log_stream.this",
            "module.vpc.aws_subnet.public",
            "module.vpc.aws_vpc.main",
            "random_id.unique",
            "tls_private_key.ssh_key"
          ]
        }
      ]
    },
    {
      "module": "module.ecs_task_definition",
      "mode": "managed",
      "type": "aws_ecs_task_definition",
      "name": "app",
      "provider": "provider[\"registry.terraform.io/hashicorp/aws\"]",
      "instances": [
        {
          "schema_version": 1,
          "attributes": {
            "arn": "arn:aws:ecs:us-east-1:010575877879:task-definition/nginx-task-d5e122ee:1",
            "arn_without_revision": "arn:aws:ecs:us-east-1:010575877879:task-definition/nginx-task-d5e122ee",
            "container_definitions": "[{\"cpu\":128,\"environment\":[],\"essential\":true,\"image\":\"nginx:latest\",\"links\":[\"nginx-nodejs\"],\"logConfiguration\":{\"logDriver\":\"awslogs\",\"options\":{\"awslogs-group\":\"log_group-d5e122ee\",\"awslogs-region\":\"us-east-1\",\"awslogs-stream-prefix\":\"nginx\"}},\"memory\":128,\"mountPoints\":[{\"containerPath\":\"/etc/nginx/nginx.conf\",\"readOnly\":true,\"sourceVolume\":\"nginx-config\"},{\"containerPath\":\"/var/log/nginx\",\"readOnly\":false,\"sourceVolume\":\"nginx-logs\"}],\"name\":\"nginx-nginx\",\"portMappings\":[{\"containerPort\":80,\"hostPort\":80,\"protocol\":\"tcp\"}],\"systemControls\":[],\"volumesFrom\":[]},{\"cpu\":128,\"environment\":[{\"name\":\"NODE_PORT\",\"value\":\"3000\"}],\"essential\":true,\"image\":\"node:latest\",\"logConfiguration\":{\"logDriver\":\"awslogs\",\"options\":{\"awslogs-stream-prefix\":\"node-js\",\"awslogs-group\":\"log_group-d5e122ee\",\"awslogs-region\":\"us-east-1\"}},\"memory\":128,\"mountPoints\":[{\"containerPath\":\"/app/logs\",\"readOnly\":false,\"sourceVolume\":\"nodejs-logs\"}],\"name\":\"nginx-nodejs\",\"portMappings\":[{\"containerPort\":3000,\"hostPort\":3000,\"protocol\":\"tcp\"}],\"systemControls\":[],\"volumesFrom\":[]}]",
            "cpu": "256",
            "ephemeral_storage": [],
            "execution_role_arn": "arn:aws:iam::010575877879:role/demo-ecs-node-role-d5e122ee-exec20240919150036467600000002",
            "family": "nginx-task-d5e122ee",
            "id": "nginx-task-d5e122ee",
            "inference_accelerator": [],
            "ipc_mode": "",
            "memory": "256",
            "network_mode": "bridge",
            "pid_mode": "",
            "placement_constraints": [],
            "proxy_configuration": [],
            "requires_compatibilities": [
              "EC2"
            ],
            "revision": 1,
            "runtime_platform": [],
            "skip_destroy": false,
            "tags": null,
            "tags_all": {},
            "task_role_arn": "arn:aws:iam::010575877879:role/demo-ecs-node-role-d5e122ee20240919150036468500000003",
            "track_latest": false,
            "volume": [
              {
                "configure_at_launch": false,
                "docker_volume_configuration": [],
                "efs_volume_configuration": [],
                "fsx_windows_file_server_volume_configuration": [],
                "host_path": "/etc/nginx/nginx.conf",
                "name": "nginx-config"
              },
              {
                "configure_at_launch": false,
                "docker_volume_configuration": [],
                "efs_volume_configuration": [],
                "fsx_windows_file_server_volume_configuration": [],
                "host_path": "/var/log/ecs/nginx",
                "name": "nginx-logs"
              },
              {
                "configure_at_launch": false,
                "docker_volume_configuration": [],
                "efs_volume_configuration": [],
                "fsx_windows_file_server_volume_configuration": [],
                "host_path": "/var/log/ecs/nodejs",
                "name": "nodejs-logs"
              }
            ]
          },
          "sensitive_attributes": [],
          "private": "eyJzY2hlbWFfdmVyc2lvbiI6IjEifQ==",
          "dependencies": [
            "module.ecs_node_role.aws_iam_role.ecs_exec_role",
            "module.ecs_node_role.aws_iam_role.ecs_node_role",
            "module.ecs_node_role.data.aws_iam_policy_document.ecs_node_doc",
            "module.log_group.aws_cloudwatch_log_group.this",
            "module.log_group.aws_cloudwatch_log_stream.this",
            "random_id.unique"
          ]
        }
      ]
    },
    {
      "module": "module.ecs_task_role",
      "mode": "managed",
      "type": "aws_iam_role",
      "name": "ecs_exec_role",
      "provider": "provider[\"registry.terraform.io/hashicorp/aws\"]",
      "instances": [
        {
          "schema_version": 0,
          "attributes": {
            "arn": "arn:aws:iam::010575877879:role/demo-ecs-exec-role-d5e122ee20240919150036467400000001",
            "assume_role_policy": "{\"Statement\":[{\"Action\":\"sts:AssumeRole\",\"Effect\":\"Allow\",\"Principal\":{\"Service\":\"ecs-tasks.amazonaws.com\"}}],\"Version\":\"2012-10-17\"}",
            "create_date": "2024-09-19T15:00:37Z",
            "description": "",
            "force_detach_policies": false,
            "id": "demo-ecs-exec-role-d5e122ee20240919150036467400000001",
            "inline_policy": [],
            "managed_policy_arns": [],
            "max_session_duration": 3600,
            "name": "demo-ecs-exec-role-d5e122ee20240919150036467400000001",
            "name_prefix": "demo-ecs-exec-role-d5e122ee",
            "path": "/",
            "permissions_boundary": "",
            "tags": null,
            "tags_all": {},
            "unique_id": "AROAQE5S7C334LT4UKECK"
          },
          "sensitive_attributes": [],
          "private": "bnVsbA==",
          "dependencies": [
            "random_id.unique"
          ]
        }
      ]
    },
    {
      "module": "module.ecs_task_role",
      "mode": "managed",
      "type": "aws_iam_role",
      "name": "ecs_task_role",
      "provider": "provider[\"registry.terraform.io/hashicorp/aws\"]",
      "instances": [
        {
          "schema_version": 0,
          "attributes": {
            "arn": "arn:aws:iam::010575877879:role/demo-ecs-task-role-d5e122ee20240919150036468800000004",
            "assume_role_policy": "{\"Statement\":[{\"Action\":\"sts:AssumeRole\",\"Effect\":\"Allow\",\"Principal\":{\"Service\":\"ecs-tasks.amazonaws.com\"}}],\"Version\":\"2012-10-17\"}",
            "create_date": "2024-09-19T15:00:37Z",
            "description": "",
            "force_detach_policies": false,
            "id": "demo-ecs-task-role-d5e122ee20240919150036468800000004",
            "inline_policy": [],
            "managed_policy_arns": [],
            "max_session_duration": 3600,
            "name": "demo-ecs-task-role-d5e122ee20240919150036468800000004",
            "name_prefix": "demo-ecs-task-role-d5e122ee",
            "path": "/",
            "permissions_boundary": "",
            "tags": null,
            "tags_all": {},
            "unique_id": "AROAQE5S7C33QX22JTAKY"
          },
          "sensitive_attributes": [],
          "private": "bnVsbA==",
          "dependencies": [
            "random_id.unique"
          ]
        }
      ]
    },
    {
      "module": "module.ecs_task_role",
      "mode": "managed",
      "type": "aws_iam_role_policy_attachment",
      "name": "ecs_exec_role_policy",
      "provider": "provider[\"registry.terraform.io/hashicorp/aws\"]",
      "instances": [
        {
          "schema_version": 0,
          "attributes": {
            "id": "demo-ecs-exec-role-d5e122ee20240919150036467400000001-2024091915003826920000000c",
            "policy_arn": "arn:aws:iam::aws:policy/service-role/AmazonECSTaskExecutionRolePolicy",
            "role": "demo-ecs-exec-role-d5e122ee20240919150036467400000001"
          },
          "sensitive_attributes": [],
          "private": "bnVsbA==",
          "dependencies": [
            "module.ecs_task_role.aws_iam_role.ecs_exec_role",
            "random_id.unique"
          ]
        }
      ]
    },
    {
      "module": "module.internet_gateway",
      "mode": "managed",
      "type": "aws_eip",
      "name": "main",
      "provider": "provider[\"registry.terraform.io/hashicorp/aws\"]",
      "instances": [
        {
          "index_key": 0,
          "schema_version": 0,
          "attributes": {
            "address": null,
            "allocation_id": "eipalloc-03731f47c0a72eaa0",
            "arn": "arn:aws:ec2:us-east-1:010575877879:elastic-ip/eipalloc-03731f47c0a72eaa0",
            "associate_with_private_ip": null,
            "association_id": "",
            "carrier_ip": "",
            "customer_owned_ip": "",
            "customer_owned_ipv4_pool": "",
            "domain": "vpc",
            "id": "eipalloc-03731f47c0a72eaa0",
            "instance": "",
            "network_border_group": "us-east-1",
            "network_interface": "",
            "private_dns": null,
            "private_ip": "",
            "ptr_record": "",
            "public_dns": "ec2-44-194-207-242.compute-1.amazonaws.com",
            "public_ip": "44.194.207.242",
            "public_ipv4_pool": "amazon",
            "tags": {
              "Name": "demo-eip-us-east-1a"
            },
            "tags_all": {
              "Name": "demo-eip-us-east-1a"
            },
            "timeouts": null,
            "vpc": true
          },
          "sensitive_attributes": [],
          "private": "eyJlMmJmYjczMC1lY2FhLTExZTYtOGY4OC0zNDM2M2JjN2M0YzAiOnsiZGVsZXRlIjoxODAwMDAwMDAwMDAsInJlYWQiOjkwMDAwMDAwMDAwMCwidXBkYXRlIjozMDAwMDAwMDAwMDB9fQ==",
          "dependencies": [
            "data.aws_availability_zones.available",
            "module.internet_gateway.aws_internet_gateway.main",
            "module.vpc.aws_vpc.main",
            "random_id.unique"
          ]
        },
        {
          "index_key": 1,
          "schema_version": 0,
          "attributes": {
            "address": null,
            "allocation_id": "eipalloc-04cb2d339051aa753",
            "arn": "arn:aws:ec2:us-east-1:010575877879:elastic-ip/eipalloc-04cb2d339051aa753",
            "associate_with_private_ip": null,
            "association_id": "",
            "carrier_ip": "",
            "customer_owned_ip": "",
            "customer_owned_ipv4_pool": "",
            "domain": "vpc",
            "id": "eipalloc-04cb2d339051aa753",
            "instance": "",
            "network_border_group": "us-east-1",
            "network_interface": "",
            "private_dns": null,
            "private_ip": "",
            "ptr_record": "",
            "public_dns": "ec2-54-226-144-93.compute-1.amazonaws.com",
            "public_ip": "54.226.144.93",
            "public_ipv4_pool": "amazon",
            "tags": {
              "Name": "demo-eip-us-east-1b"
            },
            "tags_all": {
              "Name": "demo-eip-us-east-1b"
            },
            "timeouts": null,
            "vpc": true
          },
          "sensitive_attributes": [],
          "private": "eyJlMmJmYjczMC1lY2FhLTExZTYtOGY4OC0zNDM2M2JjN2M0YzAiOnsiZGVsZXRlIjoxODAwMDAwMDAwMDAsInJlYWQiOjkwMDAwMDAwMDAwMCwidXBkYXRlIjozMDAwMDAwMDAwMDB9fQ==",
          "dependencies": [
            "data.aws_availability_zones.available",
            "module.internet_gateway.aws_internet_gateway.main",
            "module.vpc.aws_vpc.main",
            "random_id.unique"
          ]
        }
      ]
    },
    {
      "module": "module.internet_gateway",
      "mode": "managed",
      "type": "aws_internet_gateway",
      "name": "main",
      "provider": "provider[\"registry.terraform.io/hashicorp/aws\"]",
      "instances": [
        {
          "schema_version": 0,
          "attributes": {
            "arn": "arn:aws:ec2:us-east-1:010575877879:internet-gateway/igw-0c224ec9529a6977e",
            "id": "igw-0c224ec9529a6977e",
            "owner_id": "010575877879",
            "tags": {
              "Name": "demo-igw-d5e122ee"
            },
            "tags_all": {
              "Name": "demo-igw-d5e122ee"
            },
            "timeouts": null,
            "vpc_id": "vpc-034d7e29fc624adfe"
          },
          "sensitive_attributes": [],
          "private": "eyJlMmJmYjczMC1lY2FhLTExZTYtOGY4OC0zNDM2M2JjN2M0YzAiOnsiY3JlYXRlIjoxMjAwMDAwMDAwMDAwLCJkZWxldGUiOjEyMDAwMDAwMDAwMDAsInVwZGF0ZSI6MTIwMDAwMDAwMDAwMH19",
          "dependencies": [
            "module.vpc.aws_vpc.main",
            "random_id.unique"
          ],
          "create_before_destroy": true
        }
      ]
    },
    {
      "module": "module.log_group",
      "mode": "managed",
      "type": "aws_cloudwatch_log_group",
      "name": "this",
      "provider": "provider[\"registry.terraform.io/hashicorp/aws\"]",
      "instances": [
        {
          "schema_version": 0,
          "attributes": {
            "arn": "arn:aws:logs:us-east-1:010575877879:log-group:log_group-d5e122ee",
            "id": "log_group-d5e122ee",
            "kms_key_id": "",
            "log_group_class": "STANDARD",
            "name": "log_group-d5e122ee",
            "name_prefix": "",
            "retention_in_days": 1,
            "skip_destroy": false,
            "tags": null,
            "tags_all": {}
          },
          "sensitive_attributes": [],
          "private": "bnVsbA==",
          "dependencies": [
            "random_id.unique"
          ],
          "create_before_destroy": true
        }
      ]
    },
    {
      "module": "module.log_group",
      "mode": "managed",
      "type": "aws_cloudwatch_log_stream",
      "name": "this",
      "provider": "provider[\"registry.terraform.io/hashicorp/aws\"]",
      "instances": [
        {
          "schema_version": 0,
          "attributes": {
            "arn": "arn:aws:logs:us-east-1:010575877879:log-group:log_group-d5e122ee:log-stream:log_group-d5e122ee-stream",
            "id": "log_group-d5e122ee-stream",
            "log_group_name": "log_group-d5e122ee",
            "name": "log_group-d5e122ee-stream"
          },
          "sensitive_attributes": [],
          "private": "bnVsbA==",
          "dependencies": [
            "module.log_group.aws_cloudwatch_log_group.this",
            "random_id.unique"
          ]
        }
      ]
    },
    {
      "module": "module.nat_gateway",
      "mode": "managed",
      "type": "aws_eip",
      "name": "nat",
      "provider": "provider[\"registry.terraform.io/hashicorp/aws\"]",
      "instances": [
        {
          "schema_version": 0,
          "attributes": {
            "address": null,
            "allocation_id": "eipalloc-0540c7fe8d9c1d1db",
            "arn": "arn:aws:ec2:us-east-1:010575877879:elastic-ip/eipalloc-0540c7fe8d9c1d1db",
            "associate_with_private_ip": null,
            "association_id": "",
            "carrier_ip": "",
            "customer_owned_ip": "",
            "customer_owned_ipv4_pool": "",
            "domain": "vpc",
            "id": "eipalloc-0540c7fe8d9c1d1db",
            "instance": "",
            "network_border_group": "us-east-1",
            "network_interface": "",
            "private_dns": null,
            "private_ip": "",
            "ptr_record": "",
            "public_dns": "ec2-34-202-177-27.compute-1.amazonaws.com",
            "public_ip": "34.202.177.27",
            "public_ipv4_pool": "amazon",
            "tags": {
              "Name": "demo-d5e122ee-eip-nat"
            },
            "tags_all": {
              "Name": "demo-d5e122ee-eip-nat"
            },
            "timeouts": null,
            "vpc": true
          },
          "sensitive_attributes": [],
          "private": "eyJlMmJmYjczMC1lY2FhLTExZTYtOGY4OC0zNDM2M2JjN2M0YzAiOnsiZGVsZXRlIjoxODAwMDAwMDAwMDAsInJlYWQiOjkwMDAwMDAwMDAwMCwidXBkYXRlIjozMDAwMDAwMDAwMDB9fQ==",
          "dependencies": [
            "random_id.unique"
          ],
          "create_before_destroy": true
        }
      ]
    },
    {
      "module": "module.nat_gateway",
      "mode": "managed",
      "type": "aws_nat_gateway",
      "name": "main",
      "provider": "provider[\"registry.terraform.io/hashicorp/aws\"]",
      "instances": [
        {
          "schema_version": 0,
          "attributes": {
            "allocation_id": "eipalloc-0540c7fe8d9c1d1db",
            "association_id": "eipassoc-04f0836850785be7d",
            "connectivity_type": "public",
            "id": "nat-0bb1764f4d201f805",
            "network_interface_id": "eni-0e21c1e42ac2ac97f",
            "private_ip": "10.0.0.99",
            "public_ip": "34.202.177.27",
            "secondary_allocation_ids": null,
            "secondary_private_ip_address_count": 0,
            "secondary_private_ip_addresses": [],
            "subnet_id": "subnet-0ebb6c24e94b19210",
            "tags": {
              "Name": "demo-d5e122ee-nat-gw"
            },
            "tags_all": {
              "Name": "demo-d5e122ee-nat-gw"
            },
            "timeouts": null
          },
          "sensitive_attributes": [],
          "private": "eyJlMmJmYjczMC1lY2FhLTExZTYtOGY4OC0zNDM2M2JjN2M0YzAiOnsiY3JlYXRlIjo2MDAwMDAwMDAwMDAsImRlbGV0ZSI6MTgwMDAwMDAwMDAwMCwidXBkYXRlIjo2MDAwMDAwMDAwMDB9fQ==",
          "dependencies": [
            "data.aws_availability_zones.available",
            "module.nat_gateway.aws_eip.nat",
            "module.vpc.aws_subnet.public",
            "module.vpc.aws_vpc.main",
            "random_id.unique"
          ],
          "create_before_destroy": true
        }
      ]
    },
    {
      "module": "module.route_table",
      "mode": "managed",
      "type": "aws_route_table_association",
      "name": "public",
      "provider": "provider[\"registry.terraform.io/hashicorp/aws\"]",
      "instances": [
        {
          "index_key": 0,
          "schema_version": 0,
          "attributes": {
            "gateway_id": "",
            "id": "rtbassoc-0f5a7229c5449f410",
            "route_table_id": "rtb-02ba4bd5537a4e6dc",
            "subnet_id": "subnet-0ebb6c24e94b19210",
            "timeouts": null
          },
          "sensitive_attributes": [],
          "private": "eyJlMmJmYjczMC1lY2FhLTExZTYtOGY4OC0zNDM2M2JjN2M0YzAiOnsiY3JlYXRlIjozMDAwMDAwMDAwMDAsImRlbGV0ZSI6MzAwMDAwMDAwMDAwLCJ1cGRhdGUiOjEyMDAwMDAwMDAwMH19",
          "dependencies": [
            "data.aws_availability_zones.available",
            "module.vpc.aws_route_table.public",
            "module.vpc.aws_subnet.public",
            "module.vpc.aws_vpc.main",
            "random_id.unique"
          ],
          "create_before_destroy": true
        },
        {
          "index_key": 1,
          "schema_version": 0,
          "attributes": {
            "gateway_id": "",
            "id": "rtbassoc-006293fb8d90fdd14",
            "route_table_id": "rtb-02ba4bd5537a4e6dc",
            "subnet_id": "subnet-02fb6a4c782162c09",
            "timeouts": null
          },
          "sensitive_attributes": [],
          "private": "eyJlMmJmYjczMC1lY2FhLTExZTYtOGY4OC0zNDM2M2JjN2M0YzAiOnsiY3JlYXRlIjozMDAwMDAwMDAwMDAsImRlbGV0ZSI6MzAwMDAwMDAwMDAwLCJ1cGRhdGUiOjEyMDAwMDAwMDAwMH19",
          "dependencies": [
            "data.aws_availability_zones.available",
            "module.vpc.aws_route_table.public",
            "module.vpc.aws_subnet.public",
            "module.vpc.aws_vpc.main",
            "random_id.unique"
          ],
          "create_before_destroy": true
        }
      ]
    },
    {
      "module": "module.vpc",
      "mode": "managed",
      "type": "aws_route",
      "name": "public_internet_gateway",
      "provider": "provider[\"registry.terraform.io/hashicorp/aws\"]",
      "instances": [
        {
          "schema_version": 0,
          "attributes": {
            "carrier_gateway_id": "",
            "core_network_arn": "",
            "destination_cidr_block": "0.0.0.0/0",
            "destination_ipv6_cidr_block": "",
            "destination_prefix_list_id": "",
            "egress_only_gateway_id": "",
            "gateway_id": "igw-0c224ec9529a6977e",
            "id": "r-rtb-02ba4bd5537a4e6dc1080289494",
            "instance_id": "",
            "instance_owner_id": "",
            "local_gateway_id": "",
            "nat_gateway_id": "",
            "network_interface_id": "",
            "origin": "CreateRoute",
            "route_table_id": "rtb-02ba4bd5537a4e6dc",
            "state": "active",
            "timeouts": null,
            "transit_gateway_id": "",
            "vpc_endpoint_id": "",
            "vpc_peering_connection_id": ""
          },
          "sensitive_attributes": [],
          "private": "eyJlMmJmYjczMC1lY2FhLTExZTYtOGY4OC0zNDM2M2JjN2M0YzAiOnsiY3JlYXRlIjozMDAwMDAwMDAwMDAsImRlbGV0ZSI6MzAwMDAwMDAwMDAwLCJ1cGRhdGUiOjEyMDAwMDAwMDAwMH19",
          "dependencies": [
            "module.internet_gateway.aws_internet_gateway.main",
            "module.vpc.aws_route_table.public",
            "module.vpc.aws_vpc.main",
            "random_id.unique"
          ]
        }
      ]
    },
    {
      "module": "module.vpc",
      "mode": "managed",
      "type": "aws_route_table",
      "name": "private",
      "provider": "provider[\"registry.terraform.io/hashicorp/aws\"]",
      "instances": [
        {
          "index_key": 0,
          "schema_version": 0,
          "attributes": {
            "arn": "arn:aws:ec2:us-east-1:010575877879:route-table/rtb-0a5bd36b46aeb1ee1",
            "id": "rtb-0a5bd36b46aeb1ee1",
            "owner_id": "010575877879",
            "propagating_vgws": [],
            "route": [],
            "tags": {
              "Name": "demo-vpc-d5e122ee-private-rt-1"
            },
            "tags_all": {
              "Name": "demo-vpc-d5e122ee-private-rt-1"
            },
            "timeouts": null,
            "vpc_id": "vpc-034d7e29fc624adfe"
          },
          "sensitive_attributes": [],
          "private": "eyJlMmJmYjczMC1lY2FhLTExZTYtOGY4OC0zNDM2M2JjN2M0YzAiOnsiY3JlYXRlIjozMDAwMDAwMDAwMDAsImRlbGV0ZSI6MzAwMDAwMDAwMDAwLCJ1cGRhdGUiOjEyMDAwMDAwMDAwMH19",
          "dependencies": [
            "data.aws_availability_zones.available",
            "module.vpc.aws_vpc.main",
            "random_id.unique"
          ]
        },
        {
          "index_key": 1,
          "schema_version": 0,
          "attributes": {
            "arn": "arn:aws:ec2:us-east-1:010575877879:route-table/rtb-03b8b49ebfb005d7d",
            "id": "rtb-03b8b49ebfb005d7d",
            "owner_id": "010575877879",
            "propagating_vgws": [],
            "route": [],
            "tags": {
              "Name": "demo-vpc-d5e122ee-private-rt-2"
            },
            "tags_all": {
              "Name": "demo-vpc-d5e122ee-private-rt-2"
            },
            "timeouts": null,
            "vpc_id": "vpc-034d7e29fc624adfe"
          },
          "sensitive_attributes": [],
          "private": "eyJlMmJmYjczMC1lY2FhLTExZTYtOGY4OC0zNDM2M2JjN2M0YzAiOnsiY3JlYXRlIjozMDAwMDAwMDAwMDAsImRlbGV0ZSI6MzAwMDAwMDAwMDAwLCJ1cGRhdGUiOjEyMDAwMDAwMDAwMH19",
          "dependencies": [
            "data.aws_availability_zones.available",
            "module.vpc.aws_vpc.main",
            "random_id.unique"
          ]
        }
      ]
    },
    {
      "module": "module.vpc",
      "mode": "managed",
      "type": "aws_route_table",
      "name": "public",
      "provider": "provider[\"registry.terraform.io/hashicorp/aws\"]",
      "instances": [
        {
          "schema_version": 0,
          "attributes": {
            "arn": "arn:aws:ec2:us-east-1:010575877879:route-table/rtb-02ba4bd5537a4e6dc",
            "id": "rtb-02ba4bd5537a4e6dc",
            "owner_id": "010575877879",
            "propagating_vgws": [],
            "route": [],
            "tags": {
              "Name": "demo-vpc-d5e122ee-public-rt"
            },
            "tags_all": {
              "Name": "demo-vpc-d5e122ee-public-rt"
            },
            "timeouts": null,
            "vpc_id": "vpc-034d7e29fc624adfe"
          },
          "sensitive_attributes": [],
          "private": "eyJlMmJmYjczMC1lY2FhLTExZTYtOGY4OC0zNDM2M2JjN2M0YzAiOnsiY3JlYXRlIjozMDAwMDAwMDAwMDAsImRlbGV0ZSI6MzAwMDAwMDAwMDAwLCJ1cGRhdGUiOjEyMDAwMDAwMDAwMH19",
          "dependencies": [
            "module.vpc.aws_vpc.main",
            "random_id.unique"
          ],
          "create_before_destroy": true
        }
      ]
    },
    {
      "module": "module.vpc",
      "mode": "managed",
      "type": "aws_route_table_association",
      "name": "private",
      "provider": "provider[\"registry.terraform.io/hashicorp/aws\"]",
      "instances": [
        {
          "index_key": 0,
          "schema_version": 0,
          "attributes": {
            "gateway_id": "",
            "id": "rtbassoc-09f13296527237062",
            "route_table_id": "rtb-0a5bd36b46aeb1ee1",
            "subnet_id": "subnet-0ca89b0f5d8b02016",
            "timeouts": null
          },
          "sensitive_attributes": [],
          "private": "eyJlMmJmYjczMC1lY2FhLTExZTYtOGY4OC0zNDM2M2JjN2M0YzAiOnsiY3JlYXRlIjozMDAwMDAwMDAwMDAsImRlbGV0ZSI6MzAwMDAwMDAwMDAwLCJ1cGRhdGUiOjEyMDAwMDAwMDAwMH19",
          "dependencies": [
            "data.aws_availability_zones.available",
            "module.vpc.aws_route_table.private",
            "module.vpc.aws_subnet.private",
            "module.vpc.aws_vpc.main",
            "random_id.unique"
          ]
        },
        {
          "index_key": 1,
          "schema_version": 0,
          "attributes": {
            "gateway_id": "",
            "id": "rtbassoc-05e65d36f42a8e7ae",
            "route_table_id": "rtb-03b8b49ebfb005d7d",
            "subnet_id": "subnet-034a1ed2052341585",
            "timeouts": null
          },
          "sensitive_attributes": [],
          "private": "eyJlMmJmYjczMC1lY2FhLTExZTYtOGY4OC0zNDM2M2JjN2M0YzAiOnsiY3JlYXRlIjozMDAwMDAwMDAwMDAsImRlbGV0ZSI6MzAwMDAwMDAwMDAwLCJ1cGRhdGUiOjEyMDAwMDAwMDAwMH19",
          "dependencies": [
            "data.aws_availability_zones.available",
            "module.vpc.aws_route_table.private",
            "module.vpc.aws_subnet.private",
            "module.vpc.aws_vpc.main",
            "random_id.unique"
          ]
        }
      ]
    },
    {
      "module": "module.vpc",
      "mode": "managed",
      "type": "aws_route_table_association",
      "name": "public",
      "provider": "provider[\"registry.terraform.io/hashicorp/aws\"]",
      "instances": [
        {
          "index_key": 0,
          "schema_version": 0,
          "attributes": {
            "gateway_id": "",
            "id": "rtbassoc-0f5a7229c5449f410",
            "route_table_id": "rtb-02ba4bd5537a4e6dc",
            "subnet_id": "subnet-0ebb6c24e94b19210",
            "timeouts": null
          },
          "sensitive_attributes": [],
          "private": "eyJlMmJmYjczMC1lY2FhLTExZTYtOGY4OC0zNDM2M2JjN2M0YzAiOnsiY3JlYXRlIjozMDAwMDAwMDAwMDAsImRlbGV0ZSI6MzAwMDAwMDAwMDAwLCJ1cGRhdGUiOjEyMDAwMDAwMDAwMH19",
          "dependencies": [
            "data.aws_availability_zones.available",
            "module.vpc.aws_route_table.public",
            "module.vpc.aws_subnet.public",
            "module.vpc.aws_vpc.main",
            "random_id.unique"
          ]
        },
        {
          "index_key": 1,
          "schema_version": 0,
          "attributes": {
            "gateway_id": "",
            "id": "rtbassoc-006293fb8d90fdd14",
            "route_table_id": "rtb-02ba4bd5537a4e6dc",
            "subnet_id": "subnet-02fb6a4c782162c09",
            "timeouts": null
          },
          "sensitive_attributes": [],
          "private": "eyJlMmJmYjczMC1lY2FhLTExZTYtOGY4OC0zNDM2M2JjN2M0YzAiOnsiY3JlYXRlIjozMDAwMDAwMDAwMDAsImRlbGV0ZSI6MzAwMDAwMDAwMDAwLCJ1cGRhdGUiOjEyMDAwMDAwMDAwMH19",
          "dependencies": [
            "data.aws_availability_zones.available",
            "module.vpc.aws_route_table.public",
            "module.vpc.aws_subnet.public",
            "module.vpc.aws_vpc.main",
            "random_id.unique"
          ]
        }
      ]
    },
    {
      "module": "module.vpc",
      "mode": "managed",
      "type": "aws_subnet",
      "name": "private",
      "provider": "provider[\"registry.terraform.io/hashicorp/aws\"]",
      "instances": [
        {
          "index_key": 0,
          "schema_version": 1,
          "attributes": {
            "arn": "arn:aws:ec2:us-east-1:010575877879:subnet/subnet-0ca89b0f5d8b02016",
            "assign_ipv6_address_on_creation": false,
            "availability_zone": "us-east-1a",
            "availability_zone_id": "use1-az2",
            "cidr_block": "10.0.2.0/24",
            "customer_owned_ipv4_pool": "",
            "enable_dns64": false,
            "enable_lni_at_device_index": 0,
            "enable_resource_name_dns_a_record_on_launch": false,
            "enable_resource_name_dns_aaaa_record_on_launch": false,
            "id": "subnet-0ca89b0f5d8b02016",
            "ipv6_cidr_block": "",
            "ipv6_cidr_block_association_id": "",
            "ipv6_native": false,
            "map_customer_owned_ip_on_launch": false,
            "map_public_ip_on_launch": false,
            "outpost_arn": "",
            "owner_id": "010575877879",
            "private_dns_hostname_type_on_launch": "ip-name",
            "tags": {
              "Name": "demo-vpc-d5e122ee-private-us-east-1a"
            },
            "tags_all": {
              "Name": "demo-vpc-d5e122ee-private-us-east-1a"
            },
            "timeouts": null,
            "vpc_id": "vpc-034d7e29fc624adfe"
          },
          "sensitive_attributes": [],
          "private": "eyJlMmJmYjczMC1lY2FhLTExZTYtOGY4OC0zNDM2M2JjN2M0YzAiOnsiY3JlYXRlIjo2MDAwMDAwMDAwMDAsImRlbGV0ZSI6MTIwMDAwMDAwMDAwMH0sInNjaGVtYV92ZXJzaW9uIjoiMSJ9",
          "dependencies": [
            "data.aws_availability_zones.available",
            "module.vpc.aws_vpc.main",
            "random_id.unique"
          ]
        },
        {
          "index_key": 1,
          "schema_version": 1,
          "attributes": {
            "arn": "arn:aws:ec2:us-east-1:010575877879:subnet/subnet-034a1ed2052341585",
            "assign_ipv6_address_on_creation": false,
            "availability_zone": "us-east-1b",
            "availability_zone_id": "use1-az4",
            "cidr_block": "10.0.3.0/24",
            "customer_owned_ipv4_pool": "",
            "enable_dns64": false,
            "enable_lni_at_device_index": 0,
            "enable_resource_name_dns_a_record_on_launch": false,
            "enable_resource_name_dns_aaaa_record_on_launch": false,
            "id": "subnet-034a1ed2052341585",
            "ipv6_cidr_block": "",
            "ipv6_cidr_block_association_id": "",
            "ipv6_native": false,
            "map_customer_owned_ip_on_launch": false,
            "map_public_ip_on_launch": false,
            "outpost_arn": "",
            "owner_id": "010575877879",
            "private_dns_hostname_type_on_launch": "ip-name",
            "tags": {
              "Name": "demo-vpc-d5e122ee-private-us-east-1b"
            },
            "tags_all": {
              "Name": "demo-vpc-d5e122ee-private-us-east-1b"
            },
            "timeouts": null,
            "vpc_id": "vpc-034d7e29fc624adfe"
          },
          "sensitive_attributes": [],
          "private": "eyJlMmJmYjczMC1lY2FhLTExZTYtOGY4OC0zNDM2M2JjN2M0YzAiOnsiY3JlYXRlIjo2MDAwMDAwMDAwMDAsImRlbGV0ZSI6MTIwMDAwMDAwMDAwMH0sInNjaGVtYV92ZXJzaW9uIjoiMSJ9",
          "dependencies": [
            "data.aws_availability_zones.available",
            "module.vpc.aws_vpc.main",
            "random_id.unique"
          ]
        }
      ]
    },
    {
      "module": "module.vpc",
      "mode": "managed",
      "type": "aws_subnet",
      "name": "public",
      "provider": "provider[\"registry.terraform.io/hashicorp/aws\"]",
      "instances": [
        {
          "index_key": 0,
          "schema_version": 1,
          "attributes": {
            "arn": "arn:aws:ec2:us-east-1:010575877879:subnet/subnet-0ebb6c24e94b19210",
            "assign_ipv6_address_on_creation": false,
            "availability_zone": "us-east-1a",
            "availability_zone_id": "use1-az2",
            "cidr_block": "10.0.0.0/24",
            "customer_owned_ipv4_pool": "",
            "enable_dns64": false,
            "enable_lni_at_device_index": 0,
            "enable_resource_name_dns_a_record_on_launch": false,
            "enable_resource_name_dns_aaaa_record_on_launch": false,
            "id": "subnet-0ebb6c24e94b19210",
            "ipv6_cidr_block": "",
            "ipv6_cidr_block_association_id": "",
            "ipv6_native": false,
            "map_customer_owned_ip_on_launch": false,
            "map_public_ip_on_launch": true,
            "outpost_arn": "",
            "owner_id": "010575877879",
            "private_dns_hostname_type_on_launch": "ip-name",
            "tags": {
              "Name": "demo-vpc-d5e122ee-public-us-east-1a"
            },
            "tags_all": {
              "Name": "demo-vpc-d5e122ee-public-us-east-1a"
            },
            "timeouts": null,
            "vpc_id": "vpc-034d7e29fc624adfe"
          },
          "sensitive_attributes": [],
          "private": "eyJlMmJmYjczMC1lY2FhLTExZTYtOGY4OC0zNDM2M2JjN2M0YzAiOnsiY3JlYXRlIjo2MDAwMDAwMDAwMDAsImRlbGV0ZSI6MTIwMDAwMDAwMDAwMH0sInNjaGVtYV92ZXJzaW9uIjoiMSJ9",
          "dependencies": [
            "data.aws_availability_zones.available",
            "module.vpc.aws_vpc.main",
            "random_id.unique"
          ],
          "create_before_destroy": true
        },
        {
          "index_key": 1,
          "schema_version": 1,
          "attributes": {
            "arn": "arn:aws:ec2:us-east-1:010575877879:subnet/subnet-02fb6a4c782162c09",
            "assign_ipv6_address_on_creation": false,
            "availability_zone": "us-east-1b",
            "availability_zone_id": "use1-az4",
            "cidr_block": "10.0.1.0/24",
            "customer_owned_ipv4_pool": "",
            "enable_dns64": false,
            "enable_lni_at_device_index": 0,
            "enable_resource_name_dns_a_record_on_launch": false,
            "enable_resource_name_dns_aaaa_record_on_launch": false,
            "id": "subnet-02fb6a4c782162c09",
            "ipv6_cidr_block": "",
            "ipv6_cidr_block_association_id": "",
            "ipv6_native": false,
            "map_customer_owned_ip_on_launch": false,
            "map_public_ip_on_launch": true,
            "outpost_arn": "",
            "owner_id": "010575877879",
            "private_dns_hostname_type_on_launch": "ip-name",
            "tags": {
              "Name": "demo-vpc-d5e122ee-public-us-east-1b"
            },
            "tags_all": {
              "Name": "demo-vpc-d5e122ee-public-us-east-1b"
            },
            "timeouts": null,
            "vpc_id": "vpc-034d7e29fc624adfe"
          },
          "sensitive_attributes": [],
          "private": "eyJlMmJmYjczMC1lY2FhLTExZTYtOGY4OC0zNDM2M2JjN2M0YzAiOnsiY3JlYXRlIjo2MDAwMDAwMDAwMDAsImRlbGV0ZSI6MTIwMDAwMDAwMDAwMH0sInNjaGVtYV92ZXJzaW9uIjoiMSJ9",
          "dependencies": [
            "data.aws_availability_zones.available",
            "module.vpc.aws_vpc.main",
            "random_id.unique"
          ],
          "create_before_destroy": true
        }
      ]
    },
    {
      "module": "module.vpc",
      "mode": "managed",
      "type": "aws_vpc",
      "name": "main",
      "provider": "provider[\"registry.terraform.io/hashicorp/aws\"]",
      "instances": [
        {
          "schema_version": 1,
          "attributes": {
            "arn": "arn:aws:ec2:us-east-1:010575877879:vpc/vpc-034d7e29fc624adfe",
            "assign_generated_ipv6_cidr_block": false,
            "cidr_block": "10.0.0.0/16",
            "default_network_acl_id": "acl-06d7922fa9ac77975",
            "default_route_table_id": "rtb-0eaa1a39e9f050cbb",
            "default_security_group_id": "sg-0f35ebd0b68b0e48c",
            "dhcp_options_id": "dopt-08e101c41153c0050",
            "enable_dns_hostnames": true,
            "enable_dns_support": true,
            "enable_network_address_usage_metrics": false,
            "id": "vpc-034d7e29fc624adfe",
            "instance_tenancy": "default",
            "ipv4_ipam_pool_id": null,
            "ipv4_netmask_length": null,
            "ipv6_association_id": "",
            "ipv6_cidr_block": "",
            "ipv6_cidr_block_network_border_group": "",
            "ipv6_ipam_pool_id": "",
            "ipv6_netmask_length": 0,
            "main_route_table_id": "rtb-0eaa1a39e9f050cbb",
            "owner_id": "010575877879",
            "tags": {
              "Name": "demo-vpc-d5e122ee"
            },
            "tags_all": {
              "Name": "demo-vpc-d5e122ee"
            }
          },
          "sensitive_attributes": [],
          "private": "eyJzY2hlbWFfdmVyc2lvbiI6IjEifQ==",
          "dependencies": [
            "random_id.unique"
          ],
          "create_before_destroy": true
        }
      ]
    }
  ],
  "check_results": null
}
