{
  "version": 4,
  "terraform_version": "1.9.5",
  "serial": 3354,
  "lineage": "8be8527c-7245-1e6c-208a-becd8fe60b3b",
  "outputs": {
    "alb_dns_name": {
      "value": "demo-alb-5612928.us-east-1.elb.amazonaws.com",
      "type": "string"
    },
    "alb_target_group_arn": {
      "value": "arn:aws:elasticloadbalancing:us-east-1:010575877879:targetgroup/app-demo-alb-147f1a44-0f4107e6/bf9a1a031c6b85e8",
      "type": "string"
    },
    "cloudwatch_log_group_name": {
      "value": "ecs-logs-147f1a44",
      "type": "string"
    },
    "cluster_capacity_providers_id": {
      "value": [
        "demo-capacity-provider-147f1a44"
      ],
      "type": [
        "set",
        "string"
      ]
    },
    "ecs_asg_id": {
      "value": "demo-ecs-asg-147f1a44-asg",
      "type": "string"
    },
    "ecs_cluster_id": {
      "value": "arn:aws:ecs:us-east-1:010575877879:cluster/demo-cluster-147f1a44",
      "type": "string"
    },
    "ecs_exec_role_arn": {
      "value": "arn:aws:iam::010575877879:role/demo-ecs-exec-role-147f1a4420240911140722912900000002",
      "type": "string"
    },
    "ecs_launch_template_id": {
      "value": "lt-0ef17c84f115fadb0",
      "type": "string"
    },
    "ecs_service": {
      "value": "arn:aws:elasticloadbalancing:us-east-1:010575877879:targetgroup/app-demo-alb-147f1a44-0f4107e6/bf9a1a031c6b85e8",
      "type": "string"
    },
    "ecs_service_name": {
      "value": "demo-service-147f1a44",
      "type": "string"
    },
    "ecs_task_role_arn": {
      "value": "arn:aws:iam::010575877879:role/demo-ecs-task-role-147f1a4420240911140722912300000001",
      "type": "string"
    },
    "internet_gateway_id": {
      "value": "igw-0a8a3fb0a85ab87e9",
      "type": "string"
    },
    "nginx_log_stream_arn": {
      "value": "arn:aws:logs:us-east-1:010575877879:log-group:ecs-logs-147f1a44:log-stream:ecs-logs-147f1a44-nginx",
      "type": "string"
    },
    "nodejs_log_stream_arn": {
      "value": "arn:aws:logs:us-east-1:010575877879:log-group:ecs-logs-147f1a44:log-stream:ecs-logs-147f1a44-nodejs",
      "type": "string"
    },
    "public_subnet_ids": {
      "value": [
        "subnet-0ff5cb3aa49b2f591",
        "subnet-04d982b5f9dfb742b",
        "subnet-0d11425c12651a6da",
        "subnet-0db8eb08ae7844a6f"
      ],
      "type": [
        "tuple",
        [
          "string",
          "string",
          "string",
          "string"
        ]
      ]
    },
    "task_definition_arn": {
      "value": "arn:aws:ecs:us-east-1:010575877879:task-definition/nginx-task-147f1a44:1",
      "type": "string"
    },
    "vpc_id": {
      "value": "vpc-0933e18b9b184f2bf",
      "type": "string"
    }
  },
  "resources": [
    {
      "mode": "data",
      "type": "aws_availability_zones",
      "name": "available",
      "provider": "provider[\"registry.terraform.io/hashicorp/aws\"]",
      "instances": [
        {
          "schema_version": 0,
          "attributes": {
            "all_availability_zones": null,
            "exclude_names": null,
            "exclude_zone_ids": null,
            "filter": null,
            "group_names": [
              "us-east-1"
            ],
            "id": "us-east-1",
            "names": [
              "us-east-1a",
              "us-east-1b",
              "us-east-1c",
              "us-east-1d",
              "us-east-1e",
              "us-east-1f"
            ],
            "state": "available",
            "timeouts": null,
            "zone_ids": [
              "use1-az2",
              "use1-az4",
              "use1-az6",
              "use1-az1",
              "use1-az3",
              "use1-az5"
            ]
          },
          "sensitive_attributes": []
        }
      ]
    },
    {
      "mode": "managed",
      "type": "aws_key_pair",
      "name": "generated_key",
      "provider": "provider[\"registry.terraform.io/hashicorp/aws\"]",
      "instances": [
        {
          "schema_version": 1,
          "attributes": {
            "arn": "arn:aws:ec2:us-east-1:010575877879:key-pair/ecs-instance-key-147f1a44",
            "fingerprint": "89:a0:81:12:b7:17:da:1b:e5:6d:7b:d2:bb:61:10:9f",
            "id": "ecs-instance-key-147f1a44",
            "key_name": "ecs-instance-key-147f1a44",
            "key_name_prefix": "",
            "key_pair_id": "key-05291eab67a293664",
            "key_type": "rsa",
            "public_key": "ssh-rsa AAAAB3NzaC1yc2EAAAADAQABAAACAQDW+NOfwOa7I7zsNboYJti8/hzAfd7qHmcRKNJ7BI33xVW1C7Bw1aDQtNaVOM5hnEKromcTuPWvEbqndAb5oI3bg5QHx0GzoqVdbQIanhMb7sr11uVZbhT4X7Dz+7ddHq1Eenmejc/ljBHPvkXNlsUtobylwh4r/fvVi1XzS453dagE8+CLMd92cznl/wyeLCVnDC9+LInWR+E/1fGQFPeS9XinpTuuyPjpKjIJtR84Nh6BLjuGUZ3DRs8nv2wp2TDQAPqh8NAn+Xa/v6Rfp+eJ7ZDuoTJfEy4YYE41ROiAEe5Ck8R12DRO49YrTp8lUijdt1lZpbtgT212/d4kpBEN/ZpwypmiZu6PrPI++f+giMofMjfF4b3i5+z7/rHOajxOVeYPS1cWjRKG/KBz6LD7LTT6Y8dwuQF/quFQwrpz9ex3uNMCU+l0wiZ8kJk4mLlzx9L70IUJn3E5X4by2jTLEuQ0/8ViEimRcGRSYtOIvAgjtUjM28Slz9fLfLVXfeLVyUHgjdllQK5SmDZPUhpsMyt16WI0yzeQTj610cxiLWiioqkw/ZeyMTj9qjmQQq3FW5SiyQCTEuZw31JU7A3+RWuQ/rc5fNfqGlVeps9xzxhaqZVVUtElyINdgL0NfPK6e+W/Btwxz4EIaT4zMtiTCYPWGCCpHjrtne9OX774LQ==",
            "tags": {},
            "tags_all": {}
          },
          "sensitive_attributes": [],
          "private": "eyJzY2hlbWFfdmVyc2lvbiI6IjEifQ==",
          "dependencies": [
            "random_id.unique",
            "tls_private_key.ssh_key"
          ]
        }
      ]
    },
    {
      "mode": "managed",
      "type": "local_file",
      "name": "private_key",
      "provider": "provider[\"registry.terraform.io/hashicorp/local\"]",
      "instances": [
        {
          "schema_version": 0,
          "attributes": {
            "content": "-----BEGIN RSA PRIVATE KEY-----\nMIIJKgIBAAKCAgEA1vjTn8DmuyO87DW6GCbYvP4cwH3e6h5nESjSewSN98VVtQuw\ncNWg0LTWlTjOYZxCq6JnE7j1rxG6p3QG+aCN24OUB8dBs6KlXW0CGp4TG+7K9dbl\nWW4U+F+w8/u3XR6tRHp5no3P5YwRz75FzZbFLaG8pcIeK/371YtV80uOd3WoBPPg\nizHfdnM55f8MniwlZwwvfiyJ1kfhP9XxkBT3kvV4p6U7rsj46SoyCbUfODYegS47\nhlGdw0bPJ79sKdkw0AD6ofDQJ/l2v7+kX6fnie2Q7qEyXxMuGGBONUTogBHuQpPE\nddg0TuPWK06fJVIo3bdZWaW7YE9tdv3eJKQRDf2acMqZombuj6zyPvn/oIjKHzI3\nxeG94ufs+/6xzmo8TlXmD0tXFo0Shvygc+iw+y00+mPHcLkBf6rhUMK6c/Xsd7jT\nAlPpdMImfJCZOJi5c8fS+9CFCZ9xOV+G8to0yxLkNP/FYhIpkXBkUmLTiLwII7VI\nzNvEpc/Xy3y1V33i1clB4I3ZZUCuUpg2T1IabDMrdeliNMs3kE4+tdHMYi1ooqKp\nMP2XsjE4/ao5kEKtxVuUoskAkxLmcN9SVOwN/kVrkP63OXzX6hpVXqbPcc8YWqmV\nVVLRJciDXYC9DXzyunvlvwbcMc+BCGk+MzLYkwmD1hggqR467Z3vTl+++C0CAwEA\nAQKCAgEAyJ/iiOZzr1VUHLKroZynjAIv/Sm7n42OLQKHJQ4EHKfLLDLjkPqeogkT\ndqJUYd5+jkX7ovlsON338A2l8NR5b9NllLjORYLWh9GTNBowxVHfkv3if8rvwTk1\nIQ7bewmFNTKETIgW7SkC+nmeFZfPH54hPCVlGTNpE0t9hJkQNcbVbwHXnrCF17sD\n3vVf5kJXCcviiwOwBA6DVpspXYlj4IA9AWCAyceAHcMmfc7Oexxu7aqjHOEQtk1g\nSb0pigjLuGQhhH8FFTmJLL0C/87olN3k8//2zapNy6wdcTOFNPkG/pV/tWd4seOK\nXlJ6zk7WGs3hknvM2r5l77ZP2qxPyKNnZj1Oz0vgNv21IVNdoPMpjrPi6+gMW7+3\nIL6UYwQAz/TzR4L0cDKi7R/PMjRS9/HMdzlaMEfhUxMvhUbORzgfNMTgp4zVh/eV\nxKc0+L2L/Cmk4rCNQ8zoDqjy902JuFHHdn7o4VYCKjYo2kZfIbwssjrIU2Qt++ZY\n6MoqHABVBUA/qE3MV8fw9DZA9KSJFbi4gVvklqEUv7/NmqOksHPdOUJPnid7Nyxe\nePA/w3HFTKo3FrCqi3eV49oJdXtjsQfX01V/l5TjlWTFjEvio0bS5q6feG3KySJH\n8j5qy7P9K0AD2cpmPA5RT+NeotsaxZlldH1SmuWZbcyYBCaCeRUCggEBAPas52xk\nm5Ge7CWBijsiisGplwBGocgqwORsAuJop4xCm/tob8LIoP8XBqsXsbE3RxRu8CVa\nEBBsdYhhw6QuqEXg3yAXQ6cv58FJ3QEX803ocWBUnjac6n6X6DOtlwgUCB1uFJIz\n7Uh9UTbggiWW19lhebxaNpBRa+jToKItUmomQAiU+dI/NinzmdxqhZW5+fJX9oYx\nA5zFHtQGP6w9rEeP+8W8ODr+baFVGydttJgJ35d+O9c7FGW9TcqENx/upk2nSO1I\nGLYnh5gJf3V2/RhrdkY+hsHKJp276Y5LW55dn3GEHA9XuyNt0zvGBzZ8sOKeX0ah\nqc898qj4+WX2ZHcCggEBAN8ZIFMmE95Khk1BsJQxN5xD2rT3s1vAS7BTPF1rp6eI\n6dNNEr1GBg5H+voNC/N9L0t6ytaBy9D8oKyAU+wu8Y+Y5FM/XIaoMbdgoDFT6HWE\nuIf1639YcodS8TWeonD2/qNouTLTqGZtcAa9aKaBfPmcb972a/Oj4OdpF7m1cdyN\n8FwqDyE1KeBpHIMAdZIt5pMFUmh0HvAkzE9EYDncMVs22/8DYQ8jWI/zQ+9FGyJB\nbT/oxqblOY5P0WR3mFEotHUlJHkSjmF6U9D1qGoxmuaGD5BYdK5WdrKIUOqxPTcb\nahEgyFJdSgobE19TSbVXHPZTv9PdXQ4ra92nXDxEpXsCggEAcsqvv29qPe/48NNB\nopdGfy0OiiBUdTQAI8xn4zjUj58Hu400RS7cTRlIDyKtnEyfFVEzDA7HXv06DMeC\nJctYn3wwGVz6LLlMXlSjNjkRDnZXHH8ESWHodhT3B+WGXUoFJLzvccIccBlxS9pa\ndmel9xE3d4F71tktIGIrZI02xxMZxWSehUrJR+iG913S4IR1XmO042m3xqKs3/ow\nc1UX8Q1+GtymRj3Ugrl6M3UID6C4nmUuL9DcgyP/KXkxtfh3B7gLZfChH1Nx9Dyn\nReCjk1Oe7L14NIKASfMCkydacW4cHtVdwX4QJkKbhDt5a8/G+Q6+Q75DqZ+oZx3F\n4b8xrQKCAQEAg13KOOvM+zGqz0cE8N3iPvN9jt3kEPy0FMmOW/wOJopqFO/nPuhC\nnJop4J9aEDAAb1OIqLKZDyAShEC0KfiiaMnAeHxwwSG81Jvi9+jOkpRqDDT0THIK\nTkC6o7YbNKVb32DE3HbhTB7Yvj89pf3NVzWUchdsDXTL87dgLwv2VcaGZ96kNguV\n8vwxu7nDgSXiBWQ22Ca4KPOiEnLSrn9H2Mv+0rRsrHtFpM27jOKGTa904xLwFkoX\nkALT63K4j+GGEQyj417X0/Ix9HMSjiVTbrY15+sOGbH0BsBZ1Tg0MYTE+fzxt/4S\noMy8pX7ngg4fkbRS2jAYoUVUKJppp1tMjQKCAQEAlSC04HAT57Gw84nmp7TbeX8U\n8eRIBD/+iZtQSWzd8VINTPqiVdMoAXGS6qrQ/xGTiuWJwlllpfZj0geFxpsOu3EB\nTwtPbplz5kaU9B0NFwEw4eCPdBGPiyf477laGol28OA4m474zrwNs4UCDofkEvSl\naHCrEBj4lASpZE2q2UQoVJvUpF69tEh0li1DXNNxb9cWtjbdP2VdptFvzpLp4gDX\n6jpmaxxIcnaK2Brl2neOfIM8m3ioF+0vc7PRbcW8lxrKD+WcAHwd/2HwAo6ECS69\nrh8UZzSsqIKkA7uFYezXnw7M47DfoPCkkrAsfy563bcrXIStdOrOkLORJZwYCQ==\n-----END RSA PRIVATE KEY-----\n",
            "content_base64": null,
            "content_base64sha256": "nk47ZTsLzJFzObXo7uJr3eWZKClRJXshnIQaRiSfB7M=",
            "content_base64sha512": "/n8cqODWZi+eb18Al23J8VOL5nTNFBREMqEbH9i4yOsh21Ivik7X9eMNcai9z1/18v/6ztWgQnNecg0keAM6jw==",
            "content_md5": "956d1697b1b03be437d913f9375fa445",
            "content_sha1": "6c69c6e3e5ac21baa9de6cd480216210ea532942",
            "content_sha256": "9e4e3b653b0bcc917339b5e8eee26bdde599282951257b219c841a46249f07b3",
            "content_sha512": "fe7f1ca8e0d6662f9e6f5f00976dc9f1538be674cd14144432a11b1fd8b8c8eb21db522f8a4ed7f5e30d71a8bdcf5ff5f2fffaced5a042735e720d2478033a8f",
            "directory_permission": "0777",
            "file_permission": "0600",
            "filename": "./ecs-instance-key.pem",
            "id": "6c69c6e3e5ac21baa9de6cd480216210ea532942",
            "sensitive_content": null,
            "source": null
          },
          "sensitive_attributes": [
            [
              {
                "type": "get_attr",
                "value": "content"
              }
            ],
            [
              {
                "type": "get_attr",
                "value": "sensitive_content"
              }
            ]
          ],
          "dependencies": [
            "tls_private_key.ssh_key"
          ]
        }
      ]
    },
    {
      "mode": "managed",
      "type": "random_id",
      "name": "unique",
      "provider": "provider[\"registry.terraform.io/hashicorp/random\"]",
      "instances": [
        {
          "schema_version": 0,
          "attributes": {
            "b64_std": "FH8aRA==",
            "b64_url": "FH8aRA",
            "byte_length": 4,
            "dec": "343874116",
            "hex": "147f1a44",
            "id": "FH8aRA",
            "keepers": null,
            "prefix": null
          },
          "sensitive_attributes": [],
          "create_before_destroy": true
        }
      ]
    },
    {
      "mode": "managed",
      "type": "tls_private_key",
      "name": "ssh_key",
      "provider": "provider[\"registry.terraform.io/hashicorp/tls\"]",
      "instances": [
        {
          "schema_version": 1,
          "attributes": {
            "algorithm": "RSA",
            "ecdsa_curve": "P224",
            "id": "ec3373218b2a367ef8fd6258e147f7d1f4d3ed42",
            "private_key_openssh": "-----BEGIN OPENSSH PRIVATE KEY-----\nb3BlbnNzaC1rZXktdjEAAAAABG5vbmUAAAAEbm9uZQAAAAAAAAABAAACFwAAAAdz\nc2gtcnNhAAAAAwEAAQAAAgEA1vjTn8DmuyO87DW6GCbYvP4cwH3e6h5nESjSewSN\n98VVtQuwcNWg0LTWlTjOYZxCq6JnE7j1rxG6p3QG+aCN24OUB8dBs6KlXW0CGp4T\nG+7K9dblWW4U+F+w8/u3XR6tRHp5no3P5YwRz75FzZbFLaG8pcIeK/371YtV80uO\nd3WoBPPgizHfdnM55f8MniwlZwwvfiyJ1kfhP9XxkBT3kvV4p6U7rsj46SoyCbUf\nODYegS47hlGdw0bPJ79sKdkw0AD6ofDQJ/l2v7+kX6fnie2Q7qEyXxMuGGBONUTo\ngBHuQpPEddg0TuPWK06fJVIo3bdZWaW7YE9tdv3eJKQRDf2acMqZombuj6zyPvn/\noIjKHzI3xeG94ufs+/6xzmo8TlXmD0tXFo0Shvygc+iw+y00+mPHcLkBf6rhUMK6\nc/Xsd7jTAlPpdMImfJCZOJi5c8fS+9CFCZ9xOV+G8to0yxLkNP/FYhIpkXBkUmLT\niLwII7VIzNvEpc/Xy3y1V33i1clB4I3ZZUCuUpg2T1IabDMrdeliNMs3kE4+tdHM\nYi1ooqKpMP2XsjE4/ao5kEKtxVuUoskAkxLmcN9SVOwN/kVrkP63OXzX6hpVXqbP\ncc8YWqmVVVLRJciDXYC9DXzyunvlvwbcMc+BCGk+MzLYkwmD1hggqR467Z3vTl++\n+C0AAAc4n6iHGp+ohxoAAAAHc3NoLXJzYQAAAgEA1vjTn8DmuyO87DW6GCbYvP4c\nwH3e6h5nESjSewSN98VVtQuwcNWg0LTWlTjOYZxCq6JnE7j1rxG6p3QG+aCN24OU\nB8dBs6KlXW0CGp4TG+7K9dblWW4U+F+w8/u3XR6tRHp5no3P5YwRz75FzZbFLaG8\npcIeK/371YtV80uOd3WoBPPgizHfdnM55f8MniwlZwwvfiyJ1kfhP9XxkBT3kvV4\np6U7rsj46SoyCbUfODYegS47hlGdw0bPJ79sKdkw0AD6ofDQJ/l2v7+kX6fnie2Q\n7qEyXxMuGGBONUTogBHuQpPEddg0TuPWK06fJVIo3bdZWaW7YE9tdv3eJKQRDf2a\ncMqZombuj6zyPvn/oIjKHzI3xeG94ufs+/6xzmo8TlXmD0tXFo0Shvygc+iw+y00\n+mPHcLkBf6rhUMK6c/Xsd7jTAlPpdMImfJCZOJi5c8fS+9CFCZ9xOV+G8to0yxLk\nNP/FYhIpkXBkUmLTiLwII7VIzNvEpc/Xy3y1V33i1clB4I3ZZUCuUpg2T1IabDMr\ndeliNMs3kE4+tdHMYi1ooqKpMP2XsjE4/ao5kEKtxVuUoskAkxLmcN9SVOwN/kVr\nkP63OXzX6hpVXqbPcc8YWqmVVVLRJciDXYC9DXzyunvlvwbcMc+BCGk+MzLYkwmD\n1hggqR467Z3vTl+++C0AAAADAQABAAACAQDIn+KI5nOvVVQcsquhnKeMAi/9Kbuf\njY4tAoclDgQcp8ssMuOQ+p6iCRN2olRh3n6ORfui+Ww43ffwDaXw1Hlv02WUuM5F\ngtaH0ZM0GjDFUd+S/eJ/yu/BOTUhDtt7CYU1MoRMiBbtKQL6eZ4Vl88fniE8JWUZ\nM2kTS32EmRA1xtVvAdeesIXXuwPe9V/mQlcJy+KLA7AEDoNWmyldiWPggD0BYIDJ\nx4AdwyZ9zs57HG7tqqMc4RC2TWBJvSmKCMu4ZCGEfwUVOYksvQL/zuiU3eTz//bN\nqk3LrB1xM4U0+Qb+lX+1Z3ix44peUnrOTtYazeGSe8zavmXvtk/arE/Io2dmPU7P\nS+A2/bUhU12g8ymOs+Lr6Axbv7cgvpRjBADP9PNHgvRwMqLtH88yNFL38cx3OVow\nR+FTEy+FRs5HOB80xOCnjNWH95XEpzT4vYv8KaTisI1DzOgOqPL3TYm4Ucd2fujh\nVgIqNijaRl8hvCyyOshTZC375ljoyiocAFUFQD+oTcxXx/D0NkD0pIkVuLiBW+SW\noRS/v82ao6Swc905Qk+eJ3s3LF548D/DccVMqjcWsKqLd5Xj2gl1e2OxB9fTVX+X\nlOOVZMWMS+KjRtLmrp94bcrJIkfyPmrLs/0rQAPZymY8DlFP416i2xrFmWV0fVKa\n5ZltzJgEJoJ5FQAAAQEAlSC04HAT57Gw84nmp7TbeX8U8eRIBD/+iZtQSWzd8VIN\nTPqiVdMoAXGS6qrQ/xGTiuWJwlllpfZj0geFxpsOu3EBTwtPbplz5kaU9B0NFwEw\n4eCPdBGPiyf477laGol28OA4m474zrwNs4UCDofkEvSlaHCrEBj4lASpZE2q2UQo\nVJvUpF69tEh0li1DXNNxb9cWtjbdP2VdptFvzpLp4gDX6jpmaxxIcnaK2Brl2neO\nfIM8m3ioF+0vc7PRbcW8lxrKD+WcAHwd/2HwAo6ECS69rh8UZzSsqIKkA7uFYezX\nnw7M47DfoPCkkrAsfy563bcrXIStdOrOkLORJZwYCQAAAQEA9qznbGSbkZ7sJYGK\nOyKKwamXAEahyCrA5GwC4minjEKb+2hvwsig/xcGqxexsTdHFG7wJVoQEGx1iGHD\npC6oReDfIBdDpy/nwUndARfzTehxYFSeNpzqfpfoM62XCBQIHW4UkjPtSH1RNuCC\nJZbX2WF5vFo2kFFr6NOgoi1SaiZACJT50j82KfOZ3GqFlbn58lf2hjEDnMUe1AY/\nrD2sR4/7xbw4Ov5toVUbJ220mAnfl3471zsUZb1NyoQ3H+6mTadI7UgYtieHmAl/\ndXb9GGt2Rj6Gwcomnbvpjktbnl2fcYQcD1e7I23TO8YHNnyw4p5fRqGpzz3yqPj5\nZfZkdwAAAQEA3xkgUyYT3kqGTUGwlDE3nEPatPezW8BLsFM8XWunp4jp000SvUYG\nDkf6+g0L830vS3rK1oHL0PygrIBT7C7xj5jkUz9chqgxt2CgMVPodYS4h/Xrf1hy\nh1LxNZ6icPb+o2i5MtOoZm1wBr1opoF8+Zxv3vZr86Pg52kXubVx3I3wXCoPITUp\n4GkcgwB1ki3mkwVSaHQe8CTMT0RgOdwxWzbb/wNhDyNYj/ND70UbIkFtP+jGpuU5\njk/RZHeYUSi0dSUkeRKOYXpT0PWoajGa5oYPkFh0rlZ2sohQ6rE9NxtqESDIUl1K\nChsTX1NJtVcc9lO/091dDitr3adcPESlewAAAAAB\n-----END OPENSSH PRIVATE KEY-----\n",
            "private_key_pem": "-----BEGIN RSA PRIVATE KEY-----\nMIIJKgIBAAKCAgEA1vjTn8DmuyO87DW6GCbYvP4cwH3e6h5nESjSewSN98VVtQuw\ncNWg0LTWlTjOYZxCq6JnE7j1rxG6p3QG+aCN24OUB8dBs6KlXW0CGp4TG+7K9dbl\nWW4U+F+w8/u3XR6tRHp5no3P5YwRz75FzZbFLaG8pcIeK/371YtV80uOd3WoBPPg\nizHfdnM55f8MniwlZwwvfiyJ1kfhP9XxkBT3kvV4p6U7rsj46SoyCbUfODYegS47\nhlGdw0bPJ79sKdkw0AD6ofDQJ/l2v7+kX6fnie2Q7qEyXxMuGGBONUTogBHuQpPE\nddg0TuPWK06fJVIo3bdZWaW7YE9tdv3eJKQRDf2acMqZombuj6zyPvn/oIjKHzI3\nxeG94ufs+/6xzmo8TlXmD0tXFo0Shvygc+iw+y00+mPHcLkBf6rhUMK6c/Xsd7jT\nAlPpdMImfJCZOJi5c8fS+9CFCZ9xOV+G8to0yxLkNP/FYhIpkXBkUmLTiLwII7VI\nzNvEpc/Xy3y1V33i1clB4I3ZZUCuUpg2T1IabDMrdeliNMs3kE4+tdHMYi1ooqKp\nMP2XsjE4/ao5kEKtxVuUoskAkxLmcN9SVOwN/kVrkP63OXzX6hpVXqbPcc8YWqmV\nVVLRJciDXYC9DXzyunvlvwbcMc+BCGk+MzLYkwmD1hggqR467Z3vTl+++C0CAwEA\nAQKCAgEAyJ/iiOZzr1VUHLKroZynjAIv/Sm7n42OLQKHJQ4EHKfLLDLjkPqeogkT\ndqJUYd5+jkX7ovlsON338A2l8NR5b9NllLjORYLWh9GTNBowxVHfkv3if8rvwTk1\nIQ7bewmFNTKETIgW7SkC+nmeFZfPH54hPCVlGTNpE0t9hJkQNcbVbwHXnrCF17sD\n3vVf5kJXCcviiwOwBA6DVpspXYlj4IA9AWCAyceAHcMmfc7Oexxu7aqjHOEQtk1g\nSb0pigjLuGQhhH8FFTmJLL0C/87olN3k8//2zapNy6wdcTOFNPkG/pV/tWd4seOK\nXlJ6zk7WGs3hknvM2r5l77ZP2qxPyKNnZj1Oz0vgNv21IVNdoPMpjrPi6+gMW7+3\nIL6UYwQAz/TzR4L0cDKi7R/PMjRS9/HMdzlaMEfhUxMvhUbORzgfNMTgp4zVh/eV\nxKc0+L2L/Cmk4rCNQ8zoDqjy902JuFHHdn7o4VYCKjYo2kZfIbwssjrIU2Qt++ZY\n6MoqHABVBUA/qE3MV8fw9DZA9KSJFbi4gVvklqEUv7/NmqOksHPdOUJPnid7Nyxe\nePA/w3HFTKo3FrCqi3eV49oJdXtjsQfX01V/l5TjlWTFjEvio0bS5q6feG3KySJH\n8j5qy7P9K0AD2cpmPA5RT+NeotsaxZlldH1SmuWZbcyYBCaCeRUCggEBAPas52xk\nm5Ge7CWBijsiisGplwBGocgqwORsAuJop4xCm/tob8LIoP8XBqsXsbE3RxRu8CVa\nEBBsdYhhw6QuqEXg3yAXQ6cv58FJ3QEX803ocWBUnjac6n6X6DOtlwgUCB1uFJIz\n7Uh9UTbggiWW19lhebxaNpBRa+jToKItUmomQAiU+dI/NinzmdxqhZW5+fJX9oYx\nA5zFHtQGP6w9rEeP+8W8ODr+baFVGydttJgJ35d+O9c7FGW9TcqENx/upk2nSO1I\nGLYnh5gJf3V2/RhrdkY+hsHKJp276Y5LW55dn3GEHA9XuyNt0zvGBzZ8sOKeX0ah\nqc898qj4+WX2ZHcCggEBAN8ZIFMmE95Khk1BsJQxN5xD2rT3s1vAS7BTPF1rp6eI\n6dNNEr1GBg5H+voNC/N9L0t6ytaBy9D8oKyAU+wu8Y+Y5FM/XIaoMbdgoDFT6HWE\nuIf1639YcodS8TWeonD2/qNouTLTqGZtcAa9aKaBfPmcb972a/Oj4OdpF7m1cdyN\n8FwqDyE1KeBpHIMAdZIt5pMFUmh0HvAkzE9EYDncMVs22/8DYQ8jWI/zQ+9FGyJB\nbT/oxqblOY5P0WR3mFEotHUlJHkSjmF6U9D1qGoxmuaGD5BYdK5WdrKIUOqxPTcb\nahEgyFJdSgobE19TSbVXHPZTv9PdXQ4ra92nXDxEpXsCggEAcsqvv29qPe/48NNB\nopdGfy0OiiBUdTQAI8xn4zjUj58Hu400RS7cTRlIDyKtnEyfFVEzDA7HXv06DMeC\nJctYn3wwGVz6LLlMXlSjNjkRDnZXHH8ESWHodhT3B+WGXUoFJLzvccIccBlxS9pa\ndmel9xE3d4F71tktIGIrZI02xxMZxWSehUrJR+iG913S4IR1XmO042m3xqKs3/ow\nc1UX8Q1+GtymRj3Ugrl6M3UID6C4nmUuL9DcgyP/KXkxtfh3B7gLZfChH1Nx9Dyn\nReCjk1Oe7L14NIKASfMCkydacW4cHtVdwX4QJkKbhDt5a8/G+Q6+Q75DqZ+oZx3F\n4b8xrQKCAQEAg13KOOvM+zGqz0cE8N3iPvN9jt3kEPy0FMmOW/wOJopqFO/nPuhC\nnJop4J9aEDAAb1OIqLKZDyAShEC0KfiiaMnAeHxwwSG81Jvi9+jOkpRqDDT0THIK\nTkC6o7YbNKVb32DE3HbhTB7Yvj89pf3NVzWUchdsDXTL87dgLwv2VcaGZ96kNguV\n8vwxu7nDgSXiBWQ22Ca4KPOiEnLSrn9H2Mv+0rRsrHtFpM27jOKGTa904xLwFkoX\nkALT63K4j+GGEQyj417X0/Ix9HMSjiVTbrY15+sOGbH0BsBZ1Tg0MYTE+fzxt/4S\noMy8pX7ngg4fkbRS2jAYoUVUKJppp1tMjQKCAQEAlSC04HAT57Gw84nmp7TbeX8U\n8eRIBD/+iZtQSWzd8VINTPqiVdMoAXGS6qrQ/xGTiuWJwlllpfZj0geFxpsOu3EB\nTwtPbplz5kaU9B0NFwEw4eCPdBGPiyf477laGol28OA4m474zrwNs4UCDofkEvSl\naHCrEBj4lASpZE2q2UQoVJvUpF69tEh0li1DXNNxb9cWtjbdP2VdptFvzpLp4gDX\n6jpmaxxIcnaK2Brl2neOfIM8m3ioF+0vc7PRbcW8lxrKD+WcAHwd/2HwAo6ECS69\nrh8UZzSsqIKkA7uFYezXnw7M47DfoPCkkrAsfy563bcrXIStdOrOkLORJZwYCQ==\n-----END RSA PRIVATE KEY-----\n",
            "private_key_pem_pkcs8": "-----BEGIN PRIVATE KEY-----\nMIIJRAIBADANBgkqhkiG9w0BAQEFAASCCS4wggkqAgEAAoICAQDW+NOfwOa7I7zs\nNboYJti8/hzAfd7qHmcRKNJ7BI33xVW1C7Bw1aDQtNaVOM5hnEKromcTuPWvEbqn\ndAb5oI3bg5QHx0GzoqVdbQIanhMb7sr11uVZbhT4X7Dz+7ddHq1Eenmejc/ljBHP\nvkXNlsUtobylwh4r/fvVi1XzS453dagE8+CLMd92cznl/wyeLCVnDC9+LInWR+E/\n1fGQFPeS9XinpTuuyPjpKjIJtR84Nh6BLjuGUZ3DRs8nv2wp2TDQAPqh8NAn+Xa/\nv6Rfp+eJ7ZDuoTJfEy4YYE41ROiAEe5Ck8R12DRO49YrTp8lUijdt1lZpbtgT212\n/d4kpBEN/ZpwypmiZu6PrPI++f+giMofMjfF4b3i5+z7/rHOajxOVeYPS1cWjRKG\n/KBz6LD7LTT6Y8dwuQF/quFQwrpz9ex3uNMCU+l0wiZ8kJk4mLlzx9L70IUJn3E5\nX4by2jTLEuQ0/8ViEimRcGRSYtOIvAgjtUjM28Slz9fLfLVXfeLVyUHgjdllQK5S\nmDZPUhpsMyt16WI0yzeQTj610cxiLWiioqkw/ZeyMTj9qjmQQq3FW5SiyQCTEuZw\n31JU7A3+RWuQ/rc5fNfqGlVeps9xzxhaqZVVUtElyINdgL0NfPK6e+W/Btwxz4EI\naT4zMtiTCYPWGCCpHjrtne9OX774LQIDAQABAoICAQDIn+KI5nOvVVQcsquhnKeM\nAi/9KbufjY4tAoclDgQcp8ssMuOQ+p6iCRN2olRh3n6ORfui+Ww43ffwDaXw1Hlv\n02WUuM5FgtaH0ZM0GjDFUd+S/eJ/yu/BOTUhDtt7CYU1MoRMiBbtKQL6eZ4Vl88f\nniE8JWUZM2kTS32EmRA1xtVvAdeesIXXuwPe9V/mQlcJy+KLA7AEDoNWmyldiWPg\ngD0BYIDJx4AdwyZ9zs57HG7tqqMc4RC2TWBJvSmKCMu4ZCGEfwUVOYksvQL/zuiU\n3eTz//bNqk3LrB1xM4U0+Qb+lX+1Z3ix44peUnrOTtYazeGSe8zavmXvtk/arE/I\no2dmPU7PS+A2/bUhU12g8ymOs+Lr6Axbv7cgvpRjBADP9PNHgvRwMqLtH88yNFL3\n8cx3OVowR+FTEy+FRs5HOB80xOCnjNWH95XEpzT4vYv8KaTisI1DzOgOqPL3TYm4\nUcd2fujhVgIqNijaRl8hvCyyOshTZC375ljoyiocAFUFQD+oTcxXx/D0NkD0pIkV\nuLiBW+SWoRS/v82ao6Swc905Qk+eJ3s3LF548D/DccVMqjcWsKqLd5Xj2gl1e2Ox\nB9fTVX+XlOOVZMWMS+KjRtLmrp94bcrJIkfyPmrLs/0rQAPZymY8DlFP416i2xrF\nmWV0fVKa5ZltzJgEJoJ5FQKCAQEA9qznbGSbkZ7sJYGKOyKKwamXAEahyCrA5GwC\n4minjEKb+2hvwsig/xcGqxexsTdHFG7wJVoQEGx1iGHDpC6oReDfIBdDpy/nwUnd\nARfzTehxYFSeNpzqfpfoM62XCBQIHW4UkjPtSH1RNuCCJZbX2WF5vFo2kFFr6NOg\noi1SaiZACJT50j82KfOZ3GqFlbn58lf2hjEDnMUe1AY/rD2sR4/7xbw4Ov5toVUb\nJ220mAnfl3471zsUZb1NyoQ3H+6mTadI7UgYtieHmAl/dXb9GGt2Rj6Gwcomnbvp\njktbnl2fcYQcD1e7I23TO8YHNnyw4p5fRqGpzz3yqPj5ZfZkdwKCAQEA3xkgUyYT\n3kqGTUGwlDE3nEPatPezW8BLsFM8XWunp4jp000SvUYGDkf6+g0L830vS3rK1oHL\n0PygrIBT7C7xj5jkUz9chqgxt2CgMVPodYS4h/Xrf1hyh1LxNZ6icPb+o2i5MtOo\nZm1wBr1opoF8+Zxv3vZr86Pg52kXubVx3I3wXCoPITUp4GkcgwB1ki3mkwVSaHQe\n8CTMT0RgOdwxWzbb/wNhDyNYj/ND70UbIkFtP+jGpuU5jk/RZHeYUSi0dSUkeRKO\nYXpT0PWoajGa5oYPkFh0rlZ2sohQ6rE9NxtqESDIUl1KChsTX1NJtVcc9lO/091d\nDitr3adcPESlewKCAQByyq+/b2o97/jw00Gil0Z/LQ6KIFR1NAAjzGfjONSPnwe7\njTRFLtxNGUgPIq2cTJ8VUTMMDsde/ToMx4Ily1iffDAZXPosuUxeVKM2OREOdlcc\nfwRJYeh2FPcH5YZdSgUkvO9xwhxwGXFL2lp2Z6X3ETd3gXvW2S0gYitkjTbHExnF\nZJ6FSslH6Ib3XdLghHVeY7TjabfGoqzf+jBzVRfxDX4a3KZGPdSCuXozdQgPoLie\nZS4v0NyDI/8peTG1+HcHuAtl8KEfU3H0PKdF4KOTU57svXg0goBJ8wKTJ1pxbhwe\n1V3BfhAmQpuEO3lrz8b5Dr5DvkOpn6hnHcXhvzGtAoIBAQCDXco468z7MarPRwTw\n3eI+832O3eQQ/LQUyY5b/A4mimoU7+c+6EKcmingn1oQMABvU4iospkPIBKEQLQp\n+KJoycB4fHDBIbzUm+L36M6SlGoMNPRMcgpOQLqjths0pVvfYMTcduFMHti+Pz2l\n/c1XNZRyF2wNdMvzt2AvC/ZVxoZn3qQ2C5Xy/DG7ucOBJeIFZDbYJrgo86ISctKu\nf0fYy/7StGyse0WkzbuM4oZNr3TjEvAWSheQAtPrcriP4YYRDKPjXtfT8jH0cxKO\nJVNutjXn6w4ZsfQGwFnVODQxhMT5/PG3/hKgzLylfueCDh+RtFLaMBihRVQommmn\nW0yNAoIBAQCVILTgcBPnsbDzieantNt5fxTx5EgEP/6Jm1BJbN3xUg1M+qJV0ygB\ncZLqqtD/EZOK5YnCWWWl9mPSB4XGmw67cQFPC09umXPmRpT0HQ0XATDh4I90EY+L\nJ/jvuVoaiXbw4DibjvjOvA2zhQIOh+QS9KVocKsQGPiUBKlkTarZRChUm9SkXr20\nSHSWLUNc03Fv1xa2Nt0/ZV2m0W/OkuniANfqOmZrHEhydorYGuXad458gzybeKgX\n7S9zs9FtxbyXGsoP5ZwAfB3/YfACjoQJLr2uHxRnNKyogqQDu4Vh7NefDszjsN+g\n8KSSsCx/LnrdtytchK106s6Qs5ElnBgJ\n-----END PRIVATE KEY-----\n",
            "public_key_fingerprint_md5": "a5:bf:31:bf:95:b5:9b:2c:19:35:02:09:85:6f:65:1b",
            "public_key_fingerprint_sha256": "SHA256:JFLXs1LOAMB6wmQqNVoXMM0d8PXXQ3h33u7LudBJolM",
            "public_key_openssh": "ssh-rsa AAAAB3NzaC1yc2EAAAADAQABAAACAQDW+NOfwOa7I7zsNboYJti8/hzAfd7qHmcRKNJ7BI33xVW1C7Bw1aDQtNaVOM5hnEKromcTuPWvEbqndAb5oI3bg5QHx0GzoqVdbQIanhMb7sr11uVZbhT4X7Dz+7ddHq1Eenmejc/ljBHPvkXNlsUtobylwh4r/fvVi1XzS453dagE8+CLMd92cznl/wyeLCVnDC9+LInWR+E/1fGQFPeS9XinpTuuyPjpKjIJtR84Nh6BLjuGUZ3DRs8nv2wp2TDQAPqh8NAn+Xa/v6Rfp+eJ7ZDuoTJfEy4YYE41ROiAEe5Ck8R12DRO49YrTp8lUijdt1lZpbtgT212/d4kpBEN/ZpwypmiZu6PrPI++f+giMofMjfF4b3i5+z7/rHOajxOVeYPS1cWjRKG/KBz6LD7LTT6Y8dwuQF/quFQwrpz9ex3uNMCU+l0wiZ8kJk4mLlzx9L70IUJn3E5X4by2jTLEuQ0/8ViEimRcGRSYtOIvAgjtUjM28Slz9fLfLVXfeLVyUHgjdllQK5SmDZPUhpsMyt16WI0yzeQTj610cxiLWiioqkw/ZeyMTj9qjmQQq3FW5SiyQCTEuZw31JU7A3+RWuQ/rc5fNfqGlVeps9xzxhaqZVVUtElyINdgL0NfPK6e+W/Btwxz4EIaT4zMtiTCYPWGCCpHjrtne9OX774LQ==\n",
            "public_key_pem": "-----BEGIN PUBLIC KEY-----\nMIICIjANBgkqhkiG9w0BAQEFAAOCAg8AMIICCgKCAgEA1vjTn8DmuyO87DW6GCbY\nvP4cwH3e6h5nESjSewSN98VVtQuwcNWg0LTWlTjOYZxCq6JnE7j1rxG6p3QG+aCN\n24OUB8dBs6KlXW0CGp4TG+7K9dblWW4U+F+w8/u3XR6tRHp5no3P5YwRz75FzZbF\nLaG8pcIeK/371YtV80uOd3WoBPPgizHfdnM55f8MniwlZwwvfiyJ1kfhP9XxkBT3\nkvV4p6U7rsj46SoyCbUfODYegS47hlGdw0bPJ79sKdkw0AD6ofDQJ/l2v7+kX6fn\nie2Q7qEyXxMuGGBONUTogBHuQpPEddg0TuPWK06fJVIo3bdZWaW7YE9tdv3eJKQR\nDf2acMqZombuj6zyPvn/oIjKHzI3xeG94ufs+/6xzmo8TlXmD0tXFo0Shvygc+iw\n+y00+mPHcLkBf6rhUMK6c/Xsd7jTAlPpdMImfJCZOJi5c8fS+9CFCZ9xOV+G8to0\nyxLkNP/FYhIpkXBkUmLTiLwII7VIzNvEpc/Xy3y1V33i1clB4I3ZZUCuUpg2T1Ia\nbDMrdeliNMs3kE4+tdHMYi1ooqKpMP2XsjE4/ao5kEKtxVuUoskAkxLmcN9SVOwN\n/kVrkP63OXzX6hpVXqbPcc8YWqmVVVLRJciDXYC9DXzyunvlvwbcMc+BCGk+MzLY\nkwmD1hggqR467Z3vTl+++C0CAwEAAQ==\n-----END PUBLIC KEY-----\n",
            "rsa_bits": 4096
          },
          "sensitive_attributes": [
            [
              {
                "type": "get_attr",
                "value": "private_key_pem"
              }
            ],
            [
              {
                "type": "get_attr",
                "value": "private_key_pem_pkcs8"
              }
            ],
            [
              {
                "type": "get_attr",
                "value": "private_key_openssh"
              }
            ]
          ]
        }
      ]
    },
    {
      "module": "module.alb",
      "mode": "managed",
      "type": "aws_lb_target_group",
      "name": "app",
      "provider": "provider[\"registry.terraform.io/hashicorp/aws\"]",
      "instances": [
        {
          "schema_version": 0,
          "attributes": {
            "arn": "arn:aws:elasticloadbalancing:us-east-1:010575877879:targetgroup/app-demo-alb-147f1a44-0f4107e6/bf9a1a031c6b85e8",
            "arn_suffix": "targetgroup/app-demo-alb-147f1a44-0f4107e6/bf9a1a031c6b85e8",
            "connection_termination": null,
            "deregistration_delay": "300",
            "health_check": [
              {
                "enabled": true,
                "healthy_threshold": 2,
                "interval": 300,
                "matcher": "200,301,302",
                "path": "/",
                "port": "traffic-port",
                "protocol": "HTTP",
                "timeout": 60,
                "unhealthy_threshold": 10
              }
            ],
            "id": "arn:aws:elasticloadbalancing:us-east-1:010575877879:targetgroup/app-demo-alb-147f1a44-0f4107e6/bf9a1a031c6b85e8",
            "ip_address_type": "ipv4",
            "lambda_multi_value_headers_enabled": false,
            "load_balancer_arns": [],
            "load_balancing_algorithm_type": "round_robin",
            "load_balancing_anomaly_mitigation": "off",
            "load_balancing_cross_zone_enabled": "use_load_balancer_configuration",
            "name": "app-demo-alb-147f1a44-0f4107e6",
            "name_prefix": "",
            "port": 80,
            "preserve_client_ip": null,
            "protocol": "HTTP",
            "protocol_version": "HTTP1",
            "proxy_protocol_v2": false,
            "slow_start": 0,
            "stickiness": [
              {
                "cookie_duration": 86400,
                "cookie_name": "",
                "enabled": false,
                "type": "lb_cookie"
              }
            ],
            "tags": {},
            "tags_all": {},
            "target_failover": [
              {
                "on_deregistration": null,
                "on_unhealthy": null
              }
            ],
            "target_group_health": [
              {
                "dns_failover": [
                  {
                    "minimum_healthy_targets_count": "1",
                    "minimum_healthy_targets_percentage": "off"
                  }
                ],
                "unhealthy_state_routing": [
                  {
                    "minimum_healthy_targets_count": 1,
                    "minimum_healthy_targets_percentage": "off"
                  }
                ]
              }
            ],
            "target_health_state": [
              {
                "enable_unhealthy_connection_termination": null,
                "unhealthy_draining_interval": null
              }
            ],
            "target_type": "instance",
            "vpc_id": "vpc-0933e18b9b184f2bf"
          },
          "sensitive_attributes": [],
          "private": "bnVsbA==",
          "dependencies": [
            "aws_cloudwatch_log_group.ecs_logs",
            "module.alb.random_id.target_group_suffix",
            "module.cloudwatch_logs.aws_cloudwatch_log_group.ecs",
            "module.cloudwatch_logs.aws_cloudwatch_log_stream.nginx",
            "module.cloudwatch_logs.aws_cloudwatch_log_stream.nodejs",
            "module.ecs_task_role.aws_iam_role.ecs_exec_role",
            "module.ecs_task_role.aws_iam_role.ecs_task_role",
            "module.ecs_task_role.aws_iam_role_policy_attachment.ecs_exec_role_policy",
            "module.vpc.aws_vpc.main",
            "random_id.unique"
          ]
        }
      ]
    },
    {
      "module": "module.alb",
      "mode": "managed",
      "type": "random_id",
      "name": "target_group_suffix",
      "provider": "provider[\"registry.terraform.io/hashicorp/random\"]",
      "instances": [
        {
          "schema_version": 0,
          "attributes": {
            "b64_std": "D0EH5g==",
            "b64_url": "D0EH5g",
            "byte_length": 4,
            "dec": "255920102",
            "hex": "0f4107e6",
            "id": "D0EH5g",
            "keepers": null,
            "prefix": null
          },
          "sensitive_attributes": []
        }
      ]
    },
    {
      "module": "module.cloudwatch_logs",
      "mode": "managed",
      "type": "aws_cloudwatch_log_group",
      "name": "ecs",
      "provider": "provider[\"registry.terraform.io/hashicorp/aws\"]",
      "instances": [
        {
          "schema_version": 0,
          "attributes": {
            "arn": "arn:aws:logs:us-east-1:010575877879:log-group:ecs-logs-147f1a44",
            "id": "ecs-logs-147f1a44",
            "kms_key_id": "",
            "log_group_class": "STANDARD",
            "name": "ecs-logs-147f1a44",
            "name_prefix": "",
            "retention_in_days": 1,
            "skip_destroy": false,
            "tags": {},
            "tags_all": {}
          },
          "sensitive_attributes": [],
          "private": "bnVsbA==",
          "dependencies": [
            "aws_cloudwatch_log_group.ecs_logs",
            "random_id.unique"
          ]
        }
      ]
    },
    {
      "module": "module.cloudwatch_logs",
      "mode": "managed",
      "type": "aws_cloudwatch_log_stream",
      "name": "nginx",
      "provider": "provider[\"registry.terraform.io/hashicorp/aws\"]",
      "instances": [
        {
          "schema_version": 0,
          "attributes": {
            "arn": "arn:aws:logs:us-east-1:010575877879:log-group:ecs-logs-147f1a44:log-stream:ecs-logs-147f1a44-nginx",
            "id": "ecs-logs-147f1a44-nginx",
            "log_group_name": "ecs-logs-147f1a44",
            "name": "ecs-logs-147f1a44-nginx"
          },
          "sensitive_attributes": [],
          "private": "bnVsbA==",
          "dependencies": [
            "aws_cloudwatch_log_group.ecs_logs",
            "module.cloudwatch_logs.aws_cloudwatch_log_group.ecs",
            "random_id.unique"
          ]
        }
      ]
    },
    {
      "module": "module.cloudwatch_logs",
      "mode": "managed",
      "type": "aws_cloudwatch_log_stream",
      "name": "nodejs",
      "provider": "provider[\"registry.terraform.io/hashicorp/aws\"]",
      "instances": [
        {
          "schema_version": 0,
          "attributes": {
            "arn": "arn:aws:logs:us-east-1:010575877879:log-group:ecs-logs-147f1a44:log-stream:ecs-logs-147f1a44-nodejs",
            "id": "ecs-logs-147f1a44-nodejs",
            "log_group_name": "ecs-logs-147f1a44",
            "name": "ecs-logs-147f1a44-nodejs"
          },
          "sensitive_attributes": [],
          "private": "bnVsbA==",
          "dependencies": [
            "aws_cloudwatch_log_group.ecs_logs",
            "module.cloudwatch_logs.aws_cloudwatch_log_group.ecs",
            "random_id.unique"
          ]
        }
      ]
    },
    {
      "module": "module.ecs_capacity_provider",
      "mode": "managed",
      "type": "aws_ecs_capacity_provider",
      "name": "main",
      "provider": "provider[\"registry.terraform.io/hashicorp/aws\"]",
      "instances": [
        {
          "schema_version": 0,
          "attributes": {
            "arn": "arn:aws:ecs:us-east-1:010575877879:capacity-provider/demo-capacity-provider-147f1a44",
            "auto_scaling_group_provider": [
              {
                "auto_scaling_group_arn": "arn:aws:autoscaling:us-east-1:010575877879:autoScalingGroup:9bfc42fc-a9d6-4eaa-8d2c-f6f0434b3f10:autoScalingGroupName/demo-ecs-asg-147f1a44-asg",
                "managed_draining": "ENABLED",
                "managed_scaling": [
                  {
                    "instance_warmup_period": 0,
                    "maximum_scaling_step_size": 1,
                    "minimum_scaling_step_size": 1,
                    "status": "ENABLED",
                    "target_capacity": 100
                  }
                ],
                "managed_termination_protection": "DISABLED"
              }
            ],
            "id": "arn:aws:ecs:us-east-1:010575877879:capacity-provider/demo-capacity-provider-147f1a44",
            "name": "demo-capacity-provider-147f1a44",
            "tags": {},
            "tags_all": {}
          },
          "sensitive_attributes": [],
          "private": "bnVsbA==",
          "dependencies": [
            "aws_cloudwatch_log_group.ecs_logs",
            "aws_key_pair.generated_key",
            "data.aws_availability_zones.available",
            "module.alb.aws_security_group.http",
            "module.cloudwatch_logs.aws_cloudwatch_log_group.ecs",
            "module.cloudwatch_logs.aws_cloudwatch_log_stream.nginx",
            "module.cloudwatch_logs.aws_cloudwatch_log_stream.nodejs",
            "module.ecs_asg.aws_autoscaling_group.ecs",
            "module.ecs_cluster.aws_ecs_cluster.main",
            "module.ecs_launch_template.aws_launch_template.ecs_ec2",
            "module.ecs_node_role.aws_iam_instance_profile.ecs_node",
            "module.ecs_node_role.aws_iam_role.ecs_node_role",
            "module.ecs_node_role.data.aws_iam_policy_document.ecs_node_doc",
            "module.ecs_node_sg.aws_security_group.ecs_node_sg",
            "module.ecs_task_role.aws_iam_role.ecs_exec_role",
            "module.ecs_task_role.aws_iam_role.ecs_task_role",
            "module.ecs_task_role.aws_iam_role_policy_attachment.ecs_exec_role_policy",
            "module.vpc.aws_subnet.public",
            "module.vpc.aws_vpc.main",
            "random_id.unique",
            "tls_private_key.ssh_key"
          ]
        }
      ]
    },
    {
      "module": "module.ecs_launch_template",
      "mode": "managed",
      "type": "aws_launch_template",
      "name": "ecs_ec2",
      "provider": "provider[\"registry.terraform.io/hashicorp/aws\"]",
      "instances": [
        {
          "schema_version": 0,
          "attributes": {
            "arn": "arn:aws:ec2:us-east-1:010575877879:launch-template/lt-0ef17c84f115fadb0",
            "block_device_mappings": [],
            "capacity_reservation_specification": [],
            "cpu_options": [],
            "credit_specification": [],
            "default_version": 1,
            "description": "",
            "disable_api_stop": false,
            "disable_api_termination": false,
            "ebs_optimized": "",
            "elastic_gpu_specifications": [],
            "elastic_inference_accelerator": [],
            "enclave_options": [],
            "hibernation_options": [],
            "iam_instance_profile": [
              {
                "arn": "arn:aws:iam::010575877879:instance-profile/ecs/instance/demo-ecs-node-profile-147f1a4420240911140724556000000008",
                "name": ""
              }
            ],
            "id": "lt-0ef17c84f115fadb0",
            "image_id": "ami-05dc81a6311c42a6e",
            "instance_initiated_shutdown_behavior": "",
            "instance_market_options": [],
            "instance_requirements": [],
            "instance_type": "t2.micro",
            "kernel_id": "",
            "key_name": "ecs-instance-key-147f1a44",
            "latest_version": 2,
            "license_specification": [],
            "maintenance_options": [],
            "metadata_options": [],
            "monitoring": [],
            "name": "demo-ecs-ec2-147f1a4420240911140739820100000011",
            "name_prefix": "demo-ecs-ec2-147f1a44",
            "network_interfaces": [
              {
                "associate_carrier_ip_address": "",
                "associate_public_ip_address": "true",
                "delete_on_termination": "",
                "description": "",
                "device_index": 0,
                "interface_type": "",
                "ipv4_address_count": 0,
                "ipv4_addresses": [],
                "ipv4_prefix_count": 0,
                "ipv4_prefixes": [],
                "ipv6_address_count": 0,
                "ipv6_addresses": [],
                "ipv6_prefix_count": 0,
                "ipv6_prefixes": [],
                "network_card_index": 0,
                "network_interface_id": "",
                "primary_ipv6": "",
                "private_ip_address": "",
                "security_groups": [
                  "sg-083dcf2aa174a98fd"
                ],
                "subnet_id": ""
              }
            ],
            "placement": [],
            "private_dns_name_options": [],
            "ram_disk_id": "",
            "security_group_names": [],
            "tag_specifications": [],
            "tags": {},
            "tags_all": {},
            "update_default_version": null,
            "user_data": "IyEvYmluL2Jhc2gKZWNobyBFQ1NfQ0xVU1RFUj1kZW1vLWNsdXN0ZXItMTQ3ZjFhNDQgPj4gL2V0Yy9lY3MvZWNzLmNvbmZpZwplY2hvIEVDU19BVkFJTEFCTEVfTE9HR0lOR19EUklWRVJTPSdbImpzb24tZmlsZSIsImF3c2xvZ3MiXScgPj4gL2V0Yy9lY3MvZWNzLmNvbmZpZwp5dW0gaW5zdGFsbCAteSBhd3Nsb2dzCnN5c3RlbWN0bCBlbmFibGUgYXdzbG9nc2Quc2VydmljZQpzeXN0ZW1jdGwgc3RhcnQgYXdzbG9nc2Quc2VydmljZQo=",
            "vpc_security_group_ids": []
          },
          "sensitive_attributes": [],
          "private": "bnVsbA==",
          "dependencies": [
            "aws_cloudwatch_log_group.ecs_logs",
            "aws_key_pair.generated_key",
            "module.alb.aws_security_group.http",
            "module.cloudwatch_logs.aws_cloudwatch_log_group.ecs",
            "module.cloudwatch_logs.aws_cloudwatch_log_stream.nginx",
            "module.cloudwatch_logs.aws_cloudwatch_log_stream.nodejs",
            "module.ecs_cluster.aws_ecs_cluster.main",
            "module.ecs_node_role.aws_iam_instance_profile.ecs_node",
            "module.ecs_node_role.aws_iam_role.ecs_node_role",
            "module.ecs_node_role.data.aws_iam_policy_document.ecs_node_doc",
            "module.ecs_node_sg.aws_security_group.ecs_node_sg",
            "module.ecs_task_role.aws_iam_role.ecs_exec_role",
            "module.ecs_task_role.aws_iam_role.ecs_task_role",
            "module.ecs_task_role.aws_iam_role_policy_attachment.ecs_exec_role_policy",
            "module.vpc.aws_vpc.main",
            "random_id.unique",
            "tls_private_key.ssh_key"
          ]
        }
      ]
    },
    {
      "module": "module.ecs_node_role",
      "mode": "data",
      "type": "aws_iam_policy_document",
      "name": "cloudwatch_logs_policy",
      "provider": "provider[\"registry.terraform.io/hashicorp/aws\"]",
      "instances": [
        {
          "schema_version": 0,
          "attributes": {
            "id": "3910613138",
            "json": "{\n  \"Version\": \"2012-10-17\",\n  \"Statement\": [\n    {\n      \"Effect\": \"Allow\",\n      \"Action\": [\n        \"logs:PutLogEvents\",\n        \"logs:DescribeLogStreams\",\n        \"logs:CreateLogStream\",\n        \"logs:CreateLogGroup\"\n      ],\n      \"Resource\": \"arn:aws:logs:*:*:*\"\n    }\n  ]\n}",
            "minified_json": "{\"Version\":\"2012-10-17\",\"Statement\":[{\"Effect\":\"Allow\",\"Action\":[\"logs:PutLogEvents\",\"logs:DescribeLogStreams\",\"logs:CreateLogStream\",\"logs:CreateLogGroup\"],\"Resource\":\"arn:aws:logs:*:*:*\"}]}",
            "override_json": null,
            "override_policy_documents": null,
            "policy_id": null,
            "source_json": null,
            "source_policy_documents": null,
            "statement": [
              {
                "actions": [
                  "logs:CreateLogGroup",
                  "logs:CreateLogStream",
                  "logs:DescribeLogStreams",
                  "logs:PutLogEvents"
                ],
                "condition": [],
                "effect": "Allow",
                "not_actions": [],
                "not_principals": [],
                "not_resources": [],
                "principals": [],
                "resources": [
                  "arn:aws:logs:*:*:*"
                ],
                "sid": ""
              }
            ],
            "version": "2012-10-17"
          },
          "sensitive_attributes": []
        }
      ]
    },
    {
      "module": "module.ecs_node_role",
      "mode": "data",
      "type": "aws_iam_policy_document",
      "name": "ecr_policy",
      "provider": "provider[\"registry.terraform.io/hashicorp/aws\"]",
      "instances": [
        {
          "schema_version": 0,
          "attributes": {
            "id": "459877178",
            "json": "{\n  \"Version\": \"2012-10-17\",\n  \"Statement\": [\n    {\n      \"Effect\": \"Allow\",\n      \"Action\": [\n        \"ecr:UploadLayerPart\",\n        \"ecr:PutImage\",\n        \"ecr:InitiateLayerUpload\",\n        \"ecr:GetDownloadUrlForLayer\",\n        \"ecr:GetAuthorizationToken\",\n        \"ecr:CompleteLayerUpload\",\n        \"ecr:BatchGetImage\",\n        \"ecr:BatchCheckLayerAvailability\"\n      ],\n      \"Resource\": \"*\"\n    }\n  ]\n}",
            "minified_json": "{\"Version\":\"2012-10-17\",\"Statement\":[{\"Effect\":\"Allow\",\"Action\":[\"ecr:UploadLayerPart\",\"ecr:PutImage\",\"ecr:InitiateLayerUpload\",\"ecr:GetDownloadUrlForLayer\",\"ecr:GetAuthorizationToken\",\"ecr:CompleteLayerUpload\",\"ecr:BatchGetImage\",\"ecr:BatchCheckLayerAvailability\"],\"Resource\":\"*\"}]}",
            "override_json": null,
            "override_policy_documents": null,
            "policy_id": null,
            "source_json": null,
            "source_policy_documents": null,
            "statement": [
              {
                "actions": [
                  "ecr:BatchCheckLayerAvailability",
                  "ecr:BatchGetImage",
                  "ecr:CompleteLayerUpload",
                  "ecr:GetAuthorizationToken",
                  "ecr:GetDownloadUrlForLayer",
                  "ecr:InitiateLayerUpload",
                  "ecr:PutImage",
                  "ecr:UploadLayerPart"
                ],
                "condition": [],
                "effect": "Allow",
                "not_actions": [],
                "not_principals": [],
                "not_resources": [],
                "principals": [],
                "resources": [
                  "*"
                ],
                "sid": ""
              }
            ],
            "version": "2012-10-17"
          },
          "sensitive_attributes": []
        }
      ]
    },
    {
      "module": "module.ecs_node_role",
      "mode": "data",
      "type": "aws_iam_policy_document",
      "name": "ecs_node_doc",
      "provider": "provider[\"registry.terraform.io/hashicorp/aws\"]",
      "instances": [
        {
          "schema_version": 0,
          "attributes": {
            "id": "1895348101",
            "json": "{\n  \"Version\": \"2012-10-17\",\n  \"Statement\": [\n    {\n      \"Effect\": \"Allow\",\n      \"Action\": \"sts:AssumeRole\",\n      \"Principal\": {\n        \"Service\": [\n          \"ecs-tasks.amazonaws.com\",\n          \"ec2.amazonaws.com\"\n        ]\n      }\n    }\n  ]\n}",
            "minified_json": "{\"Version\":\"2012-10-17\",\"Statement\":[{\"Effect\":\"Allow\",\"Action\":\"sts:AssumeRole\",\"Principal\":{\"Service\":[\"ecs-tasks.amazonaws.com\",\"ec2.amazonaws.com\"]}}]}",
            "override_json": null,
            "override_policy_documents": null,
            "policy_id": null,
            "source_json": null,
            "source_policy_documents": null,
            "statement": [
              {
                "actions": [
                  "sts:AssumeRole"
                ],
                "condition": [],
                "effect": "Allow",
                "not_actions": [],
                "not_principals": [],
                "not_resources": [],
                "principals": [
                  {
                    "identifiers": [
                      "ec2.amazonaws.com",
                      "ecs-tasks.amazonaws.com"
                    ],
                    "type": "Service"
                  }
                ],
                "resources": [],
                "sid": ""
              }
            ],
            "version": "2012-10-17"
          },
          "sensitive_attributes": []
        }
      ]
    },
    {
      "module": "module.ecs_node_role",
      "mode": "managed",
      "type": "aws_iam_instance_profile",
      "name": "ecs_node",
      "provider": "provider[\"registry.terraform.io/hashicorp/aws\"]",
      "instances": [
        {
          "schema_version": 0,
          "attributes": {
            "arn": "arn:aws:iam::010575877879:instance-profile/ecs/instance/demo-ecs-node-profile-147f1a4420240911140724556000000008",
            "create_date": "2024-09-11T14:07:24Z",
            "id": "demo-ecs-node-profile-147f1a4420240911140724556000000008",
            "name": "demo-ecs-node-profile-147f1a4420240911140724556000000008",
            "name_prefix": "demo-ecs-node-profile-147f1a44",
            "path": "/ecs/instance/",
            "role": "demo-ecs-node-role-147f1a4420240911140723863100000004",
            "tags": {},
            "tags_all": {},
            "unique_id": "AIPAQE5S7C335FQRYOXNP"
          },
          "sensitive_attributes": [],
          "private": "bnVsbA==",
          "dependencies": [
            "module.ecs_node_role.aws_iam_role.ecs_node_role",
            "module.ecs_node_role.data.aws_iam_policy_document.ecs_node_doc",
            "random_id.unique"
          ]
        }
      ]
    },
    {
      "module": "module.ecs_node_role",
      "mode": "managed",
      "type": "aws_iam_policy",
      "name": "cloudwatch_logs_policy",
      "provider": "provider[\"registry.terraform.io/hashicorp/aws\"]",
      "instances": [
        {
          "schema_version": 0,
          "attributes": {
            "arn": "arn:aws:iam::010575877879:policy/demo-ecs-node-role-147f1a44-cloudwatch-logs-policy",
            "attachment_count": 1,
            "description": "IAM policy for CloudWatch Logs access",
            "id": "arn:aws:iam::010575877879:policy/demo-ecs-node-role-147f1a44-cloudwatch-logs-policy",
            "name": "demo-ecs-node-role-147f1a44-cloudwatch-logs-policy",
            "name_prefix": "",
            "path": "/",
            "policy": "{\"Statement\":[{\"Action\":[\"logs:PutLogEvents\",\"logs:DescribeLogStreams\",\"logs:CreateLogStream\",\"logs:CreateLogGroup\"],\"Effect\":\"Allow\",\"Resource\":\"arn:aws:logs:*:*:*\"}],\"Version\":\"2012-10-17\"}",
            "policy_id": "ANPAQE5S7C33VCJV4HMCT",
            "tags": {},
            "tags_all": {}
          },
          "sensitive_attributes": [],
          "private": "bnVsbA==",
          "dependencies": [
            "module.ecs_node_role.data.aws_iam_policy_document.cloudwatch_logs_policy",
            "random_id.unique"
          ]
        }
      ]
    },
    {
      "module": "module.ecs_node_role",
      "mode": "managed",
      "type": "aws_iam_policy",
      "name": "ecr_policy",
      "provider": "provider[\"registry.terraform.io/hashicorp/aws\"]",
      "instances": [
        {
          "schema_version": 0,
          "attributes": {
            "arn": "arn:aws:iam::010575877879:policy/demo-ecs-node-role-147f1a44-ecr-policy",
            "attachment_count": 1,
            "description": "IAM policy for ECR access",
            "id": "arn:aws:iam::010575877879:policy/demo-ecs-node-role-147f1a44-ecr-policy",
            "name": "demo-ecs-node-role-147f1a44-ecr-policy",
            "name_prefix": "",
            "path": "/",
            "policy": "{\"Statement\":[{\"Action\":[\"ecr:UploadLayerPart\",\"ecr:PutImage\",\"ecr:InitiateLayerUpload\",\"ecr:GetDownloadUrlForLayer\",\"ecr:GetAuthorizationToken\",\"ecr:CompleteLayerUpload\",\"ecr:BatchGetImage\",\"ecr:BatchCheckLayerAvailability\"],\"Effect\":\"Allow\",\"Resource\":\"*\"}],\"Version\":\"2012-10-17\"}",
            "policy_id": "ANPAQE5S7C336KL667X2K",
            "tags": {},
            "tags_all": {}
          },
          "sensitive_attributes": [],
          "private": "bnVsbA==",
          "dependencies": [
            "module.ecs_node_role.data.aws_iam_policy_document.ecr_policy",
            "random_id.unique"
          ]
        }
      ]
    },
    {
      "module": "module.ecs_node_role",
      "mode": "managed",
      "type": "aws_iam_role",
      "name": "ecs_exec_role",
      "provider": "provider[\"registry.terraform.io/hashicorp/aws\"]",
      "instances": [
        {
          "schema_version": 0,
          "attributes": {
            "arn": "arn:aws:iam::010575877879:role/demo-ecs-node-role-147f1a44-exec20240911140722913900000003",
            "assume_role_policy": "{\"Statement\":[{\"Action\":\"sts:AssumeRole\",\"Effect\":\"Allow\",\"Principal\":{\"Service\":\"ecs-tasks.amazonaws.com\"}}],\"Version\":\"2012-10-17\"}",
            "create_date": "2024-09-11T14:07:23Z",
            "description": "",
            "force_detach_policies": false,
            "id": "demo-ecs-node-role-147f1a44-exec20240911140722913900000003",
            "inline_policy": [],
            "managed_policy_arns": [
              "arn:aws:iam::010575877879:policy/demo-ecs-node-role-147f1a44-cloudwatch-logs-policy",
              "arn:aws:iam::aws:policy/service-role/AmazonECSTaskExecutionRolePolicy"
            ],
            "max_session_duration": 3600,
            "name": "demo-ecs-node-role-147f1a44-exec20240911140722913900000003",
            "name_prefix": "demo-ecs-node-role-147f1a44-exec",
            "path": "/",
            "permissions_boundary": "",
            "tags": {},
            "tags_all": {},
            "unique_id": "AROAQE5S7C33URWDDERT2"
          },
          "sensitive_attributes": [],
          "private": "bnVsbA==",
          "dependencies": [
            "random_id.unique"
          ]
        }
      ]
    },
    {
      "module": "module.ecs_node_role",
      "mode": "managed",
      "type": "aws_iam_role",
      "name": "ecs_node_role",
      "provider": "provider[\"registry.terraform.io/hashicorp/aws\"]",
      "instances": [
        {
          "schema_version": 0,
          "attributes": {
            "arn": "arn:aws:iam::010575877879:role/demo-ecs-node-role-147f1a4420240911140723863100000004",
            "assume_role_policy": "{\"Statement\":[{\"Action\":\"sts:AssumeRole\",\"Effect\":\"Allow\",\"Principal\":{\"Service\":[\"ecs-tasks.amazonaws.com\",\"ec2.amazonaws.com\"]}}],\"Version\":\"2012-10-17\"}",
            "create_date": "2024-09-11T14:07:24Z",
            "description": "",
            "force_detach_policies": false,
            "id": "demo-ecs-node-role-147f1a4420240911140723863100000004",
            "inline_policy": [],
            "managed_policy_arns": [
              "arn:aws:iam::010575877879:policy/demo-ecs-node-role-147f1a44-ecr-policy",
              "arn:aws:iam::aws:policy/AmazonSSMManagedInstanceCore",
              "arn:aws:iam::aws:policy/CloudWatchLogsFullAccess",
              "arn:aws:iam::aws:policy/service-role/AmazonEC2ContainerServiceforEC2Role"
            ],
            "max_session_duration": 3600,
            "name": "demo-ecs-node-role-147f1a4420240911140723863100000004",
            "name_prefix": "demo-ecs-node-role-147f1a44",
            "path": "/",
            "permissions_boundary": "",
            "tags": {},
            "tags_all": {},
            "unique_id": "AROAQE5S7C333FE4XK36S"
          },
          "sensitive_attributes": [],
          "private": "bnVsbA==",
          "dependencies": [
            "module.ecs_node_role.data.aws_iam_policy_document.ecs_node_doc",
            "random_id.unique"
          ]
        }
      ]
    },
    {
      "module": "module.ecs_node_role",
      "mode": "managed",
      "type": "aws_iam_role_policy_attachment",
      "name": "ecs_cloudwatch_policy",
      "provider": "provider[\"registry.terraform.io/hashicorp/aws\"]",
      "instances": [
        {
          "schema_version": 0,
          "attributes": {
            "id": "demo-ecs-node-role-147f1a4420240911140723863100000004-2024091114072476020000000a",
            "policy_arn": "arn:aws:iam::aws:policy/CloudWatchLogsFullAccess",
            "role": "demo-ecs-node-role-147f1a4420240911140723863100000004"
          },
          "sensitive_attributes": [],
          "private": "bnVsbA==",
          "dependencies": [
            "module.ecs_node_role.aws_iam_role.ecs_node_role",
            "module.ecs_node_role.data.aws_iam_policy_document.ecs_node_doc",
            "random_id.unique"
          ]
        }
      ]
    },
    {
      "module": "module.ecs_node_role",
      "mode": "managed",
      "type": "aws_iam_role_policy_attachment",
      "name": "ecs_ecr_policy",
      "provider": "provider[\"registry.terraform.io/hashicorp/aws\"]",
      "instances": [
        {
          "schema_version": 0,
          "attributes": {
            "id": "demo-ecs-node-role-147f1a4420240911140723863100000004-2024091114072476690000000b",
            "policy_arn": "arn:aws:iam::010575877879:policy/demo-ecs-node-role-147f1a44-ecr-policy",
            "role": "demo-ecs-node-role-147f1a4420240911140723863100000004"
          },
          "sensitive_attributes": [],
          "private": "bnVsbA==",
          "dependencies": [
            "module.ecs_node_role.aws_iam_policy.ecr_policy",
            "module.ecs_node_role.aws_iam_role.ecs_node_role",
            "module.ecs_node_role.data.aws_iam_policy_document.ecr_policy",
            "module.ecs_node_role.data.aws_iam_policy_document.ecs_node_doc",
            "random_id.unique"
          ]
        }
      ]
    },
    {
      "module": "module.ecs_node_role",
      "mode": "managed",
      "type": "aws_iam_role_policy_attachment",
      "name": "ecs_exec_cloudwatch_policy",
      "provider": "provider[\"registry.terraform.io/hashicorp/aws\"]",
      "instances": [
        {
          "schema_version": 0,
          "attributes": {
            "id": "demo-ecs-node-role-147f1a44-exec20240911140722913900000003-20240911140724321100000006",
            "policy_arn": "arn:aws:iam::010575877879:policy/demo-ecs-node-role-147f1a44-cloudwatch-logs-policy",
            "role": "demo-ecs-node-role-147f1a44-exec20240911140722913900000003"
          },
          "sensitive_attributes": [],
          "private": "bnVsbA==",
          "dependencies": [
            "module.ecs_node_role.aws_iam_policy.cloudwatch_logs_policy",
            "module.ecs_node_role.aws_iam_role.ecs_exec_role",
            "module.ecs_node_role.data.aws_iam_policy_document.cloudwatch_logs_policy",
            "random_id.unique"
          ]
        }
      ]
    },
    {
      "module": "module.ecs_node_role",
      "mode": "managed",
      "type": "aws_iam_role_policy_attachment",
      "name": "ecs_exec_role_policy",
      "provider": "provider[\"registry.terraform.io/hashicorp/aws\"]",
      "instances": [
        {
          "schema_version": 0,
          "attributes": {
            "id": "demo-ecs-node-role-147f1a44-exec20240911140722913900000003-20240911140724324400000007",
            "policy_arn": "arn:aws:iam::aws:policy/service-role/AmazonECSTaskExecutionRolePolicy",
            "role": "demo-ecs-node-role-147f1a44-exec20240911140722913900000003"
          },
          "sensitive_attributes": [],
          "private": "bnVsbA==",
          "dependencies": [
            "module.ecs_node_role.aws_iam_role.ecs_exec_role",
            "random_id.unique"
          ]
        }
      ]
    },
    {
      "module": "module.ecs_node_role",
      "mode": "managed",
      "type": "aws_iam_role_policy_attachment",
      "name": "ecs_node_role_policy",
      "provider": "provider[\"registry.terraform.io/hashicorp/aws\"]",
      "instances": [
        {
          "schema_version": 0,
          "attributes": {
            "id": "demo-ecs-node-role-147f1a4420240911140723863100000004-20240911140724749800000009",
            "policy_arn": "arn:aws:iam::aws:policy/service-role/AmazonEC2ContainerServiceforEC2Role",
            "role": "demo-ecs-node-role-147f1a4420240911140723863100000004"
          },
          "sensitive_attributes": [],
          "private": "bnVsbA==",
          "dependencies": [
            "module.ecs_node_role.aws_iam_role.ecs_node_role",
            "module.ecs_node_role.data.aws_iam_policy_document.ecs_node_doc",
            "random_id.unique"
          ]
        }
      ]
    },
    {
      "module": "module.ecs_node_role",
      "mode": "managed",
      "type": "aws_iam_role_policy_attachment",
      "name": "ecs_ssm_policy",
      "provider": "provider[\"registry.terraform.io/hashicorp/aws\"]",
      "instances": [
        {
          "schema_version": 0,
          "attributes": {
            "id": "demo-ecs-node-role-147f1a4420240911140723863100000004-20240911175947394000000001",
            "policy_arn": "arn:aws:iam::aws:policy/AmazonSSMManagedInstanceCore",
            "role": "demo-ecs-node-role-147f1a4420240911140723863100000004"
          },
          "sensitive_attributes": [],
          "private": "bnVsbA==",
          "dependencies": [
            "module.ecs_node_role.aws_iam_role.ecs_node_role",
            "module.ecs_node_role.data.aws_iam_policy_document.ecs_node_doc",
            "random_id.unique"
          ]
        }
      ]
    },
    {
      "module": "module.ecs_task_definition",
      "mode": "managed",
      "type": "aws_ecs_task_definition",
      "name": "app",
      "provider": "provider[\"registry.terraform.io/hashicorp/aws\"]",
      "instances": [
        {
          "schema_version": 1,
          "attributes": {
            "arn": "arn:aws:ecs:us-east-1:010575877879:task-definition/nginx-task-147f1a44:1",
            "arn_without_revision": "arn:aws:ecs:us-east-1:010575877879:task-definition/nginx-task-147f1a44",
            "container_definitions": "[{\"cpu\":128,\"environment\":[],\"essential\":true,\"image\":\"nginx:latest\",\"links\":[\"nginx-nodejs\"],\"logConfiguration\":{\"logDriver\":\"awslogs\",\"options\":{\"awslogs-group\":\"ecs-logs-147f1a44\",\"awslogs-region\":\"us-east-1\",\"awslogs-stream-prefix\":\"nginx\"}},\"memory\":128,\"mountPoints\":[{\"containerPath\":\"/etc/nginx/nginx.conf\",\"readOnly\":true,\"sourceVolume\":\"nginx-config\"}],\"name\":\"nginx-nginx\",\"portMappings\":[{\"containerPort\":80,\"hostPort\":80,\"protocol\":\"tcp\"}],\"systemControls\":[],\"volumesFrom\":[]},{\"cpu\":128,\"environment\":[{\"name\":\"NODE_PORT\",\"value\":\"3000\"}],\"essential\":true,\"image\":\"node:latest\",\"logConfiguration\":{\"logDriver\":\"awslogs\",\"options\":{\"awslogs-group\":\"ecs-logs-147f1a44\",\"awslogs-region\":\"us-east-1\",\"awslogs-stream-prefix\":\"nodejs\"}},\"memory\":128,\"mountPoints\":[],\"name\":\"nginx-nodejs\",\"portMappings\":[{\"containerPort\":3000,\"hostPort\":3000,\"protocol\":\"tcp\"}],\"systemControls\":[],\"volumesFrom\":[]}]",
            "cpu": "256",
            "ephemeral_storage": [],
            "execution_role_arn": "arn:aws:iam::010575877879:role/demo-ecs-exec-role-147f1a4420240911140722912900000002",
            "family": "nginx-task-147f1a44",
            "id": "nginx-task-147f1a44",
            "inference_accelerator": [],
            "ipc_mode": "",
            "memory": "256",
            "network_mode": "bridge",
            "pid_mode": "",
            "placement_constraints": [],
            "proxy_configuration": [],
            "requires_compatibilities": [
              "EC2"
            ],
            "revision": 1,
            "runtime_platform": [],
            "skip_destroy": false,
            "tags": {},
            "tags_all": {},
            "task_role_arn": "arn:aws:iam::010575877879:role/demo-ecs-task-role-147f1a4420240911140722912300000001",
            "track_latest": false,
            "volume": [
              {
                "configure_at_launch": false,
                "docker_volume_configuration": [],
                "efs_volume_configuration": [],
                "fsx_windows_file_server_volume_configuration": [],
                "host_path": "modules/ecs_task_definition/nginx.conf",
                "name": "nginx-config"
              }
            ]
          },
          "sensitive_attributes": [],
          "private": "eyJzY2hlbWFfdmVyc2lvbiI6IjEifQ==",
          "dependencies": [
            "aws_cloudwatch_log_group.ecs_logs",
            "module.cloudwatch_logs.aws_cloudwatch_log_group.ecs",
            "module.cloudwatch_logs.aws_cloudwatch_log_stream.nginx",
            "module.cloudwatch_logs.aws_cloudwatch_log_stream.nodejs",
            "module.ecs_task_role.aws_iam_role.ecs_exec_role",
            "module.ecs_task_role.aws_iam_role.ecs_task_role",
            "module.ecs_task_role.aws_iam_role_policy_attachment.ecs_exec_role_policy",
            "random_id.unique"
          ]
        }
      ]
    },
    {
      "module": "module.ecs_task_role",
      "mode": "managed",
      "type": "aws_iam_role",
      "name": "ecs_exec_role",
      "provider": "provider[\"registry.terraform.io/hashicorp/aws\"]",
      "instances": [
        {
          "schema_version": 0,
          "attributes": {
            "arn": "arn:aws:iam::010575877879:role/demo-ecs-exec-role-147f1a4420240911140722912900000002",
            "assume_role_policy": "{\"Statement\":[{\"Action\":\"sts:AssumeRole\",\"Effect\":\"Allow\",\"Principal\":{\"Service\":\"ecs-tasks.amazonaws.com\"}}],\"Version\":\"2012-10-17\"}",
            "create_date": "2024-09-11T14:07:23Z",
            "description": "",
            "force_detach_policies": false,
            "id": "demo-ecs-exec-role-147f1a4420240911140722912900000002",
            "inline_policy": [],
            "managed_policy_arns": [
              "arn:aws:iam::aws:policy/service-role/AmazonECSTaskExecutionRolePolicy"
            ],
            "max_session_duration": 3600,
            "name": "demo-ecs-exec-role-147f1a4420240911140722912900000002",
            "name_prefix": "demo-ecs-exec-role-147f1a44",
            "path": "/",
            "permissions_boundary": "",
            "tags": {},
            "tags_all": {},
            "unique_id": "AROAQE5S7C33WVMJYD2JO"
          },
          "sensitive_attributes": [],
          "private": "bnVsbA==",
          "dependencies": [
            "random_id.unique"
          ]
        }
      ]
    },
    {
      "module": "module.ecs_task_role",
      "mode": "managed",
      "type": "aws_iam_role",
      "name": "ecs_task_role",
      "provider": "provider[\"registry.terraform.io/hashicorp/aws\"]",
      "instances": [
        {
          "schema_version": 0,
          "attributes": {
            "arn": "arn:aws:iam::010575877879:role/demo-ecs-task-role-147f1a4420240911140722912300000001",
            "assume_role_policy": "{\"Statement\":[{\"Action\":\"sts:AssumeRole\",\"Effect\":\"Allow\",\"Principal\":{\"Service\":\"ecs-tasks.amazonaws.com\"}}],\"Version\":\"2012-10-17\"}",
            "create_date": "2024-09-11T14:07:23Z",
            "description": "",
            "force_detach_policies": false,
            "id": "demo-ecs-task-role-147f1a4420240911140722912300000001",
            "inline_policy": [],
            "managed_policy_arns": [],
            "max_session_duration": 3600,
            "name": "demo-ecs-task-role-147f1a4420240911140722912300000001",
            "name_prefix": "demo-ecs-task-role-147f1a44",
            "path": "/",
            "permissions_boundary": "",
            "tags": {},
            "tags_all": {},
            "unique_id": "AROAQE5S7C33TASIUUAUE"
          },
          "sensitive_attributes": [],
          "private": "bnVsbA==",
          "dependencies": [
            "random_id.unique"
          ]
        }
      ]
    },
    {
      "module": "module.ecs_task_role",
      "mode": "managed",
      "type": "aws_iam_role_policy_attachment",
      "name": "ecs_exec_role_policy",
      "provider": "provider[\"registry.terraform.io/hashicorp/aws\"]",
      "instances": [
        {
          "schema_version": 0,
          "attributes": {
            "id": "demo-ecs-exec-role-147f1a4420240911140722912900000002-20240911140724306100000005",
            "policy_arn": "arn:aws:iam::aws:policy/service-role/AmazonECSTaskExecutionRolePolicy",
            "role": "demo-ecs-exec-role-147f1a4420240911140722912900000002"
          },
          "sensitive_attributes": [],
          "private": "bnVsbA==",
          "dependencies": [
            "module.ecs_task_role.aws_iam_role.ecs_exec_role",
            "random_id.unique"
          ]
        }
      ]
    }
  ],
  "check_results": null
}
